
Microsoft Visual Studio Solution File, Format Version 12.00
# Visual Studio 2013
VisualStudioVersion = 12.0.31101.0
MinimumVisualStudioVersion = 10.0.40219.1
Project("{2150E333-8FDC-42A3-9474-1A3956D46DE8}") = "common", "common", "{60EC42E9-D79B-4ADF-8F80-4DCD580061FD}"
	ProjectSection(SolutionItems) = preProject
		src\CommonAssemblyInfo.cs = src\CommonAssemblyInfo.cs
		src\CommonAssemblyInfo.Pack.cs = src\CommonAssemblyInfo.Pack.cs
	EndProjectSection
EndProject
Project("{2150E333-8FDC-42A3-9474-1A3956D46DE8}") = "src", "src", "{1BD5D488-707E-4030-8AE8-80D93D04963F}"
EndProject
Project("{2150E333-8FDC-42A3-9474-1A3956D46DE8}") = "test", "test", "{87A17015-9338-431E-B338-57BDA03984C1}"
EndProject
Project("{2150E333-8FDC-42A3-9474-1A3956D46DE8}") = ".NET45", ".NET45", "{DDA4827C-7960-4CA6-AE41-8C1544DCFBE9}"
EndProject
Project("{2150E333-8FDC-42A3-9474-1A3956D46DE8}") = ".nuget", ".nuget", "{DB9CF5EC-73DA-4AEB-BC6B-AF4260009E8B}"
	ProjectSection(SolutionItems) = preProject
		.nuget\NuGet.exe = .nuget\NuGet.exe
		.nuget\NuGet.targets = .nuget\NuGet.targets
	EndProjectSection
EndProject
Project("{2150E333-8FDC-42A3-9474-1A3956D46DE8}") = ".NET40", ".NET40", "{607B80A8-BB85-4DCC-B378-8864804168B9}"
EndProject
Project("{FAE04EC0-301F-11D3-BF4B-00C04F79EFBC}") = "MsgPack", "src\MsgPack\MsgPack.csproj", "{5BCEC32E-990E-4DE5-945F-BD27326A7418}"
EndProject
Project("{FAE04EC0-301F-11D3-BF4B-00C04F79EFBC}") = "MsgPack.UnitTest", "test\MsgPack.UnitTest\MsgPack.UnitTest.csproj", "{3889C9BE-0473-4B41-80E8-C4C923E837E7}"
EndProject
Project("{FAE04EC0-301F-11D3-BF4B-00C04F79EFBC}") = "MsgPack.NUnitPortable", "test\MsgPack.NUnitPortable\MsgPack.NUnitPortable.csproj", "{FC521316-EBCD-4EF1-8235-C976B2A31EB0}"
EndProject
Project("{FAE04EC0-301F-11D3-BF4B-00C04F79EFBC}") = "MsgPack.UnitTest.CodeDom", "test\MsgPack.UnitTest.CodeDom\MsgPack.UnitTest.CodeDom.csproj", "{23F8ABB1-F41A-4150-B5D5-9A7AA60E05D2}"
EndProject
Project("{FAE04EC0-301F-11D3-BF4B-00C04F79EFBC}") = "MsgPack.Net40", "src\MsgPack.Net40\MsgPack.Net40.csproj", "{D45D4CBE-AFE7-4E2A-945D-47AED564C39D}"
EndProject
Project("{FAE04EC0-301F-11D3-BF4B-00C04F79EFBC}") = "MsgPack.UnitTest.BclExtensions", "test\MsgPack.UnitTest.BclExtensions\MsgPack.UnitTest.BclExtensions.csproj", "{DB3ED6D2-D27F-4E8F-AFE2-5503113216AC}"
EndProject
Project("{2150E333-8FDC-42A3-9474-1A3956D46DE8}") = "samples", "samples", "{7D2D3DAB-6EB6-463D-B186-E875DA48DF9F}"
EndProject
Project("{FAE04EC0-301F-11D3-BF4B-00C04F79EFBC}") = "Samples", "samples\Samples\Samples.csproj", "{7F8D9786-383D-4441-8A3A-5E305E26B965}"
EndProject
Project("{2150E333-8FDC-42A3-9474-1A3956D46DE8}") = "CLR", "CLR", "{AF25D7E8-2F55-4431-BCE1-7C3E3C0E74E1}"
EndProject
Project("{2150E333-8FDC-42A3-9474-1A3956D46DE8}") = "_common", "_common", "{EACF1BF1-CB21-4D62-942C-3488F60B8D70}"
EndProject
Global
	GlobalSection(SolutionConfigurationPlatforms) = preSolution
		CodeAnalysis|Any CPU = CodeAnalysis|Any CPU
		CodeAnalysis|ARM = CodeAnalysis|ARM
		CodeAnalysis|Mixed Platforms = CodeAnalysis|Mixed Platforms
		CodeAnalysis|x64 = CodeAnalysis|x64
		CodeAnalysis|x86 = CodeAnalysis|x86
		Debug|Any CPU = Debug|Any CPU
		Debug|ARM = Debug|ARM
		Debug|Mixed Platforms = Debug|Mixed Platforms
		Debug|x64 = Debug|x64
		Debug|x86 = Debug|x86
		PerformanceTest|Any CPU = PerformanceTest|Any CPU
		PerformanceTest|ARM = PerformanceTest|ARM
		PerformanceTest|Mixed Platforms = PerformanceTest|Mixed Platforms
		PerformanceTest|x64 = PerformanceTest|x64
		PerformanceTest|x86 = PerformanceTest|x86
		Release|Any CPU = Release|Any CPU
		Release|ARM = Release|ARM
		Release|Mixed Platforms = Release|Mixed Platforms
		Release|x64 = Release|x64
		Release|x86 = Release|x86
	EndGlobalSection
	GlobalSection(ProjectConfigurationPlatforms) = postSolution
		{5BCEC32E-990E-4DE5-945F-BD27326A7418}.CodeAnalysis|Any CPU.ActiveCfg = CodeAnalysis|Any CPU
		{5BCEC32E-990E-4DE5-945F-BD27326A7418}.CodeAnalysis|Any CPU.Build.0 = CodeAnalysis|Any CPU
		{5BCEC32E-990E-4DE5-945F-BD27326A7418}.CodeAnalysis|ARM.ActiveCfg = CodeAnalysis|Any CPU
		{5BCEC32E-990E-4DE5-945F-BD27326A7418}.CodeAnalysis|Mixed Platforms.ActiveCfg = CodeAnalysis|Any CPU
		{5BCEC32E-990E-4DE5-945F-BD27326A7418}.CodeAnalysis|Mixed Platforms.Build.0 = CodeAnalysis|Any CPU
		{5BCEC32E-990E-4DE5-945F-BD27326A7418}.CodeAnalysis|x64.ActiveCfg = CodeAnalysis|Any CPU
		{5BCEC32E-990E-4DE5-945F-BD27326A7418}.CodeAnalysis|x86.ActiveCfg = CodeAnalysis|Any CPU
		{5BCEC32E-990E-4DE5-945F-BD27326A7418}.Debug|Any CPU.ActiveCfg = Debug|Any CPU
		{5BCEC32E-990E-4DE5-945F-BD27326A7418}.Debug|Any CPU.Build.0 = Debug|Any CPU
		{5BCEC32E-990E-4DE5-945F-BD27326A7418}.Debug|ARM.ActiveCfg = Debug|Any CPU
		{5BCEC32E-990E-4DE5-945F-BD27326A7418}.Debug|Mixed Platforms.ActiveCfg = Debug|Any CPU
		{5BCEC32E-990E-4DE5-945F-BD27326A7418}.Debug|Mixed Platforms.Build.0 = Debug|Any CPU
		{5BCEC32E-990E-4DE5-945F-BD27326A7418}.Debug|x64.ActiveCfg = Debug|Any CPU
		{5BCEC32E-990E-4DE5-945F-BD27326A7418}.Debug|x86.ActiveCfg = Debug|Any CPU
		{5BCEC32E-990E-4DE5-945F-BD27326A7418}.PerformanceTest|Any CPU.ActiveCfg = PerformanceTest|Any CPU
		{5BCEC32E-990E-4DE5-945F-BD27326A7418}.PerformanceTest|Any CPU.Build.0 = PerformanceTest|Any CPU
		{5BCEC32E-990E-4DE5-945F-BD27326A7418}.PerformanceTest|ARM.ActiveCfg = PerformanceTest|Any CPU
		{5BCEC32E-990E-4DE5-945F-BD27326A7418}.PerformanceTest|Mixed Platforms.ActiveCfg = PerformanceTest|Any CPU
		{5BCEC32E-990E-4DE5-945F-BD27326A7418}.PerformanceTest|Mixed Platforms.Build.0 = PerformanceTest|Any CPU
		{5BCEC32E-990E-4DE5-945F-BD27326A7418}.PerformanceTest|x64.ActiveCfg = PerformanceTest|Any CPU
		{5BCEC32E-990E-4DE5-945F-BD27326A7418}.PerformanceTest|x86.ActiveCfg = PerformanceTest|Any CPU
		{5BCEC32E-990E-4DE5-945F-BD27326A7418}.Release|Any CPU.ActiveCfg = Release|Any CPU
		{5BCEC32E-990E-4DE5-945F-BD27326A7418}.Release|Any CPU.Build.0 = Release|Any CPU
		{5BCEC32E-990E-4DE5-945F-BD27326A7418}.Release|ARM.ActiveCfg = Release|Any CPU
		{5BCEC32E-990E-4DE5-945F-BD27326A7418}.Release|Mixed Platforms.ActiveCfg = Release|Any CPU
		{5BCEC32E-990E-4DE5-945F-BD27326A7418}.Release|Mixed Platforms.Build.0 = Release|Any CPU
		{5BCEC32E-990E-4DE5-945F-BD27326A7418}.Release|x64.ActiveCfg = Release|Any CPU
		{5BCEC32E-990E-4DE5-945F-BD27326A7418}.Release|x86.ActiveCfg = Release|Any CPU
		{3889C9BE-0473-4B41-80E8-C4C923E837E7}.CodeAnalysis|Any CPU.ActiveCfg = CodeAnalysis|Any CPU
		{3889C9BE-0473-4B41-80E8-C4C923E837E7}.CodeAnalysis|ARM.ActiveCfg = CodeAnalysis|Any CPU
		{3889C9BE-0473-4B41-80E8-C4C923E837E7}.CodeAnalysis|Mixed Platforms.ActiveCfg = CodeAnalysis|Any CPU
		{3889C9BE-0473-4B41-80E8-C4C923E837E7}.CodeAnalysis|x64.ActiveCfg = CodeAnalysis|Any CPU
		{3889C9BE-0473-4B41-80E8-C4C923E837E7}.CodeAnalysis|x86.ActiveCfg = CodeAnalysis|Any CPU
		{3889C9BE-0473-4B41-80E8-C4C923E837E7}.Debug|Any CPU.ActiveCfg = Debug|Any CPU
		{3889C9BE-0473-4B41-80E8-C4C923E837E7}.Debug|Any CPU.Build.0 = Debug|Any CPU
		{3889C9BE-0473-4B41-80E8-C4C923E837E7}.Debug|ARM.ActiveCfg = Debug|Any CPU
		{3889C9BE-0473-4B41-80E8-C4C923E837E7}.Debug|Mixed Platforms.ActiveCfg = Debug|Any CPU
		{3889C9BE-0473-4B41-80E8-C4C923E837E7}.Debug|Mixed Platforms.Build.0 = Debug|Any CPU
		{3889C9BE-0473-4B41-80E8-C4C923E837E7}.Debug|x64.ActiveCfg = Debug|Any CPU
		{3889C9BE-0473-4B41-80E8-C4C923E837E7}.Debug|x86.ActiveCfg = Debug|Any CPU
		{3889C9BE-0473-4B41-80E8-C4C923E837E7}.PerformanceTest|Any CPU.ActiveCfg = PerformanceTest|Any CPU
		{3889C9BE-0473-4B41-80E8-C4C923E837E7}.PerformanceTest|Any CPU.Build.0 = PerformanceTest|Any CPU
		{3889C9BE-0473-4B41-80E8-C4C923E837E7}.PerformanceTest|ARM.ActiveCfg = PerformanceTest|Any CPU
		{3889C9BE-0473-4B41-80E8-C4C923E837E7}.PerformanceTest|Mixed Platforms.ActiveCfg = PerformanceTest|Any CPU
		{3889C9BE-0473-4B41-80E8-C4C923E837E7}.PerformanceTest|Mixed Platforms.Build.0 = PerformanceTest|Any CPU
		{3889C9BE-0473-4B41-80E8-C4C923E837E7}.PerformanceTest|x64.ActiveCfg = PerformanceTest|Any CPU
		{3889C9BE-0473-4B41-80E8-C4C923E837E7}.PerformanceTest|x86.ActiveCfg = PerformanceTest|Any CPU
		{3889C9BE-0473-4B41-80E8-C4C923E837E7}.Release|Any CPU.ActiveCfg = Release|Any CPU
		{3889C9BE-0473-4B41-80E8-C4C923E837E7}.Release|ARM.ActiveCfg = Release|Any CPU
		{3889C9BE-0473-4B41-80E8-C4C923E837E7}.Release|Mixed Platforms.ActiveCfg = Release|Any CPU
		{3889C9BE-0473-4B41-80E8-C4C923E837E7}.Release|x64.ActiveCfg = Release|Any CPU
		{3889C9BE-0473-4B41-80E8-C4C923E837E7}.Release|x86.ActiveCfg = Release|Any CPU
		{FC521316-EBCD-4EF1-8235-C976B2A31EB0}.CodeAnalysis|Any CPU.ActiveCfg = Release|Any CPU
		{FC521316-EBCD-4EF1-8235-C976B2A31EB0}.CodeAnalysis|ARM.ActiveCfg = Release|Any CPU
		{FC521316-EBCD-4EF1-8235-C976B2A31EB0}.CodeAnalysis|Mixed Platforms.ActiveCfg = Debug|Any CPU
		{FC521316-EBCD-4EF1-8235-C976B2A31EB0}.CodeAnalysis|x64.ActiveCfg = Release|Any CPU
		{FC521316-EBCD-4EF1-8235-C976B2A31EB0}.CodeAnalysis|x86.ActiveCfg = Release|Any CPU
		{FC521316-EBCD-4EF1-8235-C976B2A31EB0}.Debug|Any CPU.ActiveCfg = Debug|Any CPU
		{FC521316-EBCD-4EF1-8235-C976B2A31EB0}.Debug|Any CPU.Build.0 = Debug|Any CPU
		{FC521316-EBCD-4EF1-8235-C976B2A31EB0}.Debug|ARM.ActiveCfg = Debug|Any CPU
		{FC521316-EBCD-4EF1-8235-C976B2A31EB0}.Debug|Mixed Platforms.ActiveCfg = Debug|Any CPU
		{FC521316-EBCD-4EF1-8235-C976B2A31EB0}.Debug|Mixed Platforms.Build.0 = Debug|Any CPU
		{FC521316-EBCD-4EF1-8235-C976B2A31EB0}.Debug|x64.ActiveCfg = Debug|Any CPU
		{FC521316-EBCD-4EF1-8235-C976B2A31EB0}.Debug|x86.ActiveCfg = Debug|Any CPU
		{FC521316-EBCD-4EF1-8235-C976B2A31EB0}.PerformanceTest|Any CPU.ActiveCfg = Release|Any CPU
		{FC521316-EBCD-4EF1-8235-C976B2A31EB0}.PerformanceTest|ARM.ActiveCfg = Release|Any CPU
		{FC521316-EBCD-4EF1-8235-C976B2A31EB0}.PerformanceTest|Mixed Platforms.ActiveCfg = Debug|Any CPU
		{FC521316-EBCD-4EF1-8235-C976B2A31EB0}.PerformanceTest|x64.ActiveCfg = Release|Any CPU
		{FC521316-EBCD-4EF1-8235-C976B2A31EB0}.PerformanceTest|x86.ActiveCfg = Release|Any CPU
		{FC521316-EBCD-4EF1-8235-C976B2A31EB0}.Release|Any CPU.ActiveCfg = Release|Any CPU
		{FC521316-EBCD-4EF1-8235-C976B2A31EB0}.Release|ARM.ActiveCfg = Release|Any CPU
		{FC521316-EBCD-4EF1-8235-C976B2A31EB0}.Release|Mixed Platforms.ActiveCfg = Release|Any CPU
		{FC521316-EBCD-4EF1-8235-C976B2A31EB0}.Release|x64.ActiveCfg = Release|Any CPU
		{FC521316-EBCD-4EF1-8235-C976B2A31EB0}.Release|x86.ActiveCfg = Release|Any CPU
		{23F8ABB1-F41A-4150-B5D5-9A7AA60E05D2}.CodeAnalysis|Any CPU.ActiveCfg = Release|Any CPU
		{23F8ABB1-F41A-4150-B5D5-9A7AA60E05D2}.CodeAnalysis|ARM.ActiveCfg = Release|Any CPU
		{23F8ABB1-F41A-4150-B5D5-9A7AA60E05D2}.CodeAnalysis|Mixed Platforms.ActiveCfg = Debug|Any CPU
		{23F8ABB1-F41A-4150-B5D5-9A7AA60E05D2}.CodeAnalysis|x64.ActiveCfg = Release|Any CPU
		{23F8ABB1-F41A-4150-B5D5-9A7AA60E05D2}.CodeAnalysis|x86.ActiveCfg = Release|Any CPU
		{23F8ABB1-F41A-4150-B5D5-9A7AA60E05D2}.Debug|Any CPU.ActiveCfg = Debug|Any CPU
		{23F8ABB1-F41A-4150-B5D5-9A7AA60E05D2}.Debug|Any CPU.Build.0 = Debug|Any CPU
		{23F8ABB1-F41A-4150-B5D5-9A7AA60E05D2}.Debug|ARM.ActiveCfg = Debug|Any CPU
		{23F8ABB1-F41A-4150-B5D5-9A7AA60E05D2}.Debug|Mixed Platforms.ActiveCfg = Debug|Any CPU
		{23F8ABB1-F41A-4150-B5D5-9A7AA60E05D2}.Debug|Mixed Platforms.Build.0 = Debug|Any CPU
		{23F8ABB1-F41A-4150-B5D5-9A7AA60E05D2}.Debug|x64.ActiveCfg = Debug|Any CPU
		{23F8ABB1-F41A-4150-B5D5-9A7AA60E05D2}.Debug|x86.ActiveCfg = Debug|Any CPU
		{23F8ABB1-F41A-4150-B5D5-9A7AA60E05D2}.PerformanceTest|Any CPU.ActiveCfg = Release|Any CPU
		{23F8ABB1-F41A-4150-B5D5-9A7AA60E05D2}.PerformanceTest|ARM.ActiveCfg = Release|Any CPU
		{23F8ABB1-F41A-4150-B5D5-9A7AA60E05D2}.PerformanceTest|Mixed Platforms.ActiveCfg = Debug|Any CPU
		{23F8ABB1-F41A-4150-B5D5-9A7AA60E05D2}.PerformanceTest|x64.ActiveCfg = Release|Any CPU
		{23F8ABB1-F41A-4150-B5D5-9A7AA60E05D2}.PerformanceTest|x86.ActiveCfg = Release|Any CPU
		{23F8ABB1-F41A-4150-B5D5-9A7AA60E05D2}.Release|Any CPU.ActiveCfg = Release|Any CPU
		{23F8ABB1-F41A-4150-B5D5-9A7AA60E05D2}.Release|ARM.ActiveCfg = Release|Any CPU
		{23F8ABB1-F41A-4150-B5D5-9A7AA60E05D2}.Release|Mixed Platforms.ActiveCfg = Release|Any CPU
		{23F8ABB1-F41A-4150-B5D5-9A7AA60E05D2}.Release|x64.ActiveCfg = Release|Any CPU
		{23F8ABB1-F41A-4150-B5D5-9A7AA60E05D2}.Release|x86.ActiveCfg = Release|Any CPU
		{D45D4CBE-AFE7-4E2A-945D-47AED564C39D}.CodeAnalysis|Any CPU.ActiveCfg = Release|Any CPU
		{D45D4CBE-AFE7-4E2A-945D-47AED564C39D}.CodeAnalysis|ARM.ActiveCfg = Release|Any CPU
		{D45D4CBE-AFE7-4E2A-945D-47AED564C39D}.CodeAnalysis|Mixed Platforms.ActiveCfg = Debug|Any CPU
		{D45D4CBE-AFE7-4E2A-945D-47AED564C39D}.CodeAnalysis|x64.ActiveCfg = Release|Any CPU
		{D45D4CBE-AFE7-4E2A-945D-47AED564C39D}.CodeAnalysis|x86.ActiveCfg = Release|Any CPU
		{D45D4CBE-AFE7-4E2A-945D-47AED564C39D}.Debug|Any CPU.ActiveCfg = Debug|Any CPU
		{D45D4CBE-AFE7-4E2A-945D-47AED564C39D}.Debug|Any CPU.Build.0 = Debug|Any CPU
		{D45D4CBE-AFE7-4E2A-945D-47AED564C39D}.Debug|ARM.ActiveCfg = Debug|Any CPU
		{D45D4CBE-AFE7-4E2A-945D-47AED564C39D}.Debug|Mixed Platforms.ActiveCfg = Debug|Any CPU
		{D45D4CBE-AFE7-4E2A-945D-47AED564C39D}.Debug|Mixed Platforms.Build.0 = Debug|Any CPU
		{D45D4CBE-AFE7-4E2A-945D-47AED564C39D}.Debug|x64.ActiveCfg = Debug|Any CPU
		{D45D4CBE-AFE7-4E2A-945D-47AED564C39D}.Debug|x86.ActiveCfg = Debug|Any CPU
		{D45D4CBE-AFE7-4E2A-945D-47AED564C39D}.PerformanceTest|Any CPU.ActiveCfg = Release|Any CPU
		{D45D4CBE-AFE7-4E2A-945D-47AED564C39D}.PerformanceTest|ARM.ActiveCfg = Release|Any CPU
		{D45D4CBE-AFE7-4E2A-945D-47AED564C39D}.PerformanceTest|Mixed Platforms.ActiveCfg = Debug|Any CPU
		{D45D4CBE-AFE7-4E2A-945D-47AED564C39D}.PerformanceTest|x64.ActiveCfg = Release|Any CPU
		{D45D4CBE-AFE7-4E2A-945D-47AED564C39D}.PerformanceTest|x86.ActiveCfg = Release|Any CPU
		{D45D4CBE-AFE7-4E2A-945D-47AED564C39D}.Release|Any CPU.ActiveCfg = Release|Any CPU
		{D45D4CBE-AFE7-4E2A-945D-47AED564C39D}.Release|Any CPU.Build.0 = Release|Any CPU
		{D45D4CBE-AFE7-4E2A-945D-47AED564C39D}.Release|ARM.ActiveCfg = Release|Any CPU
		{D45D4CBE-AFE7-4E2A-945D-47AED564C39D}.Release|Mixed Platforms.ActiveCfg = Release|Any CPU
		{D45D4CBE-AFE7-4E2A-945D-47AED564C39D}.Release|Mixed Platforms.Build.0 = Release|Any CPU
		{D45D4CBE-AFE7-4E2A-945D-47AED564C39D}.Release|x64.ActiveCfg = Release|Any CPU
		{D45D4CBE-AFE7-4E2A-945D-47AED564C39D}.Release|x86.ActiveCfg = Release|Any CPU
		{DB3ED6D2-D27F-4E8F-AFE2-5503113216AC}.CodeAnalysis|Any CPU.ActiveCfg = Release|Any CPU
		{DB3ED6D2-D27F-4E8F-AFE2-5503113216AC}.CodeAnalysis|ARM.ActiveCfg = Release|Any CPU
		{DB3ED6D2-D27F-4E8F-AFE2-5503113216AC}.CodeAnalysis|Mixed Platforms.ActiveCfg = Debug|Any CPU
		{DB3ED6D2-D27F-4E8F-AFE2-5503113216AC}.CodeAnalysis|x64.ActiveCfg = Release|Any CPU
		{DB3ED6D2-D27F-4E8F-AFE2-5503113216AC}.CodeAnalysis|x86.ActiveCfg = Release|Any CPU
		{DB3ED6D2-D27F-4E8F-AFE2-5503113216AC}.Debug|Any CPU.ActiveCfg = Debug|Any CPU
		{DB3ED6D2-D27F-4E8F-AFE2-5503113216AC}.Debug|Any CPU.Build.0 = Debug|Any CPU
		{DB3ED6D2-D27F-4E8F-AFE2-5503113216AC}.Debug|ARM.ActiveCfg = Debug|Any CPU
		{DB3ED6D2-D27F-4E8F-AFE2-5503113216AC}.Debug|Mixed Platforms.ActiveCfg = Debug|Any CPU
		{DB3ED6D2-D27F-4E8F-AFE2-5503113216AC}.Debug|Mixed Platforms.Build.0 = Debug|Any CPU
		{DB3ED6D2-D27F-4E8F-AFE2-5503113216AC}.Debug|x64.ActiveCfg = Debug|Any CPU
		{DB3ED6D2-D27F-4E8F-AFE2-5503113216AC}.Debug|x86.ActiveCfg = Debug|Any CPU
		{DB3ED6D2-D27F-4E8F-AFE2-5503113216AC}.PerformanceTest|Any CPU.ActiveCfg = Release|Any CPU
		{DB3ED6D2-D27F-4E8F-AFE2-5503113216AC}.PerformanceTest|ARM.ActiveCfg = Release|Any CPU
		{DB3ED6D2-D27F-4E8F-AFE2-5503113216AC}.PerformanceTest|Mixed Platforms.ActiveCfg = Debug|Any CPU
		{DB3ED6D2-D27F-4E8F-AFE2-5503113216AC}.PerformanceTest|x64.ActiveCfg = Release|Any CPU
		{DB3ED6D2-D27F-4E8F-AFE2-5503113216AC}.PerformanceTest|x86.ActiveCfg = Release|Any CPU
		{DB3ED6D2-D27F-4E8F-AFE2-5503113216AC}.Release|Any CPU.ActiveCfg = Release|Any CPU
		{DB3ED6D2-D27F-4E8F-AFE2-5503113216AC}.Release|ARM.ActiveCfg = Release|Any CPU
		{DB3ED6D2-D27F-4E8F-AFE2-5503113216AC}.Release|Mixed Platforms.ActiveCfg = Release|Any CPU
		{DB3ED6D2-D27F-4E8F-AFE2-5503113216AC}.Release|x64.ActiveCfg = Release|Any CPU
		{DB3ED6D2-D27F-4E8F-AFE2-5503113216AC}.Release|x86.ActiveCfg = Release|Any CPU
		{7F8D9786-383D-4441-8A3A-5E305E26B965}.CodeAnalysis|Any CPU.ActiveCfg = Release|Any CPU
		{7F8D9786-383D-4441-8A3A-5E305E26B965}.CodeAnalysis|ARM.ActiveCfg = Release|Any CPU
		{7F8D9786-383D-4441-8A3A-5E305E26B965}.CodeAnalysis|Mixed Platforms.ActiveCfg = Debug|Any CPU
		{7F8D9786-383D-4441-8A3A-5E305E26B965}.CodeAnalysis|x64.ActiveCfg = Release|Any CPU
		{7F8D9786-383D-4441-8A3A-5E305E26B965}.CodeAnalysis|x86.ActiveCfg = Release|Any CPU
		{7F8D9786-383D-4441-8A3A-5E305E26B965}.Debug|Any CPU.ActiveCfg = Debug|Any CPU
		{7F8D9786-383D-4441-8A3A-5E305E26B965}.Debug|Any CPU.Build.0 = Debug|Any CPU
		{7F8D9786-383D-4441-8A3A-5E305E26B965}.Debug|ARM.ActiveCfg = Debug|Any CPU
		{7F8D9786-383D-4441-8A3A-5E305E26B965}.Debug|Mixed Platforms.ActiveCfg = Debug|Any CPU
		{7F8D9786-383D-4441-8A3A-5E305E26B965}.Debug|Mixed Platforms.Build.0 = Debug|Any CPU
		{7F8D9786-383D-4441-8A3A-5E305E26B965}.Debug|x64.ActiveCfg = Debug|Any CPU
		{7F8D9786-383D-4441-8A3A-5E305E26B965}.Debug|x86.ActiveCfg = Debug|Any CPU
		{7F8D9786-383D-4441-8A3A-5E305E26B965}.PerformanceTest|Any CPU.ActiveCfg = Release|Any CPU
		{7F8D9786-383D-4441-8A3A-5E305E26B965}.PerformanceTest|ARM.ActiveCfg = Release|Any CPU
		{7F8D9786-383D-4441-8A3A-5E305E26B965}.PerformanceTest|Mixed Platforms.ActiveCfg = Debug|Any CPU
		{7F8D9786-383D-4441-8A3A-5E305E26B965}.PerformanceTest|x64.ActiveCfg = Release|Any CPU
		{7F8D9786-383D-4441-8A3A-5E305E26B965}.PerformanceTest|x86.ActiveCfg = Release|Any CPU
		{7F8D9786-383D-4441-8A3A-5E305E26B965}.Release|Any CPU.ActiveCfg = Release|Any CPU
		{7F8D9786-383D-4441-8A3A-5E305E26B965}.Release|ARM.ActiveCfg = Release|Any CPU
		{7F8D9786-383D-4441-8A3A-5E305E26B965}.Release|Mixed Platforms.ActiveCfg = Release|Any CPU
		{7F8D9786-383D-4441-8A3A-5E305E26B965}.Release|x64.ActiveCfg = Release|Any CPU
		{7F8D9786-383D-4441-8A3A-5E305E26B965}.Release|x86.ActiveCfg = Release|Any CPU
	EndGlobalSection
	GlobalSection(SolutionProperties) = preSolution
		HideSolutionNode = FALSE
	EndGlobalSection
	GlobalSection(NestedProjects) = preSolution
		{DDA4827C-7960-4CA6-AE41-8C1544DCFBE9} = {1BD5D488-707E-4030-8AE8-80D93D04963F}
		{607B80A8-BB85-4DCC-B378-8864804168B9} = {1BD5D488-707E-4030-8AE8-80D93D04963F}
		{5BCEC32E-990E-4DE5-945F-BD27326A7418} = {DDA4827C-7960-4CA6-AE41-8C1544DCFBE9}
		{3889C9BE-0473-4B41-80E8-C4C923E837E7} = {AF25D7E8-2F55-4431-BCE1-7C3E3C0E74E1}
		{FC521316-EBCD-4EF1-8235-C976B2A31EB0} = {EACF1BF1-CB21-4D62-942C-3488F60B8D70}
		{23F8ABB1-F41A-4150-B5D5-9A7AA60E05D2} = {AF25D7E8-2F55-4431-BCE1-7C3E3C0E74E1}
		{D45D4CBE-AFE7-4E2A-945D-47AED564C39D} = {607B80A8-BB85-4DCC-B378-8864804168B9}
		{DB3ED6D2-D27F-4E8F-AFE2-5503113216AC} = {AF25D7E8-2F55-4431-BCE1-7C3E3C0E74E1}
		{7F8D9786-383D-4441-8A3A-5E305E26B965} = {7D2D3DAB-6EB6-463D-B186-E875DA48DF9F}
		{AF25D7E8-2F55-4431-BCE1-7C3E3C0E74E1} = {87A17015-9338-431E-B338-57BDA03984C1}
		{EACF1BF1-CB21-4D62-942C-3488F60B8D70} = {87A17015-9338-431E-B338-57BDA03984C1}
	EndGlobalSection
EndGlobal
