
Microsoft Visual Studio Solution File, Format Version 12.00
# Visual Studio 2013
VisualStudioVersion = 12.0.40629.0
MinimumVisualStudioVersion = 10.0.40219.1
Project("{2150E333-8FDC-42A3-9474-1A3956D46DE8}") = "common", "common", "{60EC42E9-D79B-4ADF-8F80-4DCD580061FD}"
	ProjectSection(SolutionItems) = preProject
		src\CommonAssemblyInfo.cs = src\CommonAssemblyInfo.cs
		src\CommonAssemblyInfo.Pack.cs = src\CommonAssemblyInfo.Pack.cs
	EndProjectSection
EndProject
Project("{2150E333-8FDC-42A3-9474-1A3956D46DE8}") = "src", "src", "{1BD5D488-707E-4030-8AE8-80D93D04963F}"
EndProject
Project("{2150E333-8FDC-42A3-9474-1A3956D46DE8}") = "test", "test", "{87A17015-9338-431E-B338-57BDA03984C1}"
EndProject
Project("{2150E333-8FDC-42A3-9474-1A3956D46DE8}") = ".nuget", ".nuget", "{DB9CF5EC-73DA-4AEB-BC6B-AF4260009E8B}"
	ProjectSection(SolutionItems) = preProject
		.nuget\NuGet.exe = .nuget\NuGet.exe
		.nuget\NuGet.targets = .nuget\NuGet.targets
	EndProjectSection
EndProject
Project("{2150E333-8FDC-42A3-9474-1A3956D46DE8}") = ".NET35", ".NET35", "{B7BF9C9A-7349-499F-BD44-553190C0CFDC}"
EndProject
Project("{FAE04EC0-301F-11D3-BF4B-00C04F79EFBC}") = "MsgPack.Net35", "src\MsgPack.Net35\MsgPack.Net35.csproj", "{C5490CDC-3B79-42DC-ACFB-75A62E55862C}"
EndProject
Project("{FAE04EC0-301F-11D3-BF4B-00C04F79EFBC}") = "MsgPack.UnitTest.Net35", "test\MsgPack.UnitTest.Net35\MsgPack.UnitTest.Net35.csproj", "{B8BDEBCD-343C-42A9-8C17-C1318B42F011}"
EndProject
Project("{FAE04EC0-301F-11D3-BF4B-00C04F79EFBC}") = "MsgPack.UnitTest.CodeDom.Net35", "test\MsgPack.UnitTest.CodeDom.Net35\MsgPack.UnitTest.CodeDom.Net35.csproj", "{2A8463C8-8E4B-44F6-AA58-D1232DF88438}"
EndProject
Project("{2150E333-8FDC-42A3-9474-1A3956D46DE8}") = "Unity", "Unity", "{936467D2-1DD3-4243-BBB4-FCCB2CA1E3AC}"
EndProject
Project("{FAE04EC0-301F-11D3-BF4B-00C04F79EFBC}") = "mpu", "src\mpu\mpu.csproj", "{CB7C32CD-A8D8-44A4-A595-DF4303566C81}"
EndProject
Project("{FAE04EC0-301F-11D3-BF4B-00C04F79EFBC}") = "MsgPack.Unity3D", "src\MsgPack.Unity3D\MsgPack.Unity3D.csproj", "{04774100-60EE-4FD5-ACED-593394DFF7B7}"
EndProject
Project("{FAE04EC0-301F-11D3-BF4B-00C04F79EFBC}") = "MsgPack.UnitTest.Unity3D", "test\MsgPack.UnitTest.Unity3D\MsgPack.UnitTest.Unity3D.csproj", "{804FBEB9-C62F-4788-8EB5-47C17B45A096}"
EndProject
Project("{2150E333-8FDC-42A3-9474-1A3956D46DE8}") = "NUnitLite", "NUnitLite", "{767C2A1C-53F8-4048-BE02-CB4393B1CEB6}"
EndProject
Project("{FAE04EC0-301F-11D3-BF4B-00C04F79EFBC}") = "NUnitLiteRunner", "test\NUnitLiteRunner\NUnitLiteRunner.csproj", "{12047296-B817-4C1A-B01B-5E619F72E407}"
EndProject
Project("{FAE04EC0-301F-11D3-BF4B-00C04F79EFBC}") = "nunitlite-3.5", "test\NUnitLite\src\framework\nunitlite-3.5.csproj", "{43B24DC5-16D6-45EF-93F1-B021B785A892}"
EndProject
Project("{FAE04EC0-301F-11D3-BF4B-00C04F79EFBC}") = "MsgPack.Unity3D.Full", "src\MsgPack.Unity3D.Full\MsgPack.Unity3D.Full.csproj", "{B752BA0A-72A8-4EE8-AF44-D4F5A55A6121}"
EndProject
Project("{FAE04EC0-301F-11D3-BF4B-00C04F79EFBC}") = "MsgPack.UnitTest.Unity3D.Desktop", "test\MsgPack.UnitTest.Unity3D.Desktop\MsgPack.UnitTest.Unity3D.Desktop.csproj", "{B7431860-F1A9-461E-9F9D-41FF99C1D200}"
EndProject
Global
	GlobalSection(SolutionConfigurationPlatforms) = preSolution
		CodeAnalysis|Any CPU = CodeAnalysis|Any CPU
		CodeAnalysis|ARM = CodeAnalysis|ARM
		CodeAnalysis|x64 = CodeAnalysis|x64
		CodeAnalysis|x86 = CodeAnalysis|x86
		CoreProfile|Any CPU = CoreProfile|Any CPU
		CoreProfile|ARM = CoreProfile|ARM
		CoreProfile|x64 = CoreProfile|x64
		CoreProfile|x86 = CoreProfile|x86
		Debug|Any CPU = Debug|Any CPU
		Debug|ARM = Debug|ARM
		Debug|x64 = Debug|x64
		Debug|x86 = Debug|x86
		Instrument|Any CPU = Instrument|Any CPU
		Instrument|ARM = Instrument|ARM
		Instrument|x64 = Instrument|x64
		Instrument|x86 = Instrument|x86
		PerformanceTest|Any CPU = PerformanceTest|Any CPU
		PerformanceTest|ARM = PerformanceTest|ARM
		PerformanceTest|x64 = PerformanceTest|x64
		PerformanceTest|x86 = PerformanceTest|x86
		Release|Any CPU = Release|Any CPU
		Release|ARM = Release|ARM
		Release|x64 = Release|x64
		Release|x86 = Release|x86
	EndGlobalSection
	GlobalSection(ProjectConfigurationPlatforms) = postSolution
		{C5490CDC-3B79-42DC-ACFB-75A62E55862C}.CodeAnalysis|Any CPU.ActiveCfg = CodeAnalysis|Any CPU
		{C5490CDC-3B79-42DC-ACFB-75A62E55862C}.CodeAnalysis|Any CPU.Build.0 = CodeAnalysis|Any CPU
		{C5490CDC-3B79-42DC-ACFB-75A62E55862C}.CodeAnalysis|ARM.ActiveCfg = Release|Any CPU
		{C5490CDC-3B79-42DC-ACFB-75A62E55862C}.CodeAnalysis|x64.ActiveCfg = Release|Any CPU
		{C5490CDC-3B79-42DC-ACFB-75A62E55862C}.CodeAnalysis|x86.ActiveCfg = Release|Any CPU
		{C5490CDC-3B79-42DC-ACFB-75A62E55862C}.CoreProfile|Any CPU.ActiveCfg = Release|Any CPU
		{C5490CDC-3B79-42DC-ACFB-75A62E55862C}.CoreProfile|Any CPU.Build.0 = Release|Any CPU
		{C5490CDC-3B79-42DC-ACFB-75A62E55862C}.CoreProfile|ARM.ActiveCfg = Release|Any CPU
		{C5490CDC-3B79-42DC-ACFB-75A62E55862C}.CoreProfile|x64.ActiveCfg = Release|Any CPU
		{C5490CDC-3B79-42DC-ACFB-75A62E55862C}.CoreProfile|x86.ActiveCfg = Release|Any CPU
		{C5490CDC-3B79-42DC-ACFB-75A62E55862C}.Debug|Any CPU.ActiveCfg = Debug|Any CPU
		{C5490CDC-3B79-42DC-ACFB-75A62E55862C}.Debug|Any CPU.Build.0 = Debug|Any CPU
		{C5490CDC-3B79-42DC-ACFB-75A62E55862C}.Debug|ARM.ActiveCfg = Debug|Any CPU
		{C5490CDC-3B79-42DC-ACFB-75A62E55862C}.Debug|x64.ActiveCfg = Debug|Any CPU
		{C5490CDC-3B79-42DC-ACFB-75A62E55862C}.Debug|x86.ActiveCfg = Debug|Any CPU
		{C5490CDC-3B79-42DC-ACFB-75A62E55862C}.Instrument|Any CPU.ActiveCfg = Release|Any CPU
		{C5490CDC-3B79-42DC-ACFB-75A62E55862C}.Instrument|Any CPU.Build.0 = Release|Any CPU
		{C5490CDC-3B79-42DC-ACFB-75A62E55862C}.Instrument|ARM.ActiveCfg = Release|Any CPU
		{C5490CDC-3B79-42DC-ACFB-75A62E55862C}.Instrument|x64.ActiveCfg = Release|Any CPU
		{C5490CDC-3B79-42DC-ACFB-75A62E55862C}.Instrument|x86.ActiveCfg = Release|Any CPU
		{C5490CDC-3B79-42DC-ACFB-75A62E55862C}.PerformanceTest|Any CPU.ActiveCfg = Release|Any CPU
		{C5490CDC-3B79-42DC-ACFB-75A62E55862C}.PerformanceTest|Any CPU.Build.0 = Release|Any CPU
		{C5490CDC-3B79-42DC-ACFB-75A62E55862C}.PerformanceTest|ARM.ActiveCfg = Release|Any CPU
		{C5490CDC-3B79-42DC-ACFB-75A62E55862C}.PerformanceTest|x64.ActiveCfg = Release|Any CPU
		{C5490CDC-3B79-42DC-ACFB-75A62E55862C}.PerformanceTest|x86.ActiveCfg = Release|Any CPU
		{C5490CDC-3B79-42DC-ACFB-75A62E55862C}.Release|Any CPU.ActiveCfg = Release|Any CPU
		{C5490CDC-3B79-42DC-ACFB-75A62E55862C}.Release|Any CPU.Build.0 = Release|Any CPU
		{C5490CDC-3B79-42DC-ACFB-75A62E55862C}.Release|ARM.ActiveCfg = Release|Any CPU
		{C5490CDC-3B79-42DC-ACFB-75A62E55862C}.Release|x64.ActiveCfg = Release|Any CPU
		{C5490CDC-3B79-42DC-ACFB-75A62E55862C}.Release|x86.ActiveCfg = Release|Any CPU
		{B8BDEBCD-343C-42A9-8C17-C1318B42F011}.CodeAnalysis|Any CPU.ActiveCfg = Release|Any CPU
		{B8BDEBCD-343C-42A9-8C17-C1318B42F011}.CodeAnalysis|ARM.ActiveCfg = Release|Any CPU
		{B8BDEBCD-343C-42A9-8C17-C1318B42F011}.CodeAnalysis|x64.ActiveCfg = Release|Any CPU
		{B8BDEBCD-343C-42A9-8C17-C1318B42F011}.CodeAnalysis|x86.ActiveCfg = Release|Any CPU
		{B8BDEBCD-343C-42A9-8C17-C1318B42F011}.CoreProfile|Any CPU.ActiveCfg = Release|Any CPU
		{B8BDEBCD-343C-42A9-8C17-C1318B42F011}.CoreProfile|ARM.ActiveCfg = Release|Any CPU
		{B8BDEBCD-343C-42A9-8C17-C1318B42F011}.CoreProfile|x64.ActiveCfg = Release|Any CPU
		{B8BDEBCD-343C-42A9-8C17-C1318B42F011}.CoreProfile|x86.ActiveCfg = Release|Any CPU
		{B8BDEBCD-343C-42A9-8C17-C1318B42F011}.Debug|Any CPU.ActiveCfg = Debug|Any CPU
		{B8BDEBCD-343C-42A9-8C17-C1318B42F011}.Debug|Any CPU.Build.0 = Debug|Any CPU
		{B8BDEBCD-343C-42A9-8C17-C1318B42F011}.Debug|ARM.ActiveCfg = Debug|Any CPU
		{B8BDEBCD-343C-42A9-8C17-C1318B42F011}.Debug|x64.ActiveCfg = Debug|Any CPU
		{B8BDEBCD-343C-42A9-8C17-C1318B42F011}.Debug|x86.ActiveCfg = Debug|Any CPU
		{B8BDEBCD-343C-42A9-8C17-C1318B42F011}.Instrument|Any CPU.ActiveCfg = Release|Any CPU
		{B8BDEBCD-343C-42A9-8C17-C1318B42F011}.Instrument|ARM.ActiveCfg = Release|Any CPU
		{B8BDEBCD-343C-42A9-8C17-C1318B42F011}.Instrument|x64.ActiveCfg = Release|Any CPU
		{B8BDEBCD-343C-42A9-8C17-C1318B42F011}.Instrument|x86.ActiveCfg = Release|Any CPU
		{B8BDEBCD-343C-42A9-8C17-C1318B42F011}.PerformanceTest|Any CPU.ActiveCfg = Release|Any CPU
		{B8BDEBCD-343C-42A9-8C17-C1318B42F011}.PerformanceTest|Any CPU.Build.0 = Release|Any CPU
		{B8BDEBCD-343C-42A9-8C17-C1318B42F011}.PerformanceTest|ARM.ActiveCfg = Release|Any CPU
		{B8BDEBCD-343C-42A9-8C17-C1318B42F011}.PerformanceTest|x64.ActiveCfg = Release|Any CPU
		{B8BDEBCD-343C-42A9-8C17-C1318B42F011}.PerformanceTest|x86.ActiveCfg = Release|Any CPU
		{B8BDEBCD-343C-42A9-8C17-C1318B42F011}.Release|Any CPU.ActiveCfg = Release|Any CPU
		{B8BDEBCD-343C-42A9-8C17-C1318B42F011}.Release|ARM.ActiveCfg = Release|Any CPU
		{B8BDEBCD-343C-42A9-8C17-C1318B42F011}.Release|x64.ActiveCfg = Release|Any CPU
		{B8BDEBCD-343C-42A9-8C17-C1318B42F011}.Release|x86.ActiveCfg = Release|Any CPU
		{2A8463C8-8E4B-44F6-AA58-D1232DF88438}.CodeAnalysis|Any CPU.ActiveCfg = Release|Any CPU
		{2A8463C8-8E4B-44F6-AA58-D1232DF88438}.CodeAnalysis|ARM.ActiveCfg = Release|Any CPU
		{2A8463C8-8E4B-44F6-AA58-D1232DF88438}.CodeAnalysis|x64.ActiveCfg = Release|Any CPU
		{2A8463C8-8E4B-44F6-AA58-D1232DF88438}.CodeAnalysis|x86.ActiveCfg = Release|Any CPU
		{2A8463C8-8E4B-44F6-AA58-D1232DF88438}.CoreProfile|Any CPU.ActiveCfg = Release|Any CPU
		{2A8463C8-8E4B-44F6-AA58-D1232DF88438}.CoreProfile|Any CPU.Build.0 = Release|Any CPU
		{2A8463C8-8E4B-44F6-AA58-D1232DF88438}.CoreProfile|ARM.ActiveCfg = Release|Any CPU
		{2A8463C8-8E4B-44F6-AA58-D1232DF88438}.CoreProfile|x64.ActiveCfg = Release|Any CPU
		{2A8463C8-8E4B-44F6-AA58-D1232DF88438}.CoreProfile|x86.ActiveCfg = Release|Any CPU
		{2A8463C8-8E4B-44F6-AA58-D1232DF88438}.Debug|Any CPU.ActiveCfg = Debug|Any CPU
		{2A8463C8-8E4B-44F6-AA58-D1232DF88438}.Debug|Any CPU.Build.0 = Debug|Any CPU
		{2A8463C8-8E4B-44F6-AA58-D1232DF88438}.Debug|ARM.ActiveCfg = Debug|Any CPU
		{2A8463C8-8E4B-44F6-AA58-D1232DF88438}.Debug|x64.ActiveCfg = Debug|Any CPU
		{2A8463C8-8E4B-44F6-AA58-D1232DF88438}.Debug|x86.ActiveCfg = Debug|Any CPU
		{2A8463C8-8E4B-44F6-AA58-D1232DF88438}.Instrument|Any CPU.ActiveCfg = Release|Any CPU
		{2A8463C8-8E4B-44F6-AA58-D1232DF88438}.Instrument|Any CPU.Build.0 = Release|Any CPU
		{2A8463C8-8E4B-44F6-AA58-D1232DF88438}.Instrument|ARM.ActiveCfg = Release|Any CPU
		{2A8463C8-8E4B-44F6-AA58-D1232DF88438}.Instrument|x64.ActiveCfg = Release|Any CPU
		{2A8463C8-8E4B-44F6-AA58-D1232DF88438}.Instrument|x86.ActiveCfg = Release|Any CPU
		{2A8463C8-8E4B-44F6-AA58-D1232DF88438}.PerformanceTest|Any CPU.ActiveCfg = Release|Any CPU
		{2A8463C8-8E4B-44F6-AA58-D1232DF88438}.PerformanceTest|Any CPU.Build.0 = Release|Any CPU
		{2A8463C8-8E4B-44F6-AA58-D1232DF88438}.PerformanceTest|ARM.ActiveCfg = Release|Any CPU
		{2A8463C8-8E4B-44F6-AA58-D1232DF88438}.PerformanceTest|x64.ActiveCfg = Release|Any CPU
		{2A8463C8-8E4B-44F6-AA58-D1232DF88438}.PerformanceTest|x86.ActiveCfg = Release|Any CPU
		{2A8463C8-8E4B-44F6-AA58-D1232DF88438}.Release|Any CPU.ActiveCfg = Release|Any CPU
		{2A8463C8-8E4B-44F6-AA58-D1232DF88438}.Release|ARM.ActiveCfg = Release|Any CPU
		{2A8463C8-8E4B-44F6-AA58-D1232DF88438}.Release|x64.ActiveCfg = Release|Any CPU
		{2A8463C8-8E4B-44F6-AA58-D1232DF88438}.Release|x86.ActiveCfg = Release|Any CPU
		{CB7C32CD-A8D8-44A4-A595-DF4303566C81}.CodeAnalysis|Any CPU.ActiveCfg = Release|Any CPU
		{CB7C32CD-A8D8-44A4-A595-DF4303566C81}.CodeAnalysis|ARM.ActiveCfg = Release|Any CPU
		{CB7C32CD-A8D8-44A4-A595-DF4303566C81}.CodeAnalysis|x64.ActiveCfg = Release|Any CPU
		{CB7C32CD-A8D8-44A4-A595-DF4303566C81}.CodeAnalysis|x86.ActiveCfg = Release|Any CPU
		{CB7C32CD-A8D8-44A4-A595-DF4303566C81}.CoreProfile|Any CPU.ActiveCfg = Release|Any CPU
		{CB7C32CD-A8D8-44A4-A595-DF4303566C81}.CoreProfile|Any CPU.Build.0 = Release|Any CPU
		{CB7C32CD-A8D8-44A4-A595-DF4303566C81}.CoreProfile|ARM.ActiveCfg = Release|Any CPU
		{CB7C32CD-A8D8-44A4-A595-DF4303566C81}.CoreProfile|x64.ActiveCfg = Release|Any CPU
		{CB7C32CD-A8D8-44A4-A595-DF4303566C81}.CoreProfile|x86.ActiveCfg = Release|Any CPU
		{CB7C32CD-A8D8-44A4-A595-DF4303566C81}.Debug|Any CPU.ActiveCfg = Debug|Any CPU
		{CB7C32CD-A8D8-44A4-A595-DF4303566C81}.Debug|Any CPU.Build.0 = Debug|Any CPU
		{CB7C32CD-A8D8-44A4-A595-DF4303566C81}.Debug|ARM.ActiveCfg = Debug|Any CPU
		{CB7C32CD-A8D8-44A4-A595-DF4303566C81}.Debug|x64.ActiveCfg = Debug|Any CPU
		{CB7C32CD-A8D8-44A4-A595-DF4303566C81}.Debug|x86.ActiveCfg = Debug|Any CPU
		{CB7C32CD-A8D8-44A4-A595-DF4303566C81}.Instrument|Any CPU.ActiveCfg = Release|Any CPU
		{CB7C32CD-A8D8-44A4-A595-DF4303566C81}.Instrument|Any CPU.Build.0 = Release|Any CPU
		{CB7C32CD-A8D8-44A4-A595-DF4303566C81}.Instrument|ARM.ActiveCfg = Release|Any CPU
		{CB7C32CD-A8D8-44A4-A595-DF4303566C81}.Instrument|x64.ActiveCfg = Release|Any CPU
		{CB7C32CD-A8D8-44A4-A595-DF4303566C81}.Instrument|x86.ActiveCfg = Release|Any CPU
		{CB7C32CD-A8D8-44A4-A595-DF4303566C81}.PerformanceTest|Any CPU.ActiveCfg = Release|Any CPU
		{CB7C32CD-A8D8-44A4-A595-DF4303566C81}.PerformanceTest|Any CPU.Build.0 = Release|Any CPU
		{CB7C32CD-A8D8-44A4-A595-DF4303566C81}.PerformanceTest|ARM.ActiveCfg = Release|Any CPU
		{CB7C32CD-A8D8-44A4-A595-DF4303566C81}.PerformanceTest|x64.ActiveCfg = Release|Any CPU
		{CB7C32CD-A8D8-44A4-A595-DF4303566C81}.PerformanceTest|x86.ActiveCfg = Release|Any CPU
		{CB7C32CD-A8D8-44A4-A595-DF4303566C81}.Release|Any CPU.ActiveCfg = Release|Any CPU
		{CB7C32CD-A8D8-44A4-A595-DF4303566C81}.Release|Any CPU.Build.0 = Release|Any CPU
		{CB7C32CD-A8D8-44A4-A595-DF4303566C81}.Release|ARM.ActiveCfg = Release|Any CPU
		{CB7C32CD-A8D8-44A4-A595-DF4303566C81}.Release|x64.ActiveCfg = Release|Any CPU
		{CB7C32CD-A8D8-44A4-A595-DF4303566C81}.Release|x86.ActiveCfg = Release|Any CPU
		{04774100-60EE-4FD5-ACED-593394DFF7B7}.CodeAnalysis|Any CPU.ActiveCfg = CodeAnalysis|Any CPU
		{04774100-60EE-4FD5-ACED-593394DFF7B7}.CodeAnalysis|Any CPU.Build.0 = CodeAnalysis|Any CPU
		{04774100-60EE-4FD5-ACED-593394DFF7B7}.CodeAnalysis|ARM.ActiveCfg = Release|Any CPU
		{04774100-60EE-4FD5-ACED-593394DFF7B7}.CodeAnalysis|x64.ActiveCfg = Release|Any CPU
		{04774100-60EE-4FD5-ACED-593394DFF7B7}.CodeAnalysis|x86.ActiveCfg = Release|Any CPU
		{04774100-60EE-4FD5-ACED-593394DFF7B7}.CoreProfile|Any CPU.ActiveCfg = Release|Any CPU
		{04774100-60EE-4FD5-ACED-593394DFF7B7}.CoreProfile|Any CPU.Build.0 = Release|Any CPU
		{04774100-60EE-4FD5-ACED-593394DFF7B7}.CoreProfile|ARM.ActiveCfg = Release|Any CPU
		{04774100-60EE-4FD5-ACED-593394DFF7B7}.CoreProfile|x64.ActiveCfg = Release|Any CPU
		{04774100-60EE-4FD5-ACED-593394DFF7B7}.CoreProfile|x86.ActiveCfg = Release|Any CPU
		{04774100-60EE-4FD5-ACED-593394DFF7B7}.Debug|Any CPU.ActiveCfg = Debug|Any CPU
		{04774100-60EE-4FD5-ACED-593394DFF7B7}.Debug|Any CPU.Build.0 = Debug|Any CPU
		{04774100-60EE-4FD5-ACED-593394DFF7B7}.Debug|ARM.ActiveCfg = Debug|Any CPU
		{04774100-60EE-4FD5-ACED-593394DFF7B7}.Debug|x64.ActiveCfg = Debug|Any CPU
		{04774100-60EE-4FD5-ACED-593394DFF7B7}.Debug|x86.ActiveCfg = Debug|Any CPU
		{04774100-60EE-4FD5-ACED-593394DFF7B7}.Instrument|Any CPU.ActiveCfg = Release|Any CPU
		{04774100-60EE-4FD5-ACED-593394DFF7B7}.Instrument|Any CPU.Build.0 = Release|Any CPU
		{04774100-60EE-4FD5-ACED-593394DFF7B7}.Instrument|ARM.ActiveCfg = Release|Any CPU
		{04774100-60EE-4FD5-ACED-593394DFF7B7}.Instrument|x64.ActiveCfg = Release|Any CPU
		{04774100-60EE-4FD5-ACED-593394DFF7B7}.Instrument|x86.ActiveCfg = Release|Any CPU
		{04774100-60EE-4FD5-ACED-593394DFF7B7}.PerformanceTest|Any CPU.ActiveCfg = Release|Any CPU
		{04774100-60EE-4FD5-ACED-593394DFF7B7}.PerformanceTest|Any CPU.Build.0 = Release|Any CPU
		{04774100-60EE-4FD5-ACED-593394DFF7B7}.PerformanceTest|ARM.ActiveCfg = Release|Any CPU
		{04774100-60EE-4FD5-ACED-593394DFF7B7}.PerformanceTest|x64.ActiveCfg = Release|Any CPU
		{04774100-60EE-4FD5-ACED-593394DFF7B7}.PerformanceTest|x86.ActiveCfg = Release|Any CPU
		{04774100-60EE-4FD5-ACED-593394DFF7B7}.Release|Any CPU.ActiveCfg = Release|Any CPU
		{04774100-60EE-4FD5-ACED-593394DFF7B7}.Release|Any CPU.Build.0 = Release|Any CPU
		{04774100-60EE-4FD5-ACED-593394DFF7B7}.Release|ARM.ActiveCfg = Release|Any CPU
		{04774100-60EE-4FD5-ACED-593394DFF7B7}.Release|x64.ActiveCfg = Release|Any CPU
		{04774100-60EE-4FD5-ACED-593394DFF7B7}.Release|x86.ActiveCfg = Release|Any CPU
		{804FBEB9-C62F-4788-8EB5-47C17B45A096}.CodeAnalysis|Any CPU.ActiveCfg = Release|Any CPU
		{804FBEB9-C62F-4788-8EB5-47C17B45A096}.CodeAnalysis|Any CPU.Build.0 = Release|Any CPU
		{804FBEB9-C62F-4788-8EB5-47C17B45A096}.CodeAnalysis|ARM.ActiveCfg = Release|Any CPU
		{804FBEB9-C62F-4788-8EB5-47C17B45A096}.CodeAnalysis|x64.ActiveCfg = Release|Any CPU
		{804FBEB9-C62F-4788-8EB5-47C17B45A096}.CodeAnalysis|x86.ActiveCfg = Release|Any CPU
		{804FBEB9-C62F-4788-8EB5-47C17B45A096}.CoreProfile|Any CPU.ActiveCfg = Release|Any CPU
		{804FBEB9-C62F-4788-8EB5-47C17B45A096}.CoreProfile|Any CPU.Build.0 = Release|Any CPU
		{804FBEB9-C62F-4788-8EB5-47C17B45A096}.CoreProfile|ARM.ActiveCfg = Release|Any CPU
		{804FBEB9-C62F-4788-8EB5-47C17B45A096}.CoreProfile|x64.ActiveCfg = Release|Any CPU
		{804FBEB9-C62F-4788-8EB5-47C17B45A096}.CoreProfile|x86.ActiveCfg = Release|Any CPU
		{804FBEB9-C62F-4788-8EB5-47C17B45A096}.Debug|Any CPU.ActiveCfg = Debug|Any CPU
		{804FBEB9-C62F-4788-8EB5-47C17B45A096}.Debug|Any CPU.Build.0 = Debug|Any CPU
		{804FBEB9-C62F-4788-8EB5-47C17B45A096}.Debug|ARM.ActiveCfg = Debug|Any CPU
		{804FBEB9-C62F-4788-8EB5-47C17B45A096}.Debug|x64.ActiveCfg = Debug|Any CPU
		{804FBEB9-C62F-4788-8EB5-47C17B45A096}.Debug|x86.ActiveCfg = Debug|Any CPU
		{804FBEB9-C62F-4788-8EB5-47C17B45A096}.Instrument|Any CPU.ActiveCfg = Release|Any CPU
		{804FBEB9-C62F-4788-8EB5-47C17B45A096}.Instrument|Any CPU.Build.0 = Release|Any CPU
		{804FBEB9-C62F-4788-8EB5-47C17B45A096}.Instrument|ARM.ActiveCfg = Release|Any CPU
		{804FBEB9-C62F-4788-8EB5-47C17B45A096}.Instrument|x64.ActiveCfg = Release|Any CPU
		{804FBEB9-C62F-4788-8EB5-47C17B45A096}.Instrument|x86.ActiveCfg = Release|Any CPU
		{804FBEB9-C62F-4788-8EB5-47C17B45A096}.PerformanceTest|Any CPU.ActiveCfg = Release|Any CPU
		{804FBEB9-C62F-4788-8EB5-47C17B45A096}.PerformanceTest|Any CPU.Build.0 = Release|Any CPU
		{804FBEB9-C62F-4788-8EB5-47C17B45A096}.PerformanceTest|ARM.ActiveCfg = Release|Any CPU
		{804FBEB9-C62F-4788-8EB5-47C17B45A096}.PerformanceTest|x64.ActiveCfg = Release|Any CPU
		{804FBEB9-C62F-4788-8EB5-47C17B45A096}.PerformanceTest|x86.ActiveCfg = Release|Any CPU
		{804FBEB9-C62F-4788-8EB5-47C17B45A096}.Release|Any CPU.ActiveCfg = Release|Any CPU
		{804FBEB9-C62F-4788-8EB5-47C17B45A096}.Release|ARM.ActiveCfg = Release|Any CPU
		{804FBEB9-C62F-4788-8EB5-47C17B45A096}.Release|x64.ActiveCfg = Release|Any CPU
		{804FBEB9-C62F-4788-8EB5-47C17B45A096}.Release|x86.ActiveCfg = Release|Any CPU
		{12047296-B817-4C1A-B01B-5E619F72E407}.CodeAnalysis|Any CPU.ActiveCfg = Release|Any CPU
		{12047296-B817-4C1A-B01B-5E619F72E407}.CodeAnalysis|Any CPU.Build.0 = Release|Any CPU
		{12047296-B817-4C1A-B01B-5E619F72E407}.CodeAnalysis|ARM.ActiveCfg = Release|Any CPU
		{12047296-B817-4C1A-B01B-5E619F72E407}.CodeAnalysis|x64.ActiveCfg = Release|Any CPU
		{12047296-B817-4C1A-B01B-5E619F72E407}.CodeAnalysis|x86.ActiveCfg = Release|Any CPU
		{12047296-B817-4C1A-B01B-5E619F72E407}.CoreProfile|Any CPU.ActiveCfg = Release|Any CPU
		{12047296-B817-4C1A-B01B-5E619F72E407}.CoreProfile|Any CPU.Build.0 = Release|Any CPU
		{12047296-B817-4C1A-B01B-5E619F72E407}.CoreProfile|ARM.ActiveCfg = Release|Any CPU
		{12047296-B817-4C1A-B01B-5E619F72E407}.CoreProfile|x64.ActiveCfg = Release|Any CPU
		{12047296-B817-4C1A-B01B-5E619F72E407}.CoreProfile|x86.ActiveCfg = Release|Any CPU
		{12047296-B817-4C1A-B01B-5E619F72E407}.Debug|Any CPU.ActiveCfg = Debug|Any CPU
		{12047296-B817-4C1A-B01B-5E619F72E407}.Debug|Any CPU.Build.0 = Debug|Any CPU
		{12047296-B817-4C1A-B01B-5E619F72E407}.Debug|ARM.ActiveCfg = Debug|Any CPU
		{12047296-B817-4C1A-B01B-5E619F72E407}.Debug|x64.ActiveCfg = Debug|Any CPU
		{12047296-B817-4C1A-B01B-5E619F72E407}.Debug|x86.ActiveCfg = Debug|Any CPU
		{12047296-B817-4C1A-B01B-5E619F72E407}.Instrument|Any CPU.ActiveCfg = Release|Any CPU
		{12047296-B817-4C1A-B01B-5E619F72E407}.Instrument|Any CPU.Build.0 = Release|Any CPU
		{12047296-B817-4C1A-B01B-5E619F72E407}.Instrument|ARM.ActiveCfg = Release|Any CPU
		{12047296-B817-4C1A-B01B-5E619F72E407}.Instrument|x64.ActiveCfg = Release|Any CPU
		{12047296-B817-4C1A-B01B-5E619F72E407}.Instrument|x86.ActiveCfg = Release|Any CPU
		{12047296-B817-4C1A-B01B-5E619F72E407}.PerformanceTest|Any CPU.ActiveCfg = Release|Any CPU
		{12047296-B817-4C1A-B01B-5E619F72E407}.PerformanceTest|Any CPU.Build.0 = Release|Any CPU
		{12047296-B817-4C1A-B01B-5E619F72E407}.PerformanceTest|ARM.ActiveCfg = Release|Any CPU
		{12047296-B817-4C1A-B01B-5E619F72E407}.PerformanceTest|x64.ActiveCfg = Release|Any CPU
		{12047296-B817-4C1A-B01B-5E619F72E407}.PerformanceTest|x86.ActiveCfg = Release|Any CPU
		{12047296-B817-4C1A-B01B-5E619F72E407}.Release|Any CPU.ActiveCfg = Release|Any CPU
		{12047296-B817-4C1A-B01B-5E619F72E407}.Release|ARM.ActiveCfg = Release|Any CPU
		{12047296-B817-4C1A-B01B-5E619F72E407}.Release|x64.ActiveCfg = Release|Any CPU
		{12047296-B817-4C1A-B01B-5E619F72E407}.Release|x86.ActiveCfg = Release|Any CPU
		{43B24DC5-16D6-45EF-93F1-B021B785A892}.CodeAnalysis|Any CPU.ActiveCfg = Release|Any CPU
		{43B24DC5-16D6-45EF-93F1-B021B785A892}.CodeAnalysis|Any CPU.Build.0 = Release|Any CPU
		{43B24DC5-16D6-45EF-93F1-B021B785A892}.CodeAnalysis|ARM.ActiveCfg = Release|Any CPU
		{43B24DC5-16D6-45EF-93F1-B021B785A892}.CodeAnalysis|x64.ActiveCfg = Release|Any CPU
		{43B24DC5-16D6-45EF-93F1-B021B785A892}.CodeAnalysis|x86.ActiveCfg = Release|Any CPU
		{43B24DC5-16D6-45EF-93F1-B021B785A892}.CoreProfile|Any CPU.ActiveCfg = Release|Any CPU
		{43B24DC5-16D6-45EF-93F1-B021B785A892}.CoreProfile|Any CPU.Build.0 = Release|Any CPU
		{43B24DC5-16D6-45EF-93F1-B021B785A892}.CoreProfile|ARM.ActiveCfg = Release|Any CPU
		{43B24DC5-16D6-45EF-93F1-B021B785A892}.CoreProfile|x64.ActiveCfg = Release|Any CPU
		{43B24DC5-16D6-45EF-93F1-B021B785A892}.CoreProfile|x86.ActiveCfg = Release|Any CPU
		{43B24DC5-16D6-45EF-93F1-B021B785A892}.Debug|Any CPU.ActiveCfg = Debug|Any CPU
		{43B24DC5-16D6-45EF-93F1-B021B785A892}.Debug|Any CPU.Build.0 = Debug|Any CPU
		{43B24DC5-16D6-45EF-93F1-B021B785A892}.Debug|ARM.ActiveCfg = Debug|Any CPU
		{43B24DC5-16D6-45EF-93F1-B021B785A892}.Debug|x64.ActiveCfg = Debug|Any CPU
		{43B24DC5-16D6-45EF-93F1-B021B785A892}.Debug|x86.ActiveCfg = Debug|Any CPU
		{43B24DC5-16D6-45EF-93F1-B021B785A892}.Instrument|Any CPU.ActiveCfg = Release|Any CPU
		{43B24DC5-16D6-45EF-93F1-B021B785A892}.Instrument|Any CPU.Build.0 = Release|Any CPU
		{43B24DC5-16D6-45EF-93F1-B021B785A892}.Instrument|ARM.ActiveCfg = Release|Any CPU
		{43B24DC5-16D6-45EF-93F1-B021B785A892}.Instrument|x64.ActiveCfg = Release|Any CPU
		{43B24DC5-16D6-45EF-93F1-B021B785A892}.Instrument|x86.ActiveCfg = Release|Any CPU
		{43B24DC5-16D6-45EF-93F1-B021B785A892}.PerformanceTest|Any CPU.ActiveCfg = Release|Any CPU
		{43B24DC5-16D6-45EF-93F1-B021B785A892}.PerformanceTest|Any CPU.Build.0 = Release|Any CPU
		{43B24DC5-16D6-45EF-93F1-B021B785A892}.PerformanceTest|ARM.ActiveCfg = Release|Any CPU
		{43B24DC5-16D6-45EF-93F1-B021B785A892}.PerformanceTest|x64.ActiveCfg = Release|Any CPU
		{43B24DC5-16D6-45EF-93F1-B021B785A892}.PerformanceTest|x86.ActiveCfg = Release|Any CPU
		{43B24DC5-16D6-45EF-93F1-B021B785A892}.Release|Any CPU.ActiveCfg = Release|Any CPU
		{43B24DC5-16D6-45EF-93F1-B021B785A892}.Release|ARM.ActiveCfg = Release|Any CPU
		{43B24DC5-16D6-45EF-93F1-B021B785A892}.Release|x64.ActiveCfg = Release|Any CPU
		{43B24DC5-16D6-45EF-93F1-B021B785A892}.Release|x86.ActiveCfg = Release|Any CPU
		{B752BA0A-72A8-4EE8-AF44-D4F5A55A6121}.CodeAnalysis|Any CPU.ActiveCfg = Release|Any CPU
		{B752BA0A-72A8-4EE8-AF44-D4F5A55A6121}.CodeAnalysis|Any CPU.Build.0 = Release|Any CPU
		{B752BA0A-72A8-4EE8-AF44-D4F5A55A6121}.CodeAnalysis|ARM.ActiveCfg = Release|Any CPU
		{B752BA0A-72A8-4EE8-AF44-D4F5A55A6121}.CodeAnalysis|x64.ActiveCfg = Release|Any CPU
		{B752BA0A-72A8-4EE8-AF44-D4F5A55A6121}.CodeAnalysis|x86.ActiveCfg = Release|Any CPU
		{B752BA0A-72A8-4EE8-AF44-D4F5A55A6121}.CoreProfile|Any CPU.ActiveCfg = Release|Any CPU
		{B752BA0A-72A8-4EE8-AF44-D4F5A55A6121}.CoreProfile|Any CPU.Build.0 = Release|Any CPU
		{B752BA0A-72A8-4EE8-AF44-D4F5A55A6121}.CoreProfile|ARM.ActiveCfg = Release|Any CPU
		{B752BA0A-72A8-4EE8-AF44-D4F5A55A6121}.CoreProfile|x64.ActiveCfg = Release|Any CPU
		{B752BA0A-72A8-4EE8-AF44-D4F5A55A6121}.CoreProfile|x86.ActiveCfg = Release|Any CPU
		{B752BA0A-72A8-4EE8-AF44-D4F5A55A6121}.Debug|Any CPU.ActiveCfg = Debug|Any CPU
		{B752BA0A-72A8-4EE8-AF44-D4F5A55A6121}.Debug|Any CPU.Build.0 = Debug|Any CPU
		{B752BA0A-72A8-4EE8-AF44-D4F5A55A6121}.Debug|ARM.ActiveCfg = Debug|Any CPU
		{B752BA0A-72A8-4EE8-AF44-D4F5A55A6121}.Debug|x64.ActiveCfg = Debug|Any CPU
		{B752BA0A-72A8-4EE8-AF44-D4F5A55A6121}.Debug|x86.ActiveCfg = Debug|Any CPU
		{B752BA0A-72A8-4EE8-AF44-D4F5A55A6121}.Instrument|Any CPU.ActiveCfg = Release|Any CPU
		{B752BA0A-72A8-4EE8-AF44-D4F5A55A6121}.Instrument|Any CPU.Build.0 = Release|Any CPU
		{B752BA0A-72A8-4EE8-AF44-D4F5A55A6121}.Instrument|ARM.ActiveCfg = Release|Any CPU
		{B752BA0A-72A8-4EE8-AF44-D4F5A55A6121}.Instrument|x64.ActiveCfg = Release|Any CPU
		{B752BA0A-72A8-4EE8-AF44-D4F5A55A6121}.Instrument|x86.ActiveCfg = Release|Any CPU
		{B752BA0A-72A8-4EE8-AF44-D4F5A55A6121}.PerformanceTest|Any CPU.ActiveCfg = Release|Any CPU
		{B752BA0A-72A8-4EE8-AF44-D4F5A55A6121}.PerformanceTest|Any CPU.Build.0 = Release|Any CPU
		{B752BA0A-72A8-4EE8-AF44-D4F5A55A6121}.PerformanceTest|ARM.ActiveCfg = Release|Any CPU
		{B752BA0A-72A8-4EE8-AF44-D4F5A55A6121}.PerformanceTest|x64.ActiveCfg = Release|Any CPU
		{B752BA0A-72A8-4EE8-AF44-D4F5A55A6121}.PerformanceTest|x86.ActiveCfg = Release|Any CPU
		{B752BA0A-72A8-4EE8-AF44-D4F5A55A6121}.Release|Any CPU.ActiveCfg = Release|Any CPU
		{B752BA0A-72A8-4EE8-AF44-D4F5A55A6121}.Release|Any CPU.Build.0 = Release|Any CPU
		{B752BA0A-72A8-4EE8-AF44-D4F5A55A6121}.Release|ARM.ActiveCfg = Release|Any CPU
		{B752BA0A-72A8-4EE8-AF44-D4F5A55A6121}.Release|x64.ActiveCfg = Release|Any CPU
		{B752BA0A-72A8-4EE8-AF44-D4F5A55A6121}.Release|x86.ActiveCfg = Release|Any CPU
		{B7431860-F1A9-461E-9F9D-41FF99C1D200}.CodeAnalysis|Any CPU.ActiveCfg = Release|Any CPU
		{B7431860-F1A9-461E-9F9D-41FF99C1D200}.CodeAnalysis|Any CPU.Build.0 = Release|Any CPU
		{B7431860-F1A9-461E-9F9D-41FF99C1D200}.CodeAnalysis|ARM.ActiveCfg = Release|Any CPU
		{B7431860-F1A9-461E-9F9D-41FF99C1D200}.CodeAnalysis|x64.ActiveCfg = Release|Any CPU
		{B7431860-F1A9-461E-9F9D-41FF99C1D200}.CodeAnalysis|x86.ActiveCfg = Release|Any CPU
		{B7431860-F1A9-461E-9F9D-41FF99C1D200}.CoreProfile|Any CPU.ActiveCfg = Release|Any CPU
		{B7431860-F1A9-461E-9F9D-41FF99C1D200}.CoreProfile|Any CPU.Build.0 = Release|Any CPU
		{B7431860-F1A9-461E-9F9D-41FF99C1D200}.CoreProfile|ARM.ActiveCfg = Release|Any CPU
		{B7431860-F1A9-461E-9F9D-41FF99C1D200}.CoreProfile|x64.ActiveCfg = Release|Any CPU
		{B7431860-F1A9-461E-9F9D-41FF99C1D200}.CoreProfile|x86.ActiveCfg = Release|Any CPU
		{B7431860-F1A9-461E-9F9D-41FF99C1D200}.Debug|Any CPU.ActiveCfg = Debug|Any CPU
		{B7431860-F1A9-461E-9F9D-41FF99C1D200}.Debug|Any CPU.Build.0 = Debug|Any CPU
		{B7431860-F1A9-461E-9F9D-41FF99C1D200}.Debug|ARM.ActiveCfg = Debug|Any CPU
		{B7431860-F1A9-461E-9F9D-41FF99C1D200}.Debug|x64.ActiveCfg = Debug|Any CPU
		{B7431860-F1A9-461E-9F9D-41FF99C1D200}.Debug|x86.ActiveCfg = Debug|Any CPU
		{B7431860-F1A9-461E-9F9D-41FF99C1D200}.Instrument|Any CPU.ActiveCfg = Release|Any CPU
		{B7431860-F1A9-461E-9F9D-41FF99C1D200}.Instrument|Any CPU.Build.0 = Release|Any CPU
		{B7431860-F1A9-461E-9F9D-41FF99C1D200}.Instrument|ARM.ActiveCfg = Release|Any CPU
		{B7431860-F1A9-461E-9F9D-41FF99C1D200}.Instrument|x64.ActiveCfg = Release|Any CPU
		{B7431860-F1A9-461E-9F9D-41FF99C1D200}.Instrument|x86.ActiveCfg = Release|Any CPU
		{B7431860-F1A9-461E-9F9D-41FF99C1D200}.PerformanceTest|Any CPU.ActiveCfg = Release|Any CPU
		{B7431860-F1A9-461E-9F9D-41FF99C1D200}.PerformanceTest|Any CPU.Build.0 = Release|Any CPU
		{B7431860-F1A9-461E-9F9D-41FF99C1D200}.PerformanceTest|ARM.ActiveCfg = Release|Any CPU
		{B7431860-F1A9-461E-9F9D-41FF99C1D200}.PerformanceTest|x64.ActiveCfg = Release|Any CPU
		{B7431860-F1A9-461E-9F9D-41FF99C1D200}.PerformanceTest|x86.ActiveCfg = Release|Any CPU
		{B7431860-F1A9-461E-9F9D-41FF99C1D200}.Release|Any CPU.ActiveCfg = Release|Any CPU
		{B7431860-F1A9-461E-9F9D-41FF99C1D200}.Release|ARM.ActiveCfg = Release|Any CPU
		{B7431860-F1A9-461E-9F9D-41FF99C1D200}.Release|x64.ActiveCfg = Release|Any CPU
		{B7431860-F1A9-461E-9F9D-41FF99C1D200}.Release|x86.ActiveCfg = Release|Any CPU
	EndGlobalSection
	GlobalSection(SolutionProperties) = preSolution
		HideSolutionNode = FALSE
	EndGlobalSection
	GlobalSection(NestedProjects) = preSolution
		{B7BF9C9A-7349-499F-BD44-553190C0CFDC} = {1BD5D488-707E-4030-8AE8-80D93D04963F}
		{C5490CDC-3B79-42DC-ACFB-75A62E55862C} = {B7BF9C9A-7349-499F-BD44-553190C0CFDC}
		{B8BDEBCD-343C-42A9-8C17-C1318B42F011} = {87A17015-9338-431E-B338-57BDA03984C1}
		{2A8463C8-8E4B-44F6-AA58-D1232DF88438} = {87A17015-9338-431E-B338-57BDA03984C1}
		{936467D2-1DD3-4243-BBB4-FCCB2CA1E3AC} = {1BD5D488-707E-4030-8AE8-80D93D04963F}
		{CB7C32CD-A8D8-44A4-A595-DF4303566C81} = {936467D2-1DD3-4243-BBB4-FCCB2CA1E3AC}
		{04774100-60EE-4FD5-ACED-593394DFF7B7} = {936467D2-1DD3-4243-BBB4-FCCB2CA1E3AC}
		{804FBEB9-C62F-4788-8EB5-47C17B45A096} = {87A17015-9338-431E-B338-57BDA03984C1}
		{767C2A1C-53F8-4048-BE02-CB4393B1CEB6} = {87A17015-9338-431E-B338-57BDA03984C1}
		{12047296-B817-4C1A-B01B-5E619F72E407} = {767C2A1C-53F8-4048-BE02-CB4393B1CEB6}
		{43B24DC5-16D6-45EF-93F1-B021B785A892} = {767C2A1C-53F8-4048-BE02-CB4393B1CEB6}
		{B752BA0A-72A8-4EE8-AF44-D4F5A55A6121} = {936467D2-1DD3-4243-BBB4-FCCB2CA1E3AC}
		{B7431860-F1A9-461E-9F9D-41FF99C1D200} = {87A17015-9338-431E-B338-57BDA03984C1}
	EndGlobalSection
EndGlobal
