
Microsoft Visual Studio Solution File, Format Version 12.00
# Visual Studio 15
VisualStudioVersion = 15.0.27004.2002
MinimumVisualStudioVersion = 10.0.40219.1
Project("{2150E333-8FDC-42A3-9474-1A3956D46DE8}") = "common", "common", "{60EC42E9-D79B-4ADF-8F80-4DCD580061FD}"
	ProjectSection(SolutionItems) = preProject
		src\CommonAssemblyInfo.cs = src\CommonAssemblyInfo.cs
	EndProjectSection
EndProject
Project("{2150E333-8FDC-42A3-9474-1A3956D46DE8}") = "src", "src", "{1BD5D488-707E-4030-8AE8-80D93D04963F}"
EndProject
Project("{2150E333-8FDC-42A3-9474-1A3956D46DE8}") = "test", "test", "{87A17015-9338-431E-B338-57BDA03984C1}"
EndProject
Project("{FAE04EC0-301F-11D3-BF4B-00C04F79EFBC}") = "MsgPack.UnitTest.Xamarin.Android", "test\MsgPack.UnitTest.Xamarin.Android\MsgPack.UnitTest.Xamarin.Android.csproj", "{5EDECDB4-5179-4441-974F-EC26B4F54528}"
EndProject
Project("{2150E333-8FDC-42A3-9474-1A3956D46DE8}") = ".nuget", ".nuget", "{DB9CF5EC-73DA-4AEB-BC6B-AF4260009E8B}"
	ProjectSection(SolutionItems) = preProject
		.nuget\NuGet.exe = .nuget\NuGet.exe
		.nuget\NuGet.targets = .nuget\NuGet.targets
	EndProjectSection
EndProject
Project("{FAE04EC0-301F-11D3-BF4B-00C04F79EFBC}") = "MsgPack.UnitTest.Xamarin.iOS", "test\MsgPack.UnitTest.Xamarin.iOS\MsgPack.UnitTest.Xamarin.iOS.csproj", "{2B75A9C8-F891-4F78-9E27-8B6FE972DE6C}"
EndProject
Project("{9A19103F-16F7-4668-BE54-9A1E7A4F7556}") = "MsgPack", "src\MsgPack\MsgPack.csproj", "{5BCEC32E-990E-4DE5-945F-BD27326A7418}"
EndProject
Global
	GlobalSection(SolutionConfigurationPlatforms) = preSolution
		Ad-Hoc|Any CPU = Ad-Hoc|Any CPU
		Ad-Hoc|iPhone = Ad-Hoc|iPhone
		Ad-Hoc|iPhoneSimulator = Ad-Hoc|iPhoneSimulator
		Ad-Hoc|Mixed Platforms = Ad-Hoc|Mixed Platforms
		AppStore|Any CPU = AppStore|Any CPU
		AppStore|iPhone = AppStore|iPhone
		AppStore|iPhoneSimulator = AppStore|iPhoneSimulator
		AppStore|Mixed Platforms = AppStore|Mixed Platforms
		CodeAnalysis|Any CPU = CodeAnalysis|Any CPU
		CodeAnalysis|iPhone = CodeAnalysis|iPhone
		CodeAnalysis|iPhoneSimulator = CodeAnalysis|iPhoneSimulator
		CodeAnalysis|Mixed Platforms = CodeAnalysis|Mixed Platforms
		Debug|Any CPU = Debug|Any CPU
		Debug|iPhone = Debug|iPhone
		Debug|iPhoneSimulator = Debug|iPhoneSimulator
		Debug|Mixed Platforms = Debug|Mixed Platforms
		Instrument|Any CPU = Instrument|Any CPU
		Instrument|iPhone = Instrument|iPhone
		Instrument|iPhoneSimulator = Instrument|iPhoneSimulator
		Instrument|Mixed Platforms = Instrument|Mixed Platforms
		PerformanceTest|Any CPU = PerformanceTest|Any CPU
		PerformanceTest|iPhone = PerformanceTest|iPhone
		PerformanceTest|iPhoneSimulator = PerformanceTest|iPhoneSimulator
		PerformanceTest|Mixed Platforms = PerformanceTest|Mixed Platforms
		Release|Any CPU = Release|Any CPU
		Release|iPhone = Release|iPhone
		Release|iPhoneSimulator = Release|iPhoneSimulator
		Release|Mixed Platforms = Release|Mixed Platforms
	EndGlobalSection
	GlobalSection(ProjectConfigurationPlatforms) = postSolution
		{5EDECDB4-5179-4441-974F-EC26B4F54528}.Ad-Hoc|Any CPU.ActiveCfg = Release|Any CPU
		{5EDECDB4-5179-4441-974F-EC26B4F54528}.Ad-Hoc|Any CPU.Build.0 = Release|Any CPU
		{5EDECDB4-5179-4441-974F-EC26B4F54528}.Ad-Hoc|Any CPU.Deploy.0 = Release|Any CPU
		{5EDECDB4-5179-4441-974F-EC26B4F54528}.Ad-Hoc|iPhone.ActiveCfg = Release|Any CPU
		{5EDECDB4-5179-4441-974F-EC26B4F54528}.Ad-Hoc|iPhoneSimulator.ActiveCfg = Release|Any CPU
		{5EDECDB4-5179-4441-974F-EC26B4F54528}.Ad-Hoc|Mixed Platforms.ActiveCfg = Release|Any CPU
		{5EDECDB4-5179-4441-974F-EC26B4F54528}.Ad-Hoc|Mixed Platforms.Build.0 = Release|Any CPU
		{5EDECDB4-5179-4441-974F-EC26B4F54528}.Ad-Hoc|Mixed Platforms.Deploy.0 = Release|Any CPU
		{5EDECDB4-5179-4441-974F-EC26B4F54528}.AppStore|Any CPU.ActiveCfg = Release|Any CPU
		{5EDECDB4-5179-4441-974F-EC26B4F54528}.AppStore|Any CPU.Build.0 = Release|Any CPU
		{5EDECDB4-5179-4441-974F-EC26B4F54528}.AppStore|Any CPU.Deploy.0 = Release|Any CPU
		{5EDECDB4-5179-4441-974F-EC26B4F54528}.AppStore|iPhone.ActiveCfg = Release|Any CPU
		{5EDECDB4-5179-4441-974F-EC26B4F54528}.AppStore|iPhoneSimulator.ActiveCfg = Release|Any CPU
		{5EDECDB4-5179-4441-974F-EC26B4F54528}.AppStore|Mixed Platforms.ActiveCfg = Release|Any CPU
		{5EDECDB4-5179-4441-974F-EC26B4F54528}.AppStore|Mixed Platforms.Build.0 = Release|Any CPU
		{5EDECDB4-5179-4441-974F-EC26B4F54528}.AppStore|Mixed Platforms.Deploy.0 = Release|Any CPU
		{5EDECDB4-5179-4441-974F-EC26B4F54528}.CodeAnalysis|Any CPU.ActiveCfg = Debug|Any CPU
		{5EDECDB4-5179-4441-974F-EC26B4F54528}.CodeAnalysis|Any CPU.Build.0 = Debug|Any CPU
		{5EDECDB4-5179-4441-974F-EC26B4F54528}.CodeAnalysis|Any CPU.Deploy.0 = Debug|Any CPU
		{5EDECDB4-5179-4441-974F-EC26B4F54528}.CodeAnalysis|iPhone.ActiveCfg = Debug|Any CPU
		{5EDECDB4-5179-4441-974F-EC26B4F54528}.CodeAnalysis|iPhone.Build.0 = Debug|Any CPU
		{5EDECDB4-5179-4441-974F-EC26B4F54528}.CodeAnalysis|iPhone.Deploy.0 = Debug|Any CPU
		{5EDECDB4-5179-4441-974F-EC26B4F54528}.CodeAnalysis|iPhoneSimulator.ActiveCfg = Debug|Any CPU
		{5EDECDB4-5179-4441-974F-EC26B4F54528}.CodeAnalysis|iPhoneSimulator.Build.0 = Debug|Any CPU
		{5EDECDB4-5179-4441-974F-EC26B4F54528}.CodeAnalysis|iPhoneSimulator.Deploy.0 = Debug|Any CPU
		{5EDECDB4-5179-4441-974F-EC26B4F54528}.CodeAnalysis|Mixed Platforms.ActiveCfg = Debug|Any CPU
		{5EDECDB4-5179-4441-974F-EC26B4F54528}.CodeAnalysis|Mixed Platforms.Build.0 = Debug|Any CPU
		{5EDECDB4-5179-4441-974F-EC26B4F54528}.CodeAnalysis|Mixed Platforms.Deploy.0 = Debug|Any CPU
		{5EDECDB4-5179-4441-974F-EC26B4F54528}.Debug|Any CPU.ActiveCfg = Debug|Any CPU
		{5EDECDB4-5179-4441-974F-EC26B4F54528}.Debug|Any CPU.Build.0 = Debug|Any CPU
		{5EDECDB4-5179-4441-974F-EC26B4F54528}.Debug|Any CPU.Deploy.0 = Debug|Any CPU
		{5EDECDB4-5179-4441-974F-EC26B4F54528}.Debug|iPhone.ActiveCfg = Debug|Any CPU
		{5EDECDB4-5179-4441-974F-EC26B4F54528}.Debug|iPhoneSimulator.ActiveCfg = Debug|Any CPU
		{5EDECDB4-5179-4441-974F-EC26B4F54528}.Debug|Mixed Platforms.ActiveCfg = Debug|Any CPU
		{5EDECDB4-5179-4441-974F-EC26B4F54528}.Debug|Mixed Platforms.Build.0 = Debug|Any CPU
		{5EDECDB4-5179-4441-974F-EC26B4F54528}.Debug|Mixed Platforms.Deploy.0 = Debug|Any CPU
		{5EDECDB4-5179-4441-974F-EC26B4F54528}.Instrument|Any CPU.ActiveCfg = Debug|Any CPU
		{5EDECDB4-5179-4441-974F-EC26B4F54528}.Instrument|Any CPU.Build.0 = Debug|Any CPU
		{5EDECDB4-5179-4441-974F-EC26B4F54528}.Instrument|Any CPU.Deploy.0 = Debug|Any CPU
		{5EDECDB4-5179-4441-974F-EC26B4F54528}.Instrument|iPhone.ActiveCfg = Debug|Any CPU
		{5EDECDB4-5179-4441-974F-EC26B4F54528}.Instrument|iPhone.Build.0 = Debug|Any CPU
		{5EDECDB4-5179-4441-974F-EC26B4F54528}.Instrument|iPhone.Deploy.0 = Debug|Any CPU
		{5EDECDB4-5179-4441-974F-EC26B4F54528}.Instrument|iPhoneSimulator.ActiveCfg = Debug|Any CPU
		{5EDECDB4-5179-4441-974F-EC26B4F54528}.Instrument|iPhoneSimulator.Build.0 = Debug|Any CPU
		{5EDECDB4-5179-4441-974F-EC26B4F54528}.Instrument|iPhoneSimulator.Deploy.0 = Debug|Any CPU
		{5EDECDB4-5179-4441-974F-EC26B4F54528}.Instrument|Mixed Platforms.ActiveCfg = Debug|Any CPU
		{5EDECDB4-5179-4441-974F-EC26B4F54528}.Instrument|Mixed Platforms.Build.0 = Debug|Any CPU
		{5EDECDB4-5179-4441-974F-EC26B4F54528}.Instrument|Mixed Platforms.Deploy.0 = Debug|Any CPU
		{5EDECDB4-5179-4441-974F-EC26B4F54528}.PerformanceTest|Any CPU.ActiveCfg = Debug|Any CPU
		{5EDECDB4-5179-4441-974F-EC26B4F54528}.PerformanceTest|Any CPU.Build.0 = Debug|Any CPU
		{5EDECDB4-5179-4441-974F-EC26B4F54528}.PerformanceTest|Any CPU.Deploy.0 = Debug|Any CPU
		{5EDECDB4-5179-4441-974F-EC26B4F54528}.PerformanceTest|iPhone.ActiveCfg = Debug|Any CPU
		{5EDECDB4-5179-4441-974F-EC26B4F54528}.PerformanceTest|iPhone.Build.0 = Debug|Any CPU
		{5EDECDB4-5179-4441-974F-EC26B4F54528}.PerformanceTest|iPhone.Deploy.0 = Debug|Any CPU
		{5EDECDB4-5179-4441-974F-EC26B4F54528}.PerformanceTest|iPhoneSimulator.ActiveCfg = Debug|Any CPU
		{5EDECDB4-5179-4441-974F-EC26B4F54528}.PerformanceTest|iPhoneSimulator.Build.0 = Debug|Any CPU
		{5EDECDB4-5179-4441-974F-EC26B4F54528}.PerformanceTest|iPhoneSimulator.Deploy.0 = Debug|Any CPU
		{5EDECDB4-5179-4441-974F-EC26B4F54528}.PerformanceTest|Mixed Platforms.ActiveCfg = Debug|Any CPU
		{5EDECDB4-5179-4441-974F-EC26B4F54528}.PerformanceTest|Mixed Platforms.Build.0 = Debug|Any CPU
		{5EDECDB4-5179-4441-974F-EC26B4F54528}.PerformanceTest|Mixed Platforms.Deploy.0 = Debug|Any CPU
		{5EDECDB4-5179-4441-974F-EC26B4F54528}.Release|Any CPU.ActiveCfg = Release|Any CPU
		{5EDECDB4-5179-4441-974F-EC26B4F54528}.Release|iPhone.ActiveCfg = Release|Any CPU
		{5EDECDB4-5179-4441-974F-EC26B4F54528}.Release|iPhoneSimulator.ActiveCfg = Release|Any CPU
		{5EDECDB4-5179-4441-974F-EC26B4F54528}.Release|Mixed Platforms.ActiveCfg = Release|Any CPU
		{5EDECDB4-5179-4441-974F-EC26B4F54528}.Release|Mixed Platforms.Deploy.0 = Release|Any CPU
		{2B75A9C8-F891-4F78-9E27-8B6FE972DE6C}.Ad-Hoc|Any CPU.ActiveCfg = Ad-Hoc|iPhone
		{2B75A9C8-F891-4F78-9E27-8B6FE972DE6C}.Ad-Hoc|iPhone.ActiveCfg = Ad-Hoc|iPhone
		{2B75A9C8-F891-4F78-9E27-8B6FE972DE6C}.Ad-Hoc|iPhone.Build.0 = Ad-Hoc|iPhone
		{2B75A9C8-F891-4F78-9E27-8B6FE972DE6C}.Ad-Hoc|iPhoneSimulator.ActiveCfg = Ad-Hoc|iPhoneSimulator
		{2B75A9C8-F891-4F78-9E27-8B6FE972DE6C}.Ad-Hoc|iPhoneSimulator.Build.0 = Ad-Hoc|iPhoneSimulator
		{2B75A9C8-F891-4F78-9E27-8B6FE972DE6C}.Ad-Hoc|Mixed Platforms.ActiveCfg = Ad-Hoc|iPhone
		{2B75A9C8-F891-4F78-9E27-8B6FE972DE6C}.Ad-Hoc|Mixed Platforms.Build.0 = Ad-Hoc|iPhone
		{2B75A9C8-F891-4F78-9E27-8B6FE972DE6C}.AppStore|Any CPU.ActiveCfg = AppStore|iPhone
		{2B75A9C8-F891-4F78-9E27-8B6FE972DE6C}.AppStore|iPhone.ActiveCfg = AppStore|iPhone
		{2B75A9C8-F891-4F78-9E27-8B6FE972DE6C}.AppStore|iPhone.Build.0 = AppStore|iPhone
		{2B75A9C8-F891-4F78-9E27-8B6FE972DE6C}.AppStore|iPhoneSimulator.ActiveCfg = AppStore|iPhoneSimulator
		{2B75A9C8-F891-4F78-9E27-8B6FE972DE6C}.AppStore|iPhoneSimulator.Build.0 = AppStore|iPhoneSimulator
		{2B75A9C8-F891-4F78-9E27-8B6FE972DE6C}.AppStore|Mixed Platforms.ActiveCfg = AppStore|iPhone
		{2B75A9C8-F891-4F78-9E27-8B6FE972DE6C}.AppStore|Mixed Platforms.Build.0 = AppStore|iPhone
		{2B75A9C8-F891-4F78-9E27-8B6FE972DE6C}.CodeAnalysis|Any CPU.ActiveCfg = Release|iPhoneSimulator
		{2B75A9C8-F891-4F78-9E27-8B6FE972DE6C}.CodeAnalysis|Any CPU.Build.0 = Release|iPhoneSimulator
		{2B75A9C8-F891-4F78-9E27-8B6FE972DE6C}.CodeAnalysis|iPhone.ActiveCfg = Release|iPhone
		{2B75A9C8-F891-4F78-9E27-8B6FE972DE6C}.CodeAnalysis|iPhone.Build.0 = Release|iPhone
		{2B75A9C8-F891-4F78-9E27-8B6FE972DE6C}.CodeAnalysis|iPhoneSimulator.ActiveCfg = Release|iPhoneSimulator
		{2B75A9C8-F891-4F78-9E27-8B6FE972DE6C}.CodeAnalysis|iPhoneSimulator.Build.0 = Release|iPhoneSimulator
		{2B75A9C8-F891-4F78-9E27-8B6FE972DE6C}.CodeAnalysis|Mixed Platforms.ActiveCfg = Release|iPhoneSimulator
		{2B75A9C8-F891-4F78-9E27-8B6FE972DE6C}.CodeAnalysis|Mixed Platforms.Build.0 = Release|iPhoneSimulator
		{2B75A9C8-F891-4F78-9E27-8B6FE972DE6C}.Debug|Any CPU.ActiveCfg = Debug|iPhone
		{2B75A9C8-F891-4F78-9E27-8B6FE972DE6C}.Debug|iPhone.ActiveCfg = Debug|iPhone
		{2B75A9C8-F891-4F78-9E27-8B6FE972DE6C}.Debug|iPhone.Build.0 = Debug|iPhone
		{2B75A9C8-F891-4F78-9E27-8B6FE972DE6C}.Debug|iPhoneSimulator.ActiveCfg = Debug|iPhoneSimulator
		{2B75A9C8-F891-4F78-9E27-8B6FE972DE6C}.Debug|iPhoneSimulator.Build.0 = Debug|iPhoneSimulator
		{2B75A9C8-F891-4F78-9E27-8B6FE972DE6C}.Debug|Mixed Platforms.ActiveCfg = Debug|iPhone
		{2B75A9C8-F891-4F78-9E27-8B6FE972DE6C}.Debug|Mixed Platforms.Build.0 = Debug|iPhone
		{2B75A9C8-F891-4F78-9E27-8B6FE972DE6C}.Instrument|Any CPU.ActiveCfg = Release|iPhoneSimulator
		{2B75A9C8-F891-4F78-9E27-8B6FE972DE6C}.Instrument|Any CPU.Build.0 = Release|iPhoneSimulator
		{2B75A9C8-F891-4F78-9E27-8B6FE972DE6C}.Instrument|iPhone.ActiveCfg = Release|iPhone
		{2B75A9C8-F891-4F78-9E27-8B6FE972DE6C}.Instrument|iPhone.Build.0 = Release|iPhone
		{2B75A9C8-F891-4F78-9E27-8B6FE972DE6C}.Instrument|iPhoneSimulator.ActiveCfg = Release|iPhoneSimulator
		{2B75A9C8-F891-4F78-9E27-8B6FE972DE6C}.Instrument|iPhoneSimulator.Build.0 = Release|iPhoneSimulator
		{2B75A9C8-F891-4F78-9E27-8B6FE972DE6C}.Instrument|Mixed Platforms.ActiveCfg = Release|iPhoneSimulator
		{2B75A9C8-F891-4F78-9E27-8B6FE972DE6C}.Instrument|Mixed Platforms.Build.0 = Release|iPhoneSimulator
		{2B75A9C8-F891-4F78-9E27-8B6FE972DE6C}.PerformanceTest|Any CPU.ActiveCfg = Release|iPhoneSimulator
		{2B75A9C8-F891-4F78-9E27-8B6FE972DE6C}.PerformanceTest|Any CPU.Build.0 = Release|iPhoneSimulator
		{2B75A9C8-F891-4F78-9E27-8B6FE972DE6C}.PerformanceTest|iPhone.ActiveCfg = Release|iPhone
		{2B75A9C8-F891-4F78-9E27-8B6FE972DE6C}.PerformanceTest|iPhone.Build.0 = Release|iPhone
		{2B75A9C8-F891-4F78-9E27-8B6FE972DE6C}.PerformanceTest|iPhoneSimulator.ActiveCfg = Release|iPhoneSimulator
		{2B75A9C8-F891-4F78-9E27-8B6FE972DE6C}.PerformanceTest|iPhoneSimulator.Build.0 = Release|iPhoneSimulator
		{2B75A9C8-F891-4F78-9E27-8B6FE972DE6C}.PerformanceTest|Mixed Platforms.ActiveCfg = Release|iPhoneSimulator
		{2B75A9C8-F891-4F78-9E27-8B6FE972DE6C}.PerformanceTest|Mixed Platforms.Build.0 = Release|iPhoneSimulator
		{2B75A9C8-F891-4F78-9E27-8B6FE972DE6C}.Release|Any CPU.ActiveCfg = Release|iPhone
		{2B75A9C8-F891-4F78-9E27-8B6FE972DE6C}.Release|iPhone.ActiveCfg = Release|iPhone
		{2B75A9C8-F891-4F78-9E27-8B6FE972DE6C}.Release|iPhone.Build.0 = Release|iPhone
		{2B75A9C8-F891-4F78-9E27-8B6FE972DE6C}.Release|iPhoneSimulator.ActiveCfg = Release|iPhoneSimulator
		{2B75A9C8-F891-4F78-9E27-8B6FE972DE6C}.Release|iPhoneSimulator.Build.0 = Release|iPhoneSimulator
		{2B75A9C8-F891-4F78-9E27-8B6FE972DE6C}.Release|Mixed Platforms.ActiveCfg = Release|iPhone
		{5BCEC32E-990E-4DE5-945F-BD27326A7418}.Ad-Hoc|Any CPU.ActiveCfg = Release|Any CPU
		{5BCEC32E-990E-4DE5-945F-BD27326A7418}.Ad-Hoc|Any CPU.Build.0 = Release|Any CPU
		{5BCEC32E-990E-4DE5-945F-BD27326A7418}.Ad-Hoc|iPhone.ActiveCfg = Release|Any CPU
		{5BCEC32E-990E-4DE5-945F-BD27326A7418}.Ad-Hoc|iPhone.Build.0 = Release|Any CPU
		{5BCEC32E-990E-4DE5-945F-BD27326A7418}.Ad-Hoc|iPhoneSimulator.ActiveCfg = Release|Any CPU
		{5BCEC32E-990E-4DE5-945F-BD27326A7418}.Ad-Hoc|iPhoneSimulator.Build.0 = Release|Any CPU
		{5BCEC32E-990E-4DE5-945F-BD27326A7418}.Ad-Hoc|Mixed Platforms.ActiveCfg = Release|Any CPU
		{5BCEC32E-990E-4DE5-945F-BD27326A7418}.Ad-Hoc|Mixed Platforms.Build.0 = Release|Any CPU
		{5BCEC32E-990E-4DE5-945F-BD27326A7418}.AppStore|Any CPU.ActiveCfg = Release|Any CPU
		{5BCEC32E-990E-4DE5-945F-BD27326A7418}.AppStore|Any CPU.Build.0 = Release|Any CPU
		{5BCEC32E-990E-4DE5-945F-BD27326A7418}.AppStore|iPhone.ActiveCfg = Release|Any CPU
		{5BCEC32E-990E-4DE5-945F-BD27326A7418}.AppStore|iPhone.Build.0 = Release|Any CPU
		{5BCEC32E-990E-4DE5-945F-BD27326A7418}.AppStore|iPhoneSimulator.ActiveCfg = Release|Any CPU
		{5BCEC32E-990E-4DE5-945F-BD27326A7418}.AppStore|iPhoneSimulator.Build.0 = Release|Any CPU
		{5BCEC32E-990E-4DE5-945F-BD27326A7418}.AppStore|Mixed Platforms.ActiveCfg = Release|Any CPU
		{5BCEC32E-990E-4DE5-945F-BD27326A7418}.AppStore|Mixed Platforms.Build.0 = Release|Any CPU
		{5BCEC32E-990E-4DE5-945F-BD27326A7418}.CodeAnalysis|Any CPU.ActiveCfg = Release|Any CPU
		{5BCEC32E-990E-4DE5-945F-BD27326A7418}.CodeAnalysis|Any CPU.Build.0 = Release|Any CPU
		{5BCEC32E-990E-4DE5-945F-BD27326A7418}.CodeAnalysis|iPhone.ActiveCfg = Release|Any CPU
		{5BCEC32E-990E-4DE5-945F-BD27326A7418}.CodeAnalysis|iPhone.Build.0 = Release|Any CPU
		{5BCEC32E-990E-4DE5-945F-BD27326A7418}.CodeAnalysis|iPhoneSimulator.ActiveCfg = Release|Any CPU
		{5BCEC32E-990E-4DE5-945F-BD27326A7418}.CodeAnalysis|iPhoneSimulator.Build.0 = Release|Any CPU
		{5BCEC32E-990E-4DE5-945F-BD27326A7418}.CodeAnalysis|Mixed Platforms.ActiveCfg = Release|Any CPU
		{5BCEC32E-990E-4DE5-945F-BD27326A7418}.CodeAnalysis|Mixed Platforms.Build.0 = Release|Any CPU
		{5BCEC32E-990E-4DE5-945F-BD27326A7418}.Debug|Any CPU.ActiveCfg = Debug|Any CPU
		{5BCEC32E-990E-4DE5-945F-BD27326A7418}.Debug|Any CPU.Build.0 = Debug|Any CPU
		{5BCEC32E-990E-4DE5-945F-BD27326A7418}.Debug|iPhone.ActiveCfg = Debug|Any CPU
		{5BCEC32E-990E-4DE5-945F-BD27326A7418}.Debug|iPhone.Build.0 = Debug|Any CPU
		{5BCEC32E-990E-4DE5-945F-BD27326A7418}.Debug|iPhoneSimulator.ActiveCfg = Debug|Any CPU
		{5BCEC32E-990E-4DE5-945F-BD27326A7418}.Debug|iPhoneSimulator.Build.0 = Debug|Any CPU
		{5BCEC32E-990E-4DE5-945F-BD27326A7418}.Debug|Mixed Platforms.ActiveCfg = Debug|Any CPU
		{5BCEC32E-990E-4DE5-945F-BD27326A7418}.Debug|Mixed Platforms.Build.0 = Debug|Any CPU
		{5BCEC32E-990E-4DE5-945F-BD27326A7418}.Instrument|Any CPU.ActiveCfg = Release|Any CPU
		{5BCEC32E-990E-4DE5-945F-BD27326A7418}.Instrument|Any CPU.Build.0 = Release|Any CPU
		{5BCEC32E-990E-4DE5-945F-BD27326A7418}.Instrument|iPhone.ActiveCfg = Release|Any CPU
		{5BCEC32E-990E-4DE5-945F-BD27326A7418}.Instrument|iPhone.Build.0 = Release|Any CPU
		{5BCEC32E-990E-4DE5-945F-BD27326A7418}.Instrument|iPhoneSimulator.ActiveCfg = Release|Any CPU
		{5BCEC32E-990E-4DE5-945F-BD27326A7418}.Instrument|iPhoneSimulator.Build.0 = Release|Any CPU
		{5BCEC32E-990E-4DE5-945F-BD27326A7418}.Instrument|Mixed Platforms.ActiveCfg = Release|Any CPU
		{5BCEC32E-990E-4DE5-945F-BD27326A7418}.Instrument|Mixed Platforms.Build.0 = Release|Any CPU
		{5BCEC32E-990E-4DE5-945F-BD27326A7418}.PerformanceTest|Any CPU.ActiveCfg = Release|Any CPU
		{5BCEC32E-990E-4DE5-945F-BD27326A7418}.PerformanceTest|Any CPU.Build.0 = Release|Any CPU
		{5BCEC32E-990E-4DE5-945F-BD27326A7418}.PerformanceTest|iPhone.ActiveCfg = Release|Any CPU
		{5BCEC32E-990E-4DE5-945F-BD27326A7418}.PerformanceTest|iPhone.Build.0 = Release|Any CPU
		{5BCEC32E-990E-4DE5-945F-BD27326A7418}.PerformanceTest|iPhoneSimulator.ActiveCfg = Release|Any CPU
		{5BCEC32E-990E-4DE5-945F-BD27326A7418}.PerformanceTest|iPhoneSimulator.Build.0 = Release|Any CPU
		{5BCEC32E-990E-4DE5-945F-BD27326A7418}.PerformanceTest|Mixed Platforms.ActiveCfg = Release|Any CPU
		{5BCEC32E-990E-4DE5-945F-BD27326A7418}.PerformanceTest|Mixed Platforms.Build.0 = Release|Any CPU
		{5BCEC32E-990E-4DE5-945F-BD27326A7418}.Release|Any CPU.ActiveCfg = Release|Any CPU
		{5BCEC32E-990E-4DE5-945F-BD27326A7418}.Release|Any CPU.Build.0 = Release|Any CPU
		{5BCEC32E-990E-4DE5-945F-BD27326A7418}.Release|iPhone.ActiveCfg = Release|Any CPU
		{5BCEC32E-990E-4DE5-945F-BD27326A7418}.Release|iPhone.Build.0 = Release|Any CPU
		{5BCEC32E-990E-4DE5-945F-BD27326A7418}.Release|iPhoneSimulator.ActiveCfg = Release|Any CPU
		{5BCEC32E-990E-4DE5-945F-BD27326A7418}.Release|iPhoneSimulator.Build.0 = Release|Any CPU
		{5BCEC32E-990E-4DE5-945F-BD27326A7418}.Release|Mixed Platforms.ActiveCfg = Release|Any CPU
		{5BCEC32E-990E-4DE5-945F-BD27326A7418}.Release|Mixed Platforms.Build.0 = Release|Any CPU
	EndGlobalSection
	GlobalSection(SolutionProperties) = preSolution
		HideSolutionNode = FALSE
	EndGlobalSection
	GlobalSection(NestedProjects) = preSolution
		{5EDECDB4-5179-4441-974F-EC26B4F54528} = {87A17015-9338-431E-B338-57BDA03984C1}
		{2B75A9C8-F891-4F78-9E27-8B6FE972DE6C} = {87A17015-9338-431E-B338-57BDA03984C1}
		{5BCEC32E-990E-4DE5-945F-BD27326A7418} = {1BD5D488-707E-4030-8AE8-80D93D04963F}
	EndGlobalSection
	GlobalSection(ExtensibilityGlobals) = postSolution
		SolutionGuid = {D6D6995F-870D-4920-9CA2-42FE54F45E5E}
	EndGlobalSection
	GlobalSection(MonoDevelopProperties) = preSolution
		StartupItem = src\MsgPack.Xamarin.Android\MsgPack.Xamarin.Android.csproj
		Policies = $0
		$0.TextStylePolicy = $1
		$1.inheritsSet = null
		$1.scope = text/x-csharp
		$0.CSharpFormattingPolicy = $2
		$2.IndentPreprocessorDirectives = False
		$2.AfterDelegateDeclarationParameterComma = True
		$2.inheritsSet = Mono
		$2.inheritsScope = text/x-csharp
		$2.scope = text/x-csharp
	EndGlobalSection
EndGlobal
