
Microsoft Visual Studio Solution File, Format Version 12.00
# Visual Studio 15
VisualStudioVersion = 15.0.26228.9
MinimumVisualStudioVersion = 10.0.40219.1
Project("{2150E333-8FDC-42A3-9474-1A3956D46DE8}") = "common", "common", "{60EC42E9-D79B-4ADF-8F80-4DCD580061FD}"
	ProjectSection(SolutionItems) = preProject
		src\CommonAssemblyInfo.cs = src\CommonAssemblyInfo.cs
	EndProjectSection
EndProject
Project("{2150E333-8FDC-42A3-9474-1A3956D46DE8}") = "src", "src", "{1BD5D488-707E-4030-8AE8-80D93D04963F}"
EndProject
Project("{2150E333-8FDC-42A3-9474-1A3956D46DE8}") = "test", "test", "{87A17015-9338-431E-B338-57BDA03984C1}"
EndProject
Project("{2150E333-8FDC-42A3-9474-1A3956D46DE8}") = ".nuget", ".nuget", "{DB9CF5EC-73DA-4AEB-BC6B-AF4260009E8B}"
	ProjectSection(SolutionItems) = preProject
		.nuget\NuGet.exe = .nuget\NuGet.exe
		.nuget\NuGet.targets = .nuget\NuGet.targets
	EndProjectSection
EndProject
Project("{2150E333-8FDC-42A3-9474-1A3956D46DE8}") = "Unity", "Unity", "{936467D2-1DD3-4243-BBB4-FCCB2CA1E3AC}"
EndProject
Project("{2150E333-8FDC-42A3-9474-1A3956D46DE8}") = "NUnitLite", "NUnitLite", "{767C2A1C-53F8-4048-BE02-CB4393B1CEB6}"
EndProject
Project("{FAE04EC0-301F-11D3-BF4B-00C04F79EFBC}") = "NUnitLiteRunner", "test\NUnitLiteRunner\NUnitLiteRunner.csproj", "{12047296-B817-4C1A-B01B-5E619F72E407}"
EndProject
Project("{FAE04EC0-301F-11D3-BF4B-00C04F79EFBC}") = "MsgPack.UnitTest.Unity.Il2cpp.Full.Desktop", "test\MsgPack.UnitTest.Unity.Il2cpp.Full.Desktop\MsgPack.UnitTest.Unity.Il2cpp.Full.Desktop.csproj", "{46C5B3D9-45E8-46B6-89F7-837D52C6187A}"
EndProject
Project("{FAE04EC0-301F-11D3-BF4B-00C04F79EFBC}") = "MsgPack.Unity.Full", "src\MsgPack.Unity.Full\MsgPack.Unity.Full.csproj", "{30581B4A-BCA5-4446-B5E7-4F890A3E9514}"
EndProject
Project("{FAE04EC0-301F-11D3-BF4B-00C04F79EFBC}") = "MsgPack.Unity", "src\MsgPack.Unity\MsgPack.Unity.csproj", "{04774100-60EE-4FD5-ACED-593394DFF7B7}"
EndProject
Project("{FAE04EC0-301F-11D3-BF4B-00C04F79EFBC}") = "nunitlite-3.5", "test\NUnitLite\NUnitFramework\nunitlite\nunitlite-3.5.csproj", "{82F93F6E-5C10-4CC7-BC65-AC0B9CA6D39A}"
EndProject
Project("{FAE04EC0-301F-11D3-BF4B-00C04F79EFBC}") = "nunit.framework-3.5", "test\NUnitLite\NUnitFramework\framework\nunit.framework-3.5.csproj", "{7FA125B4-E377-4D4C-AECB-17B934E3A4B3}"
EndProject
Global
	GlobalSection(SolutionConfigurationPlatforms) = preSolution
		CodeAnalysis|Any CPU = CodeAnalysis|Any CPU
		CodeAnalysis|ARM = CodeAnalysis|ARM
		CodeAnalysis|x64 = CodeAnalysis|x64
		CodeAnalysis|x86 = CodeAnalysis|x86
		CoreProfile|Any CPU = CoreProfile|Any CPU
		CoreProfile|ARM = CoreProfile|ARM
		CoreProfile|x64 = CoreProfile|x64
		CoreProfile|x86 = CoreProfile|x86
		Debug|Any CPU = Debug|Any CPU
		Debug|ARM = Debug|ARM
		Debug|x64 = Debug|x64
		Debug|x86 = Debug|x86
		Instrument|Any CPU = Instrument|Any CPU
		Instrument|ARM = Instrument|ARM
		Instrument|x64 = Instrument|x64
		Instrument|x86 = Instrument|x86
		PerformanceTest|Any CPU = PerformanceTest|Any CPU
		PerformanceTest|ARM = PerformanceTest|ARM
		PerformanceTest|x64 = PerformanceTest|x64
		PerformanceTest|x86 = PerformanceTest|x86
		Release|Any CPU = Release|Any CPU
		Release|ARM = Release|ARM
		Release|x64 = Release|x64
		Release|x86 = Release|x86
	EndGlobalSection
	GlobalSection(ProjectConfigurationPlatforms) = postSolution
		{12047296-B817-4C1A-B01B-5E619F72E407}.CodeAnalysis|Any CPU.ActiveCfg = Release|Any CPU
		{12047296-B817-4C1A-B01B-5E619F72E407}.CodeAnalysis|ARM.ActiveCfg = Release|Any CPU
		{12047296-B817-4C1A-B01B-5E619F72E407}.CodeAnalysis|x64.ActiveCfg = Release|Any CPU
		{12047296-B817-4C1A-B01B-5E619F72E407}.CodeAnalysis|x86.ActiveCfg = Release|Any CPU
		{12047296-B817-4C1A-B01B-5E619F72E407}.CoreProfile|Any CPU.ActiveCfg = Release|Any CPU
		{12047296-B817-4C1A-B01B-5E619F72E407}.CoreProfile|Any CPU.Build.0 = Release|Any CPU
		{12047296-B817-4C1A-B01B-5E619F72E407}.CoreProfile|ARM.ActiveCfg = Release|Any CPU
		{12047296-B817-4C1A-B01B-5E619F72E407}.CoreProfile|x64.ActiveCfg = Release|Any CPU
		{12047296-B817-4C1A-B01B-5E619F72E407}.CoreProfile|x86.ActiveCfg = Release|Any CPU
		{12047296-B817-4C1A-B01B-5E619F72E407}.Debug|Any CPU.ActiveCfg = Debug|Any CPU
		{12047296-B817-4C1A-B01B-5E619F72E407}.Debug|Any CPU.Build.0 = Debug|Any CPU
		{12047296-B817-4C1A-B01B-5E619F72E407}.Debug|ARM.ActiveCfg = Debug|Any CPU
		{12047296-B817-4C1A-B01B-5E619F72E407}.Debug|x64.ActiveCfg = Debug|Any CPU
		{12047296-B817-4C1A-B01B-5E619F72E407}.Debug|x86.ActiveCfg = Debug|Any CPU
		{12047296-B817-4C1A-B01B-5E619F72E407}.Instrument|Any CPU.ActiveCfg = Release|Any CPU
		{12047296-B817-4C1A-B01B-5E619F72E407}.Instrument|Any CPU.Build.0 = Release|Any CPU
		{12047296-B817-4C1A-B01B-5E619F72E407}.Instrument|ARM.ActiveCfg = Release|Any CPU
		{12047296-B817-4C1A-B01B-5E619F72E407}.Instrument|x64.ActiveCfg = Release|Any CPU
		{12047296-B817-4C1A-B01B-5E619F72E407}.Instrument|x86.ActiveCfg = Release|Any CPU
		{12047296-B817-4C1A-B01B-5E619F72E407}.PerformanceTest|Any CPU.ActiveCfg = Release|Any CPU
		{12047296-B817-4C1A-B01B-5E619F72E407}.PerformanceTest|Any CPU.Build.0 = Release|Any CPU
		{12047296-B817-4C1A-B01B-5E619F72E407}.PerformanceTest|ARM.ActiveCfg = Release|Any CPU
		{12047296-B817-4C1A-B01B-5E619F72E407}.PerformanceTest|x64.ActiveCfg = Release|Any CPU
		{12047296-B817-4C1A-B01B-5E619F72E407}.PerformanceTest|x86.ActiveCfg = Release|Any CPU
		{12047296-B817-4C1A-B01B-5E619F72E407}.Release|Any CPU.ActiveCfg = Release|Any CPU
		{12047296-B817-4C1A-B01B-5E619F72E407}.Release|ARM.ActiveCfg = Release|Any CPU
		{12047296-B817-4C1A-B01B-5E619F72E407}.Release|x64.ActiveCfg = Release|Any CPU
		{12047296-B817-4C1A-B01B-5E619F72E407}.Release|x86.ActiveCfg = Release|Any CPU
		{46C5B3D9-45E8-46B6-89F7-837D52C6187A}.CodeAnalysis|Any CPU.ActiveCfg = Release|Any CPU
		{46C5B3D9-45E8-46B6-89F7-837D52C6187A}.CodeAnalysis|ARM.ActiveCfg = Release|Any CPU
		{46C5B3D9-45E8-46B6-89F7-837D52C6187A}.CodeAnalysis|x64.ActiveCfg = Release|Any CPU
		{46C5B3D9-45E8-46B6-89F7-837D52C6187A}.CodeAnalysis|x86.ActiveCfg = Release|Any CPU
		{46C5B3D9-45E8-46B6-89F7-837D52C6187A}.CoreProfile|Any CPU.ActiveCfg = Release|Any CPU
		{46C5B3D9-45E8-46B6-89F7-837D52C6187A}.CoreProfile|Any CPU.Build.0 = Release|Any CPU
		{46C5B3D9-45E8-46B6-89F7-837D52C6187A}.CoreProfile|ARM.ActiveCfg = Release|Any CPU
		{46C5B3D9-45E8-46B6-89F7-837D52C6187A}.CoreProfile|x64.ActiveCfg = Release|Any CPU
		{46C5B3D9-45E8-46B6-89F7-837D52C6187A}.CoreProfile|x86.ActiveCfg = Release|Any CPU
		{46C5B3D9-45E8-46B6-89F7-837D52C6187A}.Debug|Any CPU.ActiveCfg = Debug|Any CPU
		{46C5B3D9-45E8-46B6-89F7-837D52C6187A}.Debug|Any CPU.Build.0 = Debug|Any CPU
		{46C5B3D9-45E8-46B6-89F7-837D52C6187A}.Debug|ARM.ActiveCfg = Debug|Any CPU
		{46C5B3D9-45E8-46B6-89F7-837D52C6187A}.Debug|x64.ActiveCfg = Debug|Any CPU
		{46C5B3D9-45E8-46B6-89F7-837D52C6187A}.Debug|x86.ActiveCfg = Debug|Any CPU
		{46C5B3D9-45E8-46B6-89F7-837D52C6187A}.Instrument|Any CPU.ActiveCfg = Release|Any CPU
		{46C5B3D9-45E8-46B6-89F7-837D52C6187A}.Instrument|Any CPU.Build.0 = Release|Any CPU
		{46C5B3D9-45E8-46B6-89F7-837D52C6187A}.Instrument|ARM.ActiveCfg = Release|Any CPU
		{46C5B3D9-45E8-46B6-89F7-837D52C6187A}.Instrument|x64.ActiveCfg = Release|Any CPU
		{46C5B3D9-45E8-46B6-89F7-837D52C6187A}.Instrument|x86.ActiveCfg = Release|Any CPU
		{46C5B3D9-45E8-46B6-89F7-837D52C6187A}.PerformanceTest|Any CPU.ActiveCfg = Release|Any CPU
		{46C5B3D9-45E8-46B6-89F7-837D52C6187A}.PerformanceTest|Any CPU.Build.0 = Release|Any CPU
		{46C5B3D9-45E8-46B6-89F7-837D52C6187A}.PerformanceTest|ARM.ActiveCfg = Release|Any CPU
		{46C5B3D9-45E8-46B6-89F7-837D52C6187A}.PerformanceTest|x64.ActiveCfg = Release|Any CPU
		{46C5B3D9-45E8-46B6-89F7-837D52C6187A}.PerformanceTest|x86.ActiveCfg = Release|Any CPU
		{46C5B3D9-45E8-46B6-89F7-837D52C6187A}.Release|Any CPU.ActiveCfg = Release|Any CPU
		{46C5B3D9-45E8-46B6-89F7-837D52C6187A}.Release|ARM.ActiveCfg = Release|Any CPU
		{46C5B3D9-45E8-46B6-89F7-837D52C6187A}.Release|x64.ActiveCfg = Release|Any CPU
		{46C5B3D9-45E8-46B6-89F7-837D52C6187A}.Release|x86.ActiveCfg = Release|Any CPU
		{30581B4A-BCA5-4446-B5E7-4F890A3E9514}.CodeAnalysis|Any CPU.ActiveCfg = CodeAnalysis|Any CPU
		{30581B4A-BCA5-4446-B5E7-4F890A3E9514}.CodeAnalysis|Any CPU.Build.0 = CodeAnalysis|Any CPU
		{30581B4A-BCA5-4446-B5E7-4F890A3E9514}.CodeAnalysis|ARM.ActiveCfg = CodeAnalysis|Any CPU
		{30581B4A-BCA5-4446-B5E7-4F890A3E9514}.CodeAnalysis|x64.ActiveCfg = CodeAnalysis|Any CPU
		{30581B4A-BCA5-4446-B5E7-4F890A3E9514}.CodeAnalysis|x86.ActiveCfg = CodeAnalysis|Any CPU
		{30581B4A-BCA5-4446-B5E7-4F890A3E9514}.CoreProfile|Any CPU.ActiveCfg = CodeAnalysis|Any CPU
		{30581B4A-BCA5-4446-B5E7-4F890A3E9514}.CoreProfile|Any CPU.Build.0 = CodeAnalysis|Any CPU
		{30581B4A-BCA5-4446-B5E7-4F890A3E9514}.CoreProfile|ARM.ActiveCfg = CodeAnalysis|Any CPU
		{30581B4A-BCA5-4446-B5E7-4F890A3E9514}.CoreProfile|x64.ActiveCfg = CodeAnalysis|Any CPU
		{30581B4A-BCA5-4446-B5E7-4F890A3E9514}.CoreProfile|x86.ActiveCfg = CodeAnalysis|Any CPU
		{30581B4A-BCA5-4446-B5E7-4F890A3E9514}.Debug|Any CPU.ActiveCfg = Debug|Any CPU
		{30581B4A-BCA5-4446-B5E7-4F890A3E9514}.Debug|Any CPU.Build.0 = Debug|Any CPU
		{30581B4A-BCA5-4446-B5E7-4F890A3E9514}.Debug|ARM.ActiveCfg = Debug|Any CPU
		{30581B4A-BCA5-4446-B5E7-4F890A3E9514}.Debug|x64.ActiveCfg = Debug|Any CPU
		{30581B4A-BCA5-4446-B5E7-4F890A3E9514}.Debug|x86.ActiveCfg = Debug|Any CPU
		{30581B4A-BCA5-4446-B5E7-4F890A3E9514}.Instrument|Any CPU.ActiveCfg = CodeAnalysis|Any CPU
		{30581B4A-BCA5-4446-B5E7-4F890A3E9514}.Instrument|Any CPU.Build.0 = CodeAnalysis|Any CPU
		{30581B4A-BCA5-4446-B5E7-4F890A3E9514}.Instrument|ARM.ActiveCfg = CodeAnalysis|Any CPU
		{30581B4A-BCA5-4446-B5E7-4F890A3E9514}.Instrument|x64.ActiveCfg = CodeAnalysis|Any CPU
		{30581B4A-BCA5-4446-B5E7-4F890A3E9514}.Instrument|x86.ActiveCfg = CodeAnalysis|Any CPU
		{30581B4A-BCA5-4446-B5E7-4F890A3E9514}.PerformanceTest|Any CPU.ActiveCfg = CodeAnalysis|Any CPU
		{30581B4A-BCA5-4446-B5E7-4F890A3E9514}.PerformanceTest|Any CPU.Build.0 = CodeAnalysis|Any CPU
		{30581B4A-BCA5-4446-B5E7-4F890A3E9514}.PerformanceTest|ARM.ActiveCfg = CodeAnalysis|Any CPU
		{30581B4A-BCA5-4446-B5E7-4F890A3E9514}.PerformanceTest|x64.ActiveCfg = CodeAnalysis|Any CPU
		{30581B4A-BCA5-4446-B5E7-4F890A3E9514}.PerformanceTest|x86.ActiveCfg = CodeAnalysis|Any CPU
		{30581B4A-BCA5-4446-B5E7-4F890A3E9514}.Release|Any CPU.ActiveCfg = Release|Any CPU
		{30581B4A-BCA5-4446-B5E7-4F890A3E9514}.Release|Any CPU.Build.0 = Release|Any CPU
		{30581B4A-BCA5-4446-B5E7-4F890A3E9514}.Release|ARM.ActiveCfg = Release|Any CPU
		{30581B4A-BCA5-4446-B5E7-4F890A3E9514}.Release|x64.ActiveCfg = Release|Any CPU
		{30581B4A-BCA5-4446-B5E7-4F890A3E9514}.Release|x86.ActiveCfg = Release|Any CPU
		{04774100-60EE-4FD5-ACED-593394DFF7B7}.CodeAnalysis|Any CPU.ActiveCfg = CodeAnalysis|Any CPU
		{04774100-60EE-4FD5-ACED-593394DFF7B7}.CodeAnalysis|Any CPU.Build.0 = CodeAnalysis|Any CPU
		{04774100-60EE-4FD5-ACED-593394DFF7B7}.CodeAnalysis|ARM.ActiveCfg = CodeAnalysis|Any CPU
		{04774100-60EE-4FD5-ACED-593394DFF7B7}.CodeAnalysis|x64.ActiveCfg = CodeAnalysis|Any CPU
		{04774100-60EE-4FD5-ACED-593394DFF7B7}.CodeAnalysis|x86.ActiveCfg = CodeAnalysis|Any CPU
		{04774100-60EE-4FD5-ACED-593394DFF7B7}.CoreProfile|Any CPU.ActiveCfg = CodeAnalysis|Any CPU
		{04774100-60EE-4FD5-ACED-593394DFF7B7}.CoreProfile|Any CPU.Build.0 = CodeAnalysis|Any CPU
		{04774100-60EE-4FD5-ACED-593394DFF7B7}.CoreProfile|ARM.ActiveCfg = CodeAnalysis|Any CPU
		{04774100-60EE-4FD5-ACED-593394DFF7B7}.CoreProfile|x64.ActiveCfg = CodeAnalysis|Any CPU
		{04774100-60EE-4FD5-ACED-593394DFF7B7}.CoreProfile|x86.ActiveCfg = CodeAnalysis|Any CPU
		{04774100-60EE-4FD5-ACED-593394DFF7B7}.Debug|Any CPU.ActiveCfg = Debug|Any CPU
		{04774100-60EE-4FD5-ACED-593394DFF7B7}.Debug|Any CPU.Build.0 = Debug|Any CPU
		{04774100-60EE-4FD5-ACED-593394DFF7B7}.Debug|ARM.ActiveCfg = Debug|Any CPU
		{04774100-60EE-4FD5-ACED-593394DFF7B7}.Debug|x64.ActiveCfg = Debug|Any CPU
		{04774100-60EE-4FD5-ACED-593394DFF7B7}.Debug|x86.ActiveCfg = Debug|Any CPU
		{04774100-60EE-4FD5-ACED-593394DFF7B7}.Instrument|Any CPU.ActiveCfg = CodeAnalysis|Any CPU
		{04774100-60EE-4FD5-ACED-593394DFF7B7}.Instrument|Any CPU.Build.0 = CodeAnalysis|Any CPU
		{04774100-60EE-4FD5-ACED-593394DFF7B7}.Instrument|ARM.ActiveCfg = CodeAnalysis|Any CPU
		{04774100-60EE-4FD5-ACED-593394DFF7B7}.Instrument|x64.ActiveCfg = CodeAnalysis|Any CPU
		{04774100-60EE-4FD5-ACED-593394DFF7B7}.Instrument|x86.ActiveCfg = CodeAnalysis|Any CPU
		{04774100-60EE-4FD5-ACED-593394DFF7B7}.PerformanceTest|Any CPU.ActiveCfg = CodeAnalysis|Any CPU
		{04774100-60EE-4FD5-ACED-593394DFF7B7}.PerformanceTest|Any CPU.Build.0 = CodeAnalysis|Any CPU
		{04774100-60EE-4FD5-ACED-593394DFF7B7}.PerformanceTest|ARM.ActiveCfg = CodeAnalysis|Any CPU
		{04774100-60EE-4FD5-ACED-593394DFF7B7}.PerformanceTest|x64.ActiveCfg = CodeAnalysis|Any CPU
		{04774100-60EE-4FD5-ACED-593394DFF7B7}.PerformanceTest|x86.ActiveCfg = CodeAnalysis|Any CPU
		{04774100-60EE-4FD5-ACED-593394DFF7B7}.Release|Any CPU.ActiveCfg = Release|Any CPU
		{04774100-60EE-4FD5-ACED-593394DFF7B7}.Release|Any CPU.Build.0 = Release|Any CPU
		{04774100-60EE-4FD5-ACED-593394DFF7B7}.Release|ARM.ActiveCfg = Release|Any CPU
		{04774100-60EE-4FD5-ACED-593394DFF7B7}.Release|x64.ActiveCfg = Release|Any CPU
		{04774100-60EE-4FD5-ACED-593394DFF7B7}.Release|x86.ActiveCfg = Release|Any CPU
		{82F93F6E-5C10-4CC7-BC65-AC0B9CA6D39A}.CodeAnalysis|Any CPU.ActiveCfg = Release|Any CPU
		{82F93F6E-5C10-4CC7-BC65-AC0B9CA6D39A}.CodeAnalysis|Any CPU.Build.0 = Release|Any CPU
		{82F93F6E-5C10-4CC7-BC65-AC0B9CA6D39A}.CodeAnalysis|ARM.ActiveCfg = Release|Any CPU
		{82F93F6E-5C10-4CC7-BC65-AC0B9CA6D39A}.CodeAnalysis|ARM.Build.0 = Release|Any CPU
		{82F93F6E-5C10-4CC7-BC65-AC0B9CA6D39A}.CodeAnalysis|x64.ActiveCfg = Release|Any CPU
		{82F93F6E-5C10-4CC7-BC65-AC0B9CA6D39A}.CodeAnalysis|x64.Build.0 = Release|Any CPU
		{82F93F6E-5C10-4CC7-BC65-AC0B9CA6D39A}.CodeAnalysis|x86.ActiveCfg = Release|Any CPU
		{82F93F6E-5C10-4CC7-BC65-AC0B9CA6D39A}.CodeAnalysis|x86.Build.0 = Release|Any CPU
		{82F93F6E-5C10-4CC7-BC65-AC0B9CA6D39A}.CoreProfile|Any CPU.ActiveCfg = Release|Any CPU
		{82F93F6E-5C10-4CC7-BC65-AC0B9CA6D39A}.CoreProfile|Any CPU.Build.0 = Release|Any CPU
		{82F93F6E-5C10-4CC7-BC65-AC0B9CA6D39A}.CoreProfile|ARM.ActiveCfg = Release|Any CPU
		{82F93F6E-5C10-4CC7-BC65-AC0B9CA6D39A}.CoreProfile|ARM.Build.0 = Release|Any CPU
		{82F93F6E-5C10-4CC7-BC65-AC0B9CA6D39A}.CoreProfile|x64.ActiveCfg = Release|Any CPU
		{82F93F6E-5C10-4CC7-BC65-AC0B9CA6D39A}.CoreProfile|x64.Build.0 = Release|Any CPU
		{82F93F6E-5C10-4CC7-BC65-AC0B9CA6D39A}.CoreProfile|x86.ActiveCfg = Release|Any CPU
		{82F93F6E-5C10-4CC7-BC65-AC0B9CA6D39A}.CoreProfile|x86.Build.0 = Release|Any CPU
		{82F93F6E-5C10-4CC7-BC65-AC0B9CA6D39A}.Debug|Any CPU.ActiveCfg = Debug|Any CPU
		{82F93F6E-5C10-4CC7-BC65-AC0B9CA6D39A}.Debug|Any CPU.Build.0 = Debug|Any CPU
		{82F93F6E-5C10-4CC7-BC65-AC0B9CA6D39A}.Debug|ARM.ActiveCfg = Debug|Any CPU
		{82F93F6E-5C10-4CC7-BC65-AC0B9CA6D39A}.Debug|ARM.Build.0 = Debug|Any CPU
		{82F93F6E-5C10-4CC7-BC65-AC0B9CA6D39A}.Debug|x64.ActiveCfg = Debug|Any CPU
		{82F93F6E-5C10-4CC7-BC65-AC0B9CA6D39A}.Debug|x64.Build.0 = Debug|Any CPU
		{82F93F6E-5C10-4CC7-BC65-AC0B9CA6D39A}.Debug|x86.ActiveCfg = Debug|Any CPU
		{82F93F6E-5C10-4CC7-BC65-AC0B9CA6D39A}.Debug|x86.Build.0 = Debug|Any CPU
		{82F93F6E-5C10-4CC7-BC65-AC0B9CA6D39A}.Instrument|Any CPU.ActiveCfg = Release|Any CPU
		{82F93F6E-5C10-4CC7-BC65-AC0B9CA6D39A}.Instrument|Any CPU.Build.0 = Release|Any CPU
		{82F93F6E-5C10-4CC7-BC65-AC0B9CA6D39A}.Instrument|ARM.ActiveCfg = Release|Any CPU
		{82F93F6E-5C10-4CC7-BC65-AC0B9CA6D39A}.Instrument|ARM.Build.0 = Release|Any CPU
		{82F93F6E-5C10-4CC7-BC65-AC0B9CA6D39A}.Instrument|x64.ActiveCfg = Release|Any CPU
		{82F93F6E-5C10-4CC7-BC65-AC0B9CA6D39A}.Instrument|x64.Build.0 = Release|Any CPU
		{82F93F6E-5C10-4CC7-BC65-AC0B9CA6D39A}.Instrument|x86.ActiveCfg = Release|Any CPU
		{82F93F6E-5C10-4CC7-BC65-AC0B9CA6D39A}.Instrument|x86.Build.0 = Release|Any CPU
		{82F93F6E-5C10-4CC7-BC65-AC0B9CA6D39A}.PerformanceTest|Any CPU.ActiveCfg = Release|Any CPU
		{82F93F6E-5C10-4CC7-BC65-AC0B9CA6D39A}.PerformanceTest|Any CPU.Build.0 = Release|Any CPU
		{82F93F6E-5C10-4CC7-BC65-AC0B9CA6D39A}.PerformanceTest|ARM.ActiveCfg = Release|Any CPU
		{82F93F6E-5C10-4CC7-BC65-AC0B9CA6D39A}.PerformanceTest|ARM.Build.0 = Release|Any CPU
		{82F93F6E-5C10-4CC7-BC65-AC0B9CA6D39A}.PerformanceTest|x64.ActiveCfg = Release|Any CPU
		{82F93F6E-5C10-4CC7-BC65-AC0B9CA6D39A}.PerformanceTest|x64.Build.0 = Release|Any CPU
		{82F93F6E-5C10-4CC7-BC65-AC0B9CA6D39A}.PerformanceTest|x86.ActiveCfg = Release|Any CPU
		{82F93F6E-5C10-4CC7-BC65-AC0B9CA6D39A}.PerformanceTest|x86.Build.0 = Release|Any CPU
		{82F93F6E-5C10-4CC7-BC65-AC0B9CA6D39A}.Release|Any CPU.ActiveCfg = Release|Any CPU
		{82F93F6E-5C10-4CC7-BC65-AC0B9CA6D39A}.Release|ARM.ActiveCfg = Release|Any CPU
		{82F93F6E-5C10-4CC7-BC65-AC0B9CA6D39A}.Release|ARM.Build.0 = Release|Any CPU
		{82F93F6E-5C10-4CC7-BC65-AC0B9CA6D39A}.Release|x64.ActiveCfg = Release|Any CPU
		{82F93F6E-5C10-4CC7-BC65-AC0B9CA6D39A}.Release|x64.Build.0 = Release|Any CPU
		{82F93F6E-5C10-4CC7-BC65-AC0B9CA6D39A}.Release|x86.ActiveCfg = Release|Any CPU
		{82F93F6E-5C10-4CC7-BC65-AC0B9CA6D39A}.Release|x86.Build.0 = Release|Any CPU
		{7FA125B4-E377-4D4C-AECB-17B934E3A4B3}.CodeAnalysis|Any CPU.ActiveCfg = Release|Any CPU
		{7FA125B4-E377-4D4C-AECB-17B934E3A4B3}.CodeAnalysis|Any CPU.Build.0 = Release|Any CPU
		{7FA125B4-E377-4D4C-AECB-17B934E3A4B3}.CodeAnalysis|ARM.ActiveCfg = Release|Any CPU
		{7FA125B4-E377-4D4C-AECB-17B934E3A4B3}.CodeAnalysis|ARM.Build.0 = Release|Any CPU
		{7FA125B4-E377-4D4C-AECB-17B934E3A4B3}.CodeAnalysis|x64.ActiveCfg = Release|Any CPU
		{7FA125B4-E377-4D4C-AECB-17B934E3A4B3}.CodeAnalysis|x64.Build.0 = Release|Any CPU
		{7FA125B4-E377-4D4C-AECB-17B934E3A4B3}.CodeAnalysis|x86.ActiveCfg = Release|Any CPU
		{7FA125B4-E377-4D4C-AECB-17B934E3A4B3}.CodeAnalysis|x86.Build.0 = Release|Any CPU
		{7FA125B4-E377-4D4C-AECB-17B934E3A4B3}.CoreProfile|Any CPU.ActiveCfg = Release|Any CPU
		{7FA125B4-E377-4D4C-AECB-17B934E3A4B3}.CoreProfile|Any CPU.Build.0 = Release|Any CPU
		{7FA125B4-E377-4D4C-AECB-17B934E3A4B3}.CoreProfile|ARM.ActiveCfg = Release|Any CPU
		{7FA125B4-E377-4D4C-AECB-17B934E3A4B3}.CoreProfile|ARM.Build.0 = Release|Any CPU
		{7FA125B4-E377-4D4C-AECB-17B934E3A4B3}.CoreProfile|x64.ActiveCfg = Release|Any CPU
		{7FA125B4-E377-4D4C-AECB-17B934E3A4B3}.CoreProfile|x64.Build.0 = Release|Any CPU
		{7FA125B4-E377-4D4C-AECB-17B934E3A4B3}.CoreProfile|x86.ActiveCfg = Release|Any CPU
		{7FA125B4-E377-4D4C-AECB-17B934E3A4B3}.CoreProfile|x86.Build.0 = Release|Any CPU
		{7FA125B4-E377-4D4C-AECB-17B934E3A4B3}.Debug|Any CPU.ActiveCfg = Debug|Any CPU
		{7FA125B4-E377-4D4C-AECB-17B934E3A4B3}.Debug|Any CPU.Build.0 = Debug|Any CPU
		{7FA125B4-E377-4D4C-AECB-17B934E3A4B3}.Debug|ARM.ActiveCfg = Debug|Any CPU
		{7FA125B4-E377-4D4C-AECB-17B934E3A4B3}.Debug|ARM.Build.0 = Debug|Any CPU
		{7FA125B4-E377-4D4C-AECB-17B934E3A4B3}.Debug|x64.ActiveCfg = Debug|Any CPU
		{7FA125B4-E377-4D4C-AECB-17B934E3A4B3}.Debug|x64.Build.0 = Debug|Any CPU
		{7FA125B4-E377-4D4C-AECB-17B934E3A4B3}.Debug|x86.ActiveCfg = Debug|Any CPU
		{7FA125B4-E377-4D4C-AECB-17B934E3A4B3}.Debug|x86.Build.0 = Debug|Any CPU
		{7FA125B4-E377-4D4C-AECB-17B934E3A4B3}.Instrument|Any CPU.ActiveCfg = Release|Any CPU
		{7FA125B4-E377-4D4C-AECB-17B934E3A4B3}.Instrument|Any CPU.Build.0 = Release|Any CPU
		{7FA125B4-E377-4D4C-AECB-17B934E3A4B3}.Instrument|ARM.ActiveCfg = Release|Any CPU
		{7FA125B4-E377-4D4C-AECB-17B934E3A4B3}.Instrument|ARM.Build.0 = Release|Any CPU
		{7FA125B4-E377-4D4C-AECB-17B934E3A4B3}.Instrument|x64.ActiveCfg = Release|Any CPU
		{7FA125B4-E377-4D4C-AECB-17B934E3A4B3}.Instrument|x64.Build.0 = Release|Any CPU
		{7FA125B4-E377-4D4C-AECB-17B934E3A4B3}.Instrument|x86.ActiveCfg = Release|Any CPU
		{7FA125B4-E377-4D4C-AECB-17B934E3A4B3}.Instrument|x86.Build.0 = Release|Any CPU
		{7FA125B4-E377-4D4C-AECB-17B934E3A4B3}.PerformanceTest|Any CPU.ActiveCfg = Release|Any CPU
		{7FA125B4-E377-4D4C-AECB-17B934E3A4B3}.PerformanceTest|Any CPU.Build.0 = Release|Any CPU
		{7FA125B4-E377-4D4C-AECB-17B934E3A4B3}.PerformanceTest|ARM.ActiveCfg = Release|Any CPU
		{7FA125B4-E377-4D4C-AECB-17B934E3A4B3}.PerformanceTest|ARM.Build.0 = Release|Any CPU
		{7FA125B4-E377-4D4C-AECB-17B934E3A4B3}.PerformanceTest|x64.ActiveCfg = Release|Any CPU
		{7FA125B4-E377-4D4C-AECB-17B934E3A4B3}.PerformanceTest|x64.Build.0 = Release|Any CPU
		{7FA125B4-E377-4D4C-AECB-17B934E3A4B3}.PerformanceTest|x86.ActiveCfg = Release|Any CPU
		{7FA125B4-E377-4D4C-AECB-17B934E3A4B3}.PerformanceTest|x86.Build.0 = Release|Any CPU
		{7FA125B4-E377-4D4C-AECB-17B934E3A4B3}.Release|Any CPU.ActiveCfg = Release|Any CPU
		{7FA125B4-E377-4D4C-AECB-17B934E3A4B3}.Release|ARM.ActiveCfg = Release|Any CPU
		{7FA125B4-E377-4D4C-AECB-17B934E3A4B3}.Release|ARM.Build.0 = Release|Any CPU
		{7FA125B4-E377-4D4C-AECB-17B934E3A4B3}.Release|x64.ActiveCfg = Release|Any CPU
		{7FA125B4-E377-4D4C-AECB-17B934E3A4B3}.Release|x64.Build.0 = Release|Any CPU
		{7FA125B4-E377-4D4C-AECB-17B934E3A4B3}.Release|x86.ActiveCfg = Release|Any CPU
		{7FA125B4-E377-4D4C-AECB-17B934E3A4B3}.Release|x86.Build.0 = Release|Any CPU
	EndGlobalSection
	GlobalSection(SolutionProperties) = preSolution
		HideSolutionNode = FALSE
	EndGlobalSection
	GlobalSection(NestedProjects) = preSolution
		{936467D2-1DD3-4243-BBB4-FCCB2CA1E3AC} = {1BD5D488-707E-4030-8AE8-80D93D04963F}
		{767C2A1C-53F8-4048-BE02-CB4393B1CEB6} = {87A17015-9338-431E-B338-57BDA03984C1}
		{12047296-B817-4C1A-B01B-5E619F72E407} = {767C2A1C-53F8-4048-BE02-CB4393B1CEB6}
		{46C5B3D9-45E8-46B6-89F7-837D52C6187A} = {87A17015-9338-431E-B338-57BDA03984C1}
		{30581B4A-BCA5-4446-B5E7-4F890A3E9514} = {936467D2-1DD3-4243-BBB4-FCCB2CA1E3AC}
		{04774100-60EE-4FD5-ACED-593394DFF7B7} = {936467D2-1DD3-4243-BBB4-FCCB2CA1E3AC}
		{82F93F6E-5C10-4CC7-BC65-AC0B9CA6D39A} = {767C2A1C-53F8-4048-BE02-CB4393B1CEB6}
		{7FA125B4-E377-4D4C-AECB-17B934E3A4B3} = {767C2A1C-53F8-4048-BE02-CB4393B1CEB6}
	EndGlobalSection
EndGlobal
