
Microsoft Visual Studio Solution File, Format Version 12.00
# Visual Studio 2013
VisualStudioVersion = 12.0.31101.0
MinimumVisualStudioVersion = 10.0.40219.1
Project("{2150E333-8FDC-42A3-9474-1A3956D46DE8}") = "common", "common", "{60EC42E9-D79B-4ADF-8F80-4DCD580061FD}"
	ProjectSection(SolutionItems) = preProject
		src\CommonAssemblyInfo.cs = src\CommonAssemblyInfo.cs
		src\CommonAssemblyInfo.Pack.cs = src\CommonAssemblyInfo.Pack.cs
	EndProjectSection
EndProject
Project("{2150E333-8FDC-42A3-9474-1A3956D46DE8}") = "src", "src", "{1BD5D488-707E-4030-8AE8-80D93D04963F}"
EndProject
Project("{2150E333-8FDC-42A3-9474-1A3956D46DE8}") = "test", "test", "{87A17015-9338-431E-B338-57BDA03984C1}"
EndProject
Project("{2150E333-8FDC-42A3-9474-1A3956D46DE8}") = ".nuget", ".nuget", "{DB9CF5EC-73DA-4AEB-BC6B-AF4260009E8B}"
	ProjectSection(SolutionItems) = preProject
		.nuget\NuGet.exe = .nuget\NuGet.exe
		.nuget\NuGet.targets = .nuget\NuGet.targets
	EndProjectSection
EndProject
Project("{2150E333-8FDC-42A3-9474-1A3956D46DE8}") = "WinRT", "WinRT", "{72B56E2A-4E66-424E-A5A1-B3C282FE1A57}"
EndProject
Project("{2150E333-8FDC-42A3-9474-1A3956D46DE8}") = "SL5", "SL5", "{17266A11-2C3B-4DAA-B87E-CF84A502D0CD}"
EndProject
Project("{FAE04EC0-301F-11D3-BF4B-00C04F79EFBC}") = "MsgPack.NUnitPortable", "test\MsgPack.NUnitPortable\MsgPack.NUnitPortable.csproj", "{FC521316-EBCD-4EF1-8235-C976B2A31EB0}"
EndProject
Project("{FAE04EC0-301F-11D3-BF4B-00C04F79EFBC}") = "MsgPack.UnitTest.WinRT", "test\MsgPack.UnitTest.WinRT\MsgPack.UnitTest.WinRT.csproj", "{EC65EFFC-1D7B-4805-BCCB-3E8FCA99F8E8}"
EndProject
Project("{FAE04EC0-301F-11D3-BF4B-00C04F79EFBC}") = "MsgPack.Silverlight.5", "src\MsgPack.Silverlight.5\MsgPack.Silverlight.5.csproj", "{F9477829-6A6D-4540-9F0D-68F8C6D8E18B}"
EndProject
Project("{FAE04EC0-301F-11D3-BF4B-00C04F79EFBC}") = "MsgPack.UnitTest.BclExtensions.WinRT", "test\MsgPack.UnitTest.BclExtensions.WinRT\MsgPack.UnitTest.BclExtensions.WinRT.csproj", "{D6D0FB24-529F-4E22-9305-607F705B35B5}"
EndProject
Project("{FAE04EC0-301F-11D3-BF4B-00C04F79EFBC}") = "MsgPack.WinRT.Portable", "src\MsgPack.WinRT.Portable\MsgPack.WinRT.Portable.csproj", "{E2817364-F217-465F-BE3B-A5F85E2F8667}"
EndProject
Project("{FAE04EC0-301F-11D3-BF4B-00C04F79EFBC}") = "MsgPack.Silverlight.WindowsPhone", "src\MsgPack.Silverlight.WindowsPhone\MsgPack.Silverlight.WindowsPhone.csproj", "{336AC996-060D-4109-B99B-854CCEEEA695}"
EndProject
Project("{FAE04EC0-301F-11D3-BF4B-00C04F79EFBC}") = "MsgPack.UnitTest.Silverlight.WindowsPhone", "test\MsgPack.UnitTest.Silverlight.WindowsPhone\MsgPack.UnitTest.Silverlight.WindowsPhone.csproj", "{288171D8-50E5-4DA2-9802-55D23D5A2307}"
EndProject
Project("{2150E333-8FDC-42A3-9474-1A3956D46DE8}") = "Silverlight", "Silverlight", "{9600C37E-439F-43D7-9D12-3AB0BEF7D906}"
EndProject
Project("{2150E333-8FDC-42A3-9474-1A3956D46DE8}") = "WinRT", "WinRT", "{634F640E-5D18-4421-9ACB-B3D56B79A2E3}"
EndProject
Project("{2150E333-8FDC-42A3-9474-1A3956D46DE8}") = "_common", "_common", "{EACF1BF1-CB21-4D62-942C-3488F60B8D70}"
EndProject
Project("{FAE04EC0-301F-11D3-BF4B-00C04F79EFBC}") = "MsgPack.UnitTest.WinRT.WindowsPhone", "test\MsgPack.UnitTest.WinRT.WindowsPhone\MsgPack.UnitTest.WinRT.WindowsPhone.csproj", "{70CB94DD-DA45-47AE-A370-940A094B9F10}"
EndProject
Global
	GlobalSection(SolutionConfigurationPlatforms) = preSolution
		CodeAnalysis|Any CPU = CodeAnalysis|Any CPU
		CodeAnalysis|ARM = CodeAnalysis|ARM
		CodeAnalysis|Mixed Platforms = CodeAnalysis|Mixed Platforms
		CodeAnalysis|x64 = CodeAnalysis|x64
		CodeAnalysis|x86 = CodeAnalysis|x86
		Debug|Any CPU = Debug|Any CPU
		Debug|ARM = Debug|ARM
		Debug|Mixed Platforms = Debug|Mixed Platforms
		Debug|x64 = Debug|x64
		Debug|x86 = Debug|x86
		PerformanceTest|Any CPU = PerformanceTest|Any CPU
		PerformanceTest|ARM = PerformanceTest|ARM
		PerformanceTest|Mixed Platforms = PerformanceTest|Mixed Platforms
		PerformanceTest|x64 = PerformanceTest|x64
		PerformanceTest|x86 = PerformanceTest|x86
		Release|Any CPU = Release|Any CPU
		Release|ARM = Release|ARM
		Release|Mixed Platforms = Release|Mixed Platforms
		Release|x64 = Release|x64
		Release|x86 = Release|x86
	EndGlobalSection
	GlobalSection(ProjectConfigurationPlatforms) = postSolution
		{FC521316-EBCD-4EF1-8235-C976B2A31EB0}.CodeAnalysis|Any CPU.ActiveCfg = Release|Any CPU
		{FC521316-EBCD-4EF1-8235-C976B2A31EB0}.CodeAnalysis|ARM.ActiveCfg = Release|Any CPU
		{FC521316-EBCD-4EF1-8235-C976B2A31EB0}.CodeAnalysis|Mixed Platforms.ActiveCfg = Debug|Any CPU
		{FC521316-EBCD-4EF1-8235-C976B2A31EB0}.CodeAnalysis|x64.ActiveCfg = Release|Any CPU
		{FC521316-EBCD-4EF1-8235-C976B2A31EB0}.CodeAnalysis|x86.ActiveCfg = Release|Any CPU
		{FC521316-EBCD-4EF1-8235-C976B2A31EB0}.Debug|Any CPU.ActiveCfg = Debug|Any CPU
		{FC521316-EBCD-4EF1-8235-C976B2A31EB0}.Debug|Any CPU.Build.0 = Debug|Any CPU
		{FC521316-EBCD-4EF1-8235-C976B2A31EB0}.Debug|ARM.ActiveCfg = Debug|Any CPU
		{FC521316-EBCD-4EF1-8235-C976B2A31EB0}.Debug|Mixed Platforms.ActiveCfg = Debug|Any CPU
		{FC521316-EBCD-4EF1-8235-C976B2A31EB0}.Debug|Mixed Platforms.Build.0 = Debug|Any CPU
		{FC521316-EBCD-4EF1-8235-C976B2A31EB0}.Debug|x64.ActiveCfg = Debug|Any CPU
		{FC521316-EBCD-4EF1-8235-C976B2A31EB0}.Debug|x86.ActiveCfg = Debug|Any CPU
		{FC521316-EBCD-4EF1-8235-C976B2A31EB0}.PerformanceTest|Any CPU.ActiveCfg = Release|Any CPU
		{FC521316-EBCD-4EF1-8235-C976B2A31EB0}.PerformanceTest|ARM.ActiveCfg = Release|Any CPU
		{FC521316-EBCD-4EF1-8235-C976B2A31EB0}.PerformanceTest|Mixed Platforms.ActiveCfg = Debug|Any CPU
		{FC521316-EBCD-4EF1-8235-C976B2A31EB0}.PerformanceTest|x64.ActiveCfg = Release|Any CPU
		{FC521316-EBCD-4EF1-8235-C976B2A31EB0}.PerformanceTest|x86.ActiveCfg = Release|Any CPU
		{FC521316-EBCD-4EF1-8235-C976B2A31EB0}.Release|Any CPU.ActiveCfg = Release|Any CPU
		{FC521316-EBCD-4EF1-8235-C976B2A31EB0}.Release|ARM.ActiveCfg = Release|Any CPU
		{FC521316-EBCD-4EF1-8235-C976B2A31EB0}.Release|Mixed Platforms.ActiveCfg = Release|Any CPU
		{FC521316-EBCD-4EF1-8235-C976B2A31EB0}.Release|x64.ActiveCfg = Release|Any CPU
		{FC521316-EBCD-4EF1-8235-C976B2A31EB0}.Release|x86.ActiveCfg = Release|Any CPU
		{EC65EFFC-1D7B-4805-BCCB-3E8FCA99F8E8}.CodeAnalysis|Any CPU.ActiveCfg = Release|Any CPU
		{EC65EFFC-1D7B-4805-BCCB-3E8FCA99F8E8}.CodeAnalysis|ARM.ActiveCfg = Release|ARM
		{EC65EFFC-1D7B-4805-BCCB-3E8FCA99F8E8}.CodeAnalysis|ARM.Build.0 = Release|ARM
		{EC65EFFC-1D7B-4805-BCCB-3E8FCA99F8E8}.CodeAnalysis|ARM.Deploy.0 = Release|ARM
		{EC65EFFC-1D7B-4805-BCCB-3E8FCA99F8E8}.CodeAnalysis|Mixed Platforms.ActiveCfg = Debug|Any CPU
		{EC65EFFC-1D7B-4805-BCCB-3E8FCA99F8E8}.CodeAnalysis|Mixed Platforms.Deploy.0 = Debug|Any CPU
		{EC65EFFC-1D7B-4805-BCCB-3E8FCA99F8E8}.CodeAnalysis|x64.ActiveCfg = Release|x64
		{EC65EFFC-1D7B-4805-BCCB-3E8FCA99F8E8}.CodeAnalysis|x64.Build.0 = Release|x64
		{EC65EFFC-1D7B-4805-BCCB-3E8FCA99F8E8}.CodeAnalysis|x64.Deploy.0 = Release|x64
		{EC65EFFC-1D7B-4805-BCCB-3E8FCA99F8E8}.CodeAnalysis|x86.ActiveCfg = Release|x86
		{EC65EFFC-1D7B-4805-BCCB-3E8FCA99F8E8}.CodeAnalysis|x86.Build.0 = Release|x86
		{EC65EFFC-1D7B-4805-BCCB-3E8FCA99F8E8}.CodeAnalysis|x86.Deploy.0 = Release|x86
		{EC65EFFC-1D7B-4805-BCCB-3E8FCA99F8E8}.Debug|Any CPU.ActiveCfg = Debug|Any CPU
		{EC65EFFC-1D7B-4805-BCCB-3E8FCA99F8E8}.Debug|Any CPU.Build.0 = Debug|Any CPU
		{EC65EFFC-1D7B-4805-BCCB-3E8FCA99F8E8}.Debug|Any CPU.Deploy.0 = Debug|Any CPU
		{EC65EFFC-1D7B-4805-BCCB-3E8FCA99F8E8}.Debug|ARM.ActiveCfg = Debug|ARM
		{EC65EFFC-1D7B-4805-BCCB-3E8FCA99F8E8}.Debug|ARM.Build.0 = Debug|ARM
		{EC65EFFC-1D7B-4805-BCCB-3E8FCA99F8E8}.Debug|ARM.Deploy.0 = Debug|ARM
		{EC65EFFC-1D7B-4805-BCCB-3E8FCA99F8E8}.Debug|Mixed Platforms.ActiveCfg = Debug|Any CPU
		{EC65EFFC-1D7B-4805-BCCB-3E8FCA99F8E8}.Debug|Mixed Platforms.Build.0 = Debug|Any CPU
		{EC65EFFC-1D7B-4805-BCCB-3E8FCA99F8E8}.Debug|Mixed Platforms.Deploy.0 = Debug|Any CPU
		{EC65EFFC-1D7B-4805-BCCB-3E8FCA99F8E8}.Debug|x64.ActiveCfg = Debug|x64
		{EC65EFFC-1D7B-4805-BCCB-3E8FCA99F8E8}.Debug|x64.Build.0 = Debug|x64
		{EC65EFFC-1D7B-4805-BCCB-3E8FCA99F8E8}.Debug|x64.Deploy.0 = Debug|x64
		{EC65EFFC-1D7B-4805-BCCB-3E8FCA99F8E8}.Debug|x86.ActiveCfg = Debug|x86
		{EC65EFFC-1D7B-4805-BCCB-3E8FCA99F8E8}.Debug|x86.Build.0 = Debug|x86
		{EC65EFFC-1D7B-4805-BCCB-3E8FCA99F8E8}.Debug|x86.Deploy.0 = Debug|x86
		{EC65EFFC-1D7B-4805-BCCB-3E8FCA99F8E8}.PerformanceTest|Any CPU.ActiveCfg = Release|Any CPU
		{EC65EFFC-1D7B-4805-BCCB-3E8FCA99F8E8}.PerformanceTest|Any CPU.Deploy.0 = Release|Any CPU
		{EC65EFFC-1D7B-4805-BCCB-3E8FCA99F8E8}.PerformanceTest|ARM.ActiveCfg = Release|ARM
		{EC65EFFC-1D7B-4805-BCCB-3E8FCA99F8E8}.PerformanceTest|ARM.Build.0 = Release|ARM
		{EC65EFFC-1D7B-4805-BCCB-3E8FCA99F8E8}.PerformanceTest|ARM.Deploy.0 = Release|ARM
		{EC65EFFC-1D7B-4805-BCCB-3E8FCA99F8E8}.PerformanceTest|Mixed Platforms.ActiveCfg = Debug|Any CPU
		{EC65EFFC-1D7B-4805-BCCB-3E8FCA99F8E8}.PerformanceTest|Mixed Platforms.Deploy.0 = Debug|Any CPU
		{EC65EFFC-1D7B-4805-BCCB-3E8FCA99F8E8}.PerformanceTest|x64.ActiveCfg = Release|x64
		{EC65EFFC-1D7B-4805-BCCB-3E8FCA99F8E8}.PerformanceTest|x64.Build.0 = Release|x64
		{EC65EFFC-1D7B-4805-BCCB-3E8FCA99F8E8}.PerformanceTest|x64.Deploy.0 = Release|x64
		{EC65EFFC-1D7B-4805-BCCB-3E8FCA99F8E8}.PerformanceTest|x86.ActiveCfg = Release|x86
		{EC65EFFC-1D7B-4805-BCCB-3E8FCA99F8E8}.PerformanceTest|x86.Build.0 = Release|x86
		{EC65EFFC-1D7B-4805-BCCB-3E8FCA99F8E8}.PerformanceTest|x86.Deploy.0 = Release|x86
		{EC65EFFC-1D7B-4805-BCCB-3E8FCA99F8E8}.Release|Any CPU.ActiveCfg = Release|Any CPU
		{EC65EFFC-1D7B-4805-BCCB-3E8FCA99F8E8}.Release|ARM.ActiveCfg = Release|ARM
		{EC65EFFC-1D7B-4805-BCCB-3E8FCA99F8E8}.Release|ARM.Build.0 = Release|ARM
		{EC65EFFC-1D7B-4805-BCCB-3E8FCA99F8E8}.Release|ARM.Deploy.0 = Release|ARM
		{EC65EFFC-1D7B-4805-BCCB-3E8FCA99F8E8}.Release|Mixed Platforms.ActiveCfg = Release|Any CPU
		{EC65EFFC-1D7B-4805-BCCB-3E8FCA99F8E8}.Release|Mixed Platforms.Deploy.0 = Release|Any CPU
		{EC65EFFC-1D7B-4805-BCCB-3E8FCA99F8E8}.Release|x64.ActiveCfg = Release|x64
		{EC65EFFC-1D7B-4805-BCCB-3E8FCA99F8E8}.Release|x64.Build.0 = Release|x64
		{EC65EFFC-1D7B-4805-BCCB-3E8FCA99F8E8}.Release|x64.Deploy.0 = Release|x64
		{EC65EFFC-1D7B-4805-BCCB-3E8FCA99F8E8}.Release|x86.ActiveCfg = Release|x86
		{EC65EFFC-1D7B-4805-BCCB-3E8FCA99F8E8}.Release|x86.Build.0 = Release|x86
		{EC65EFFC-1D7B-4805-BCCB-3E8FCA99F8E8}.Release|x86.Deploy.0 = Release|x86
		{F9477829-6A6D-4540-9F0D-68F8C6D8E18B}.CodeAnalysis|Any CPU.ActiveCfg = CodeAnalysis|Any CPU
		{F9477829-6A6D-4540-9F0D-68F8C6D8E18B}.CodeAnalysis|Any CPU.Build.0 = CodeAnalysis|Any CPU
		{F9477829-6A6D-4540-9F0D-68F8C6D8E18B}.CodeAnalysis|ARM.ActiveCfg = Release|Any CPU
		{F9477829-6A6D-4540-9F0D-68F8C6D8E18B}.CodeAnalysis|Mixed Platforms.ActiveCfg = CodeAnalysis|Any CPU
		{F9477829-6A6D-4540-9F0D-68F8C6D8E18B}.CodeAnalysis|Mixed Platforms.Build.0 = CodeAnalysis|Any CPU
		{F9477829-6A6D-4540-9F0D-68F8C6D8E18B}.CodeAnalysis|x64.ActiveCfg = Release|Any CPU
		{F9477829-6A6D-4540-9F0D-68F8C6D8E18B}.CodeAnalysis|x86.ActiveCfg = Release|Any CPU
		{F9477829-6A6D-4540-9F0D-68F8C6D8E18B}.Debug|Any CPU.ActiveCfg = Debug|Any CPU
		{F9477829-6A6D-4540-9F0D-68F8C6D8E18B}.Debug|Any CPU.Build.0 = Debug|Any CPU
		{F9477829-6A6D-4540-9F0D-68F8C6D8E18B}.Debug|ARM.ActiveCfg = Debug|Any CPU
		{F9477829-6A6D-4540-9F0D-68F8C6D8E18B}.Debug|Mixed Platforms.ActiveCfg = Debug|Any CPU
		{F9477829-6A6D-4540-9F0D-68F8C6D8E18B}.Debug|Mixed Platforms.Build.0 = Debug|Any CPU
		{F9477829-6A6D-4540-9F0D-68F8C6D8E18B}.Debug|x64.ActiveCfg = Debug|Any CPU
		{F9477829-6A6D-4540-9F0D-68F8C6D8E18B}.Debug|x86.ActiveCfg = Debug|Any CPU
		{F9477829-6A6D-4540-9F0D-68F8C6D8E18B}.PerformanceTest|Any CPU.ActiveCfg = Release|Any CPU
		{F9477829-6A6D-4540-9F0D-68F8C6D8E18B}.PerformanceTest|ARM.ActiveCfg = Release|Any CPU
		{F9477829-6A6D-4540-9F0D-68F8C6D8E18B}.PerformanceTest|Mixed Platforms.ActiveCfg = Debug|Any CPU
		{F9477829-6A6D-4540-9F0D-68F8C6D8E18B}.PerformanceTest|x64.ActiveCfg = Release|Any CPU
		{F9477829-6A6D-4540-9F0D-68F8C6D8E18B}.PerformanceTest|x86.ActiveCfg = Release|Any CPU
		{F9477829-6A6D-4540-9F0D-68F8C6D8E18B}.Release|Any CPU.ActiveCfg = Release|Any CPU
		{F9477829-6A6D-4540-9F0D-68F8C6D8E18B}.Release|Any CPU.Build.0 = Release|Any CPU
		{F9477829-6A6D-4540-9F0D-68F8C6D8E18B}.Release|ARM.ActiveCfg = Release|Any CPU
		{F9477829-6A6D-4540-9F0D-68F8C6D8E18B}.Release|Mixed Platforms.ActiveCfg = Release|Any CPU
		{F9477829-6A6D-4540-9F0D-68F8C6D8E18B}.Release|Mixed Platforms.Build.0 = Release|Any CPU
		{F9477829-6A6D-4540-9F0D-68F8C6D8E18B}.Release|x64.ActiveCfg = Release|Any CPU
		{F9477829-6A6D-4540-9F0D-68F8C6D8E18B}.Release|x86.ActiveCfg = Release|Any CPU
		{D6D0FB24-529F-4E22-9305-607F705B35B5}.CodeAnalysis|Any CPU.ActiveCfg = Release|Any CPU
		{D6D0FB24-529F-4E22-9305-607F705B35B5}.CodeAnalysis|Any CPU.Deploy.0 = Release|Any CPU
		{D6D0FB24-529F-4E22-9305-607F705B35B5}.CodeAnalysis|ARM.ActiveCfg = Release|ARM
		{D6D0FB24-529F-4E22-9305-607F705B35B5}.CodeAnalysis|ARM.Build.0 = Release|ARM
		{D6D0FB24-529F-4E22-9305-607F705B35B5}.CodeAnalysis|ARM.Deploy.0 = Release|ARM
		{D6D0FB24-529F-4E22-9305-607F705B35B5}.CodeAnalysis|Mixed Platforms.ActiveCfg = Debug|Any CPU
		{D6D0FB24-529F-4E22-9305-607F705B35B5}.CodeAnalysis|Mixed Platforms.Deploy.0 = Debug|Any CPU
		{D6D0FB24-529F-4E22-9305-607F705B35B5}.CodeAnalysis|x64.ActiveCfg = Release|x64
		{D6D0FB24-529F-4E22-9305-607F705B35B5}.CodeAnalysis|x64.Build.0 = Release|x64
		{D6D0FB24-529F-4E22-9305-607F705B35B5}.CodeAnalysis|x64.Deploy.0 = Release|x64
		{D6D0FB24-529F-4E22-9305-607F705B35B5}.CodeAnalysis|x86.ActiveCfg = Release|x86
		{D6D0FB24-529F-4E22-9305-607F705B35B5}.CodeAnalysis|x86.Build.0 = Release|x86
		{D6D0FB24-529F-4E22-9305-607F705B35B5}.CodeAnalysis|x86.Deploy.0 = Release|x86
		{D6D0FB24-529F-4E22-9305-607F705B35B5}.Debug|Any CPU.ActiveCfg = Debug|Any CPU
		{D6D0FB24-529F-4E22-9305-607F705B35B5}.Debug|Any CPU.Build.0 = Debug|Any CPU
		{D6D0FB24-529F-4E22-9305-607F705B35B5}.Debug|Any CPU.Deploy.0 = Debug|Any CPU
		{D6D0FB24-529F-4E22-9305-607F705B35B5}.Debug|ARM.ActiveCfg = Debug|ARM
		{D6D0FB24-529F-4E22-9305-607F705B35B5}.Debug|ARM.Build.0 = Debug|ARM
		{D6D0FB24-529F-4E22-9305-607F705B35B5}.Debug|ARM.Deploy.0 = Debug|ARM
		{D6D0FB24-529F-4E22-9305-607F705B35B5}.Debug|Mixed Platforms.ActiveCfg = Debug|Any CPU
		{D6D0FB24-529F-4E22-9305-607F705B35B5}.Debug|Mixed Platforms.Build.0 = Debug|Any CPU
		{D6D0FB24-529F-4E22-9305-607F705B35B5}.Debug|Mixed Platforms.Deploy.0 = Debug|Any CPU
		{D6D0FB24-529F-4E22-9305-607F705B35B5}.Debug|x64.ActiveCfg = Debug|x64
		{D6D0FB24-529F-4E22-9305-607F705B35B5}.Debug|x64.Build.0 = Debug|x64
		{D6D0FB24-529F-4E22-9305-607F705B35B5}.Debug|x64.Deploy.0 = Debug|x64
		{D6D0FB24-529F-4E22-9305-607F705B35B5}.Debug|x86.ActiveCfg = Debug|x86
		{D6D0FB24-529F-4E22-9305-607F705B35B5}.Debug|x86.Build.0 = Debug|x86
		{D6D0FB24-529F-4E22-9305-607F705B35B5}.Debug|x86.Deploy.0 = Debug|x86
		{D6D0FB24-529F-4E22-9305-607F705B35B5}.PerformanceTest|Any CPU.ActiveCfg = Release|Any CPU
		{D6D0FB24-529F-4E22-9305-607F705B35B5}.PerformanceTest|Any CPU.Deploy.0 = Release|Any CPU
		{D6D0FB24-529F-4E22-9305-607F705B35B5}.PerformanceTest|ARM.ActiveCfg = Release|ARM
		{D6D0FB24-529F-4E22-9305-607F705B35B5}.PerformanceTest|ARM.Build.0 = Release|ARM
		{D6D0FB24-529F-4E22-9305-607F705B35B5}.PerformanceTest|ARM.Deploy.0 = Release|ARM
		{D6D0FB24-529F-4E22-9305-607F705B35B5}.PerformanceTest|Mixed Platforms.ActiveCfg = Debug|Any CPU
		{D6D0FB24-529F-4E22-9305-607F705B35B5}.PerformanceTest|Mixed Platforms.Deploy.0 = Debug|Any CPU
		{D6D0FB24-529F-4E22-9305-607F705B35B5}.PerformanceTest|x64.ActiveCfg = Release|x64
		{D6D0FB24-529F-4E22-9305-607F705B35B5}.PerformanceTest|x64.Build.0 = Release|x64
		{D6D0FB24-529F-4E22-9305-607F705B35B5}.PerformanceTest|x64.Deploy.0 = Release|x64
		{D6D0FB24-529F-4E22-9305-607F705B35B5}.PerformanceTest|x86.ActiveCfg = Release|x86
		{D6D0FB24-529F-4E22-9305-607F705B35B5}.PerformanceTest|x86.Build.0 = Release|x86
		{D6D0FB24-529F-4E22-9305-607F705B35B5}.PerformanceTest|x86.Deploy.0 = Release|x86
		{D6D0FB24-529F-4E22-9305-607F705B35B5}.Release|Any CPU.ActiveCfg = Release|Any CPU
		{D6D0FB24-529F-4E22-9305-607F705B35B5}.Release|Any CPU.Deploy.0 = Release|Any CPU
		{D6D0FB24-529F-4E22-9305-607F705B35B5}.Release|ARM.ActiveCfg = Release|ARM
		{D6D0FB24-529F-4E22-9305-607F705B35B5}.Release|ARM.Build.0 = Release|ARM
		{D6D0FB24-529F-4E22-9305-607F705B35B5}.Release|ARM.Deploy.0 = Release|ARM
		{D6D0FB24-529F-4E22-9305-607F705B35B5}.Release|Mixed Platforms.ActiveCfg = Release|Any CPU
		{D6D0FB24-529F-4E22-9305-607F705B35B5}.Release|Mixed Platforms.Deploy.0 = Release|Any CPU
		{D6D0FB24-529F-4E22-9305-607F705B35B5}.Release|x64.ActiveCfg = Release|x64
		{D6D0FB24-529F-4E22-9305-607F705B35B5}.Release|x64.Build.0 = Release|x64
		{D6D0FB24-529F-4E22-9305-607F705B35B5}.Release|x64.Deploy.0 = Release|x64
		{D6D0FB24-529F-4E22-9305-607F705B35B5}.Release|x86.ActiveCfg = Release|x86
		{D6D0FB24-529F-4E22-9305-607F705B35B5}.Release|x86.Build.0 = Release|x86
		{D6D0FB24-529F-4E22-9305-607F705B35B5}.Release|x86.Deploy.0 = Release|x86
		{E2817364-F217-465F-BE3B-A5F85E2F8667}.CodeAnalysis|Any CPU.ActiveCfg = CodeAnalysis|Any CPU
		{E2817364-F217-465F-BE3B-A5F85E2F8667}.CodeAnalysis|Any CPU.Build.0 = CodeAnalysis|Any CPU
		{E2817364-F217-465F-BE3B-A5F85E2F8667}.CodeAnalysis|ARM.ActiveCfg = Release|Any CPU
		{E2817364-F217-465F-BE3B-A5F85E2F8667}.CodeAnalysis|Mixed Platforms.ActiveCfg = CodeAnalysis|Any CPU
		{E2817364-F217-465F-BE3B-A5F85E2F8667}.CodeAnalysis|Mixed Platforms.Build.0 = CodeAnalysis|Any CPU
		{E2817364-F217-465F-BE3B-A5F85E2F8667}.CodeAnalysis|x64.ActiveCfg = Release|Any CPU
		{E2817364-F217-465F-BE3B-A5F85E2F8667}.CodeAnalysis|x86.ActiveCfg = Release|Any CPU
		{E2817364-F217-465F-BE3B-A5F85E2F8667}.Debug|Any CPU.ActiveCfg = Debug|Any CPU
		{E2817364-F217-465F-BE3B-A5F85E2F8667}.Debug|Any CPU.Build.0 = Debug|Any CPU
		{E2817364-F217-465F-BE3B-A5F85E2F8667}.Debug|ARM.ActiveCfg = Debug|Any CPU
		{E2817364-F217-465F-BE3B-A5F85E2F8667}.Debug|Mixed Platforms.ActiveCfg = Debug|Any CPU
		{E2817364-F217-465F-BE3B-A5F85E2F8667}.Debug|Mixed Platforms.Build.0 = Debug|Any CPU
		{E2817364-F217-465F-BE3B-A5F85E2F8667}.Debug|x64.ActiveCfg = Debug|Any CPU
		{E2817364-F217-465F-BE3B-A5F85E2F8667}.Debug|x86.ActiveCfg = Debug|Any CPU
		{E2817364-F217-465F-BE3B-A5F85E2F8667}.PerformanceTest|Any CPU.ActiveCfg = Release|Any CPU
		{E2817364-F217-465F-BE3B-A5F85E2F8667}.PerformanceTest|Any CPU.Build.0 = Release|Any CPU
		{E2817364-F217-465F-BE3B-A5F85E2F8667}.PerformanceTest|ARM.ActiveCfg = Release|Any CPU
		{E2817364-F217-465F-BE3B-A5F85E2F8667}.PerformanceTest|Mixed Platforms.ActiveCfg = Debug|Any CPU
		{E2817364-F217-465F-BE3B-A5F85E2F8667}.PerformanceTest|x64.ActiveCfg = Release|Any CPU
		{E2817364-F217-465F-BE3B-A5F85E2F8667}.PerformanceTest|x86.ActiveCfg = Release|Any CPU
		{E2817364-F217-465F-BE3B-A5F85E2F8667}.Release|Any CPU.ActiveCfg = Release|Any CPU
		{E2817364-F217-465F-BE3B-A5F85E2F8667}.Release|Any CPU.Build.0 = Release|Any CPU
		{E2817364-F217-465F-BE3B-A5F85E2F8667}.Release|ARM.ActiveCfg = Release|Any CPU
		{E2817364-F217-465F-BE3B-A5F85E2F8667}.Release|Mixed Platforms.ActiveCfg = Release|Any CPU
		{E2817364-F217-465F-BE3B-A5F85E2F8667}.Release|Mixed Platforms.Build.0 = Release|Any CPU
		{E2817364-F217-465F-BE3B-A5F85E2F8667}.Release|x64.ActiveCfg = Release|Any CPU
		{E2817364-F217-465F-BE3B-A5F85E2F8667}.Release|x86.ActiveCfg = Release|Any CPU
		{336AC996-060D-4109-B99B-854CCEEEA695}.CodeAnalysis|Any CPU.ActiveCfg = CodeAnalysis|Any CPU
		{336AC996-060D-4109-B99B-854CCEEEA695}.CodeAnalysis|Any CPU.Build.0 = CodeAnalysis|Any CPU
		{336AC996-060D-4109-B99B-854CCEEEA695}.CodeAnalysis|ARM.ActiveCfg = Release|ARM
		{336AC996-060D-4109-B99B-854CCEEEA695}.CodeAnalysis|ARM.Build.0 = Release|ARM
		{336AC996-060D-4109-B99B-854CCEEEA695}.CodeAnalysis|Mixed Platforms.ActiveCfg = CodeAnalysis|Any CPU
		{336AC996-060D-4109-B99B-854CCEEEA695}.CodeAnalysis|Mixed Platforms.Build.0 = CodeAnalysis|Any CPU
		{336AC996-060D-4109-B99B-854CCEEEA695}.CodeAnalysis|x64.ActiveCfg = Release|Any CPU
		{336AC996-060D-4109-B99B-854CCEEEA695}.CodeAnalysis|x86.ActiveCfg = Release|x86
		{336AC996-060D-4109-B99B-854CCEEEA695}.CodeAnalysis|x86.Build.0 = Release|x86
		{336AC996-060D-4109-B99B-854CCEEEA695}.Debug|Any CPU.ActiveCfg = Debug|Any CPU
		{336AC996-060D-4109-B99B-854CCEEEA695}.Debug|Any CPU.Build.0 = Debug|Any CPU
		{336AC996-060D-4109-B99B-854CCEEEA695}.Debug|ARM.ActiveCfg = Debug|ARM
		{336AC996-060D-4109-B99B-854CCEEEA695}.Debug|ARM.Build.0 = Debug|ARM
		{336AC996-060D-4109-B99B-854CCEEEA695}.Debug|Mixed Platforms.ActiveCfg = Debug|Any CPU
		{336AC996-060D-4109-B99B-854CCEEEA695}.Debug|Mixed Platforms.Build.0 = Debug|Any CPU
		{336AC996-060D-4109-B99B-854CCEEEA695}.Debug|x64.ActiveCfg = Debug|Any CPU
		{336AC996-060D-4109-B99B-854CCEEEA695}.Debug|x86.ActiveCfg = Debug|x86
		{336AC996-060D-4109-B99B-854CCEEEA695}.Debug|x86.Build.0 = Debug|x86
		{336AC996-060D-4109-B99B-854CCEEEA695}.PerformanceTest|Any CPU.ActiveCfg = Release|Any CPU
		{336AC996-060D-4109-B99B-854CCEEEA695}.PerformanceTest|Any CPU.Build.0 = Release|Any CPU
		{336AC996-060D-4109-B99B-854CCEEEA695}.PerformanceTest|ARM.ActiveCfg = Release|ARM
		{336AC996-060D-4109-B99B-854CCEEEA695}.PerformanceTest|ARM.Build.0 = Release|ARM
		{336AC996-060D-4109-B99B-854CCEEEA695}.PerformanceTest|Mixed Platforms.ActiveCfg = Debug|Any CPU
		{336AC996-060D-4109-B99B-854CCEEEA695}.PerformanceTest|x64.ActiveCfg = Release|Any CPU
		{336AC996-060D-4109-B99B-854CCEEEA695}.PerformanceTest|x86.ActiveCfg = Release|x86
		{336AC996-060D-4109-B99B-854CCEEEA695}.PerformanceTest|x86.Build.0 = Release|x86
		{336AC996-060D-4109-B99B-854CCEEEA695}.Release|Any CPU.ActiveCfg = Release|Any CPU
		{336AC996-060D-4109-B99B-854CCEEEA695}.Release|Any CPU.Build.0 = Release|Any CPU
		{336AC996-060D-4109-B99B-854CCEEEA695}.Release|ARM.ActiveCfg = Release|ARM
		{336AC996-060D-4109-B99B-854CCEEEA695}.Release|ARM.Build.0 = Release|ARM
		{336AC996-060D-4109-B99B-854CCEEEA695}.Release|Mixed Platforms.ActiveCfg = Release|Any CPU
		{336AC996-060D-4109-B99B-854CCEEEA695}.Release|Mixed Platforms.Build.0 = Release|Any CPU
		{336AC996-060D-4109-B99B-854CCEEEA695}.Release|x64.ActiveCfg = Release|Any CPU
		{336AC996-060D-4109-B99B-854CCEEEA695}.Release|x86.ActiveCfg = Release|x86
		{336AC996-060D-4109-B99B-854CCEEEA695}.Release|x86.Build.0 = Release|x86
		{288171D8-50E5-4DA2-9802-55D23D5A2307}.CodeAnalysis|Any CPU.ActiveCfg = Release|x86
		{288171D8-50E5-4DA2-9802-55D23D5A2307}.CodeAnalysis|ARM.ActiveCfg = Release|ARM
		{288171D8-50E5-4DA2-9802-55D23D5A2307}.CodeAnalysis|ARM.Build.0 = Release|ARM
		{288171D8-50E5-4DA2-9802-55D23D5A2307}.CodeAnalysis|ARM.Deploy.0 = Release|ARM
		{288171D8-50E5-4DA2-9802-55D23D5A2307}.CodeAnalysis|Mixed Platforms.ActiveCfg = Release|x86
		{288171D8-50E5-4DA2-9802-55D23D5A2307}.CodeAnalysis|Mixed Platforms.Deploy.0 = Release|x86
		{288171D8-50E5-4DA2-9802-55D23D5A2307}.CodeAnalysis|x64.ActiveCfg = Release|x86
		{288171D8-50E5-4DA2-9802-55D23D5A2307}.CodeAnalysis|x86.ActiveCfg = Release|x86
		{288171D8-50E5-4DA2-9802-55D23D5A2307}.CodeAnalysis|x86.Build.0 = Release|x86
		{288171D8-50E5-4DA2-9802-55D23D5A2307}.CodeAnalysis|x86.Deploy.0 = Release|x86
		{288171D8-50E5-4DA2-9802-55D23D5A2307}.Debug|Any CPU.ActiveCfg = Debug|x86
		{288171D8-50E5-4DA2-9802-55D23D5A2307}.Debug|ARM.ActiveCfg = Debug|ARM
		{288171D8-50E5-4DA2-9802-55D23D5A2307}.Debug|ARM.Build.0 = Debug|ARM
		{288171D8-50E5-4DA2-9802-55D23D5A2307}.Debug|ARM.Deploy.0 = Debug|ARM
		{288171D8-50E5-4DA2-9802-55D23D5A2307}.Debug|Mixed Platforms.ActiveCfg = Debug|x86
		{288171D8-50E5-4DA2-9802-55D23D5A2307}.Debug|Mixed Platforms.Build.0 = Debug|x86
		{288171D8-50E5-4DA2-9802-55D23D5A2307}.Debug|Mixed Platforms.Deploy.0 = Debug|x86
		{288171D8-50E5-4DA2-9802-55D23D5A2307}.Debug|x64.ActiveCfg = Debug|x86
		{288171D8-50E5-4DA2-9802-55D23D5A2307}.Debug|x86.ActiveCfg = Debug|x86
		{288171D8-50E5-4DA2-9802-55D23D5A2307}.Debug|x86.Build.0 = Debug|x86
		{288171D8-50E5-4DA2-9802-55D23D5A2307}.Debug|x86.Deploy.0 = Debug|x86
		{288171D8-50E5-4DA2-9802-55D23D5A2307}.PerformanceTest|Any CPU.ActiveCfg = Release|x86
		{288171D8-50E5-4DA2-9802-55D23D5A2307}.PerformanceTest|ARM.ActiveCfg = Release|ARM
		{288171D8-50E5-4DA2-9802-55D23D5A2307}.PerformanceTest|ARM.Build.0 = Release|ARM
		{288171D8-50E5-4DA2-9802-55D23D5A2307}.PerformanceTest|ARM.Deploy.0 = Release|ARM
		{288171D8-50E5-4DA2-9802-55D23D5A2307}.PerformanceTest|Mixed Platforms.ActiveCfg = Debug|x86
		{288171D8-50E5-4DA2-9802-55D23D5A2307}.PerformanceTest|Mixed Platforms.Deploy.0 = Debug|x86
		{288171D8-50E5-4DA2-9802-55D23D5A2307}.PerformanceTest|x64.ActiveCfg = Release|x86
		{288171D8-50E5-4DA2-9802-55D23D5A2307}.PerformanceTest|x86.ActiveCfg = Release|x86
		{288171D8-50E5-4DA2-9802-55D23D5A2307}.PerformanceTest|x86.Build.0 = Release|x86
		{288171D8-50E5-4DA2-9802-55D23D5A2307}.PerformanceTest|x86.Deploy.0 = Release|x86
		{288171D8-50E5-4DA2-9802-55D23D5A2307}.Release|Any CPU.ActiveCfg = Release|x86
		{288171D8-50E5-4DA2-9802-55D23D5A2307}.Release|ARM.ActiveCfg = Release|ARM
		{288171D8-50E5-4DA2-9802-55D23D5A2307}.Release|ARM.Build.0 = Release|ARM
		{288171D8-50E5-4DA2-9802-55D23D5A2307}.Release|ARM.Deploy.0 = Release|ARM
		{288171D8-50E5-4DA2-9802-55D23D5A2307}.Release|Mixed Platforms.ActiveCfg = Release|x86
		{288171D8-50E5-4DA2-9802-55D23D5A2307}.Release|Mixed Platforms.Deploy.0 = Release|x86
		{288171D8-50E5-4DA2-9802-55D23D5A2307}.Release|x64.ActiveCfg = Release|x86
		{288171D8-50E5-4DA2-9802-55D23D5A2307}.Release|x86.ActiveCfg = Release|x86
		{288171D8-50E5-4DA2-9802-55D23D5A2307}.Release|x86.Build.0 = Release|x86
		{288171D8-50E5-4DA2-9802-55D23D5A2307}.Release|x86.Deploy.0 = Release|x86
		{70CB94DD-DA45-47AE-A370-940A094B9F10}.CodeAnalysis|Any CPU.ActiveCfg = Release|x86
		{70CB94DD-DA45-47AE-A370-940A094B9F10}.CodeAnalysis|ARM.ActiveCfg = Release|ARM
		{70CB94DD-DA45-47AE-A370-940A094B9F10}.CodeAnalysis|ARM.Build.0 = Release|ARM
		{70CB94DD-DA45-47AE-A370-940A094B9F10}.CodeAnalysis|ARM.Deploy.0 = Release|ARM
		{70CB94DD-DA45-47AE-A370-940A094B9F10}.CodeAnalysis|Mixed Platforms.ActiveCfg = Release|x86
		{70CB94DD-DA45-47AE-A370-940A094B9F10}.CodeAnalysis|Mixed Platforms.Deploy.0 = Release|x86
		{70CB94DD-DA45-47AE-A370-940A094B9F10}.CodeAnalysis|x64.ActiveCfg = Release|x86
		{70CB94DD-DA45-47AE-A370-940A094B9F10}.CodeAnalysis|x86.ActiveCfg = Release|x86
		{70CB94DD-DA45-47AE-A370-940A094B9F10}.CodeAnalysis|x86.Build.0 = Release|x86
		{70CB94DD-DA45-47AE-A370-940A094B9F10}.CodeAnalysis|x86.Deploy.0 = Release|x86
		{70CB94DD-DA45-47AE-A370-940A094B9F10}.Debug|Any CPU.ActiveCfg = Debug|x86
		{70CB94DD-DA45-47AE-A370-940A094B9F10}.Debug|ARM.ActiveCfg = Debug|ARM
		{70CB94DD-DA45-47AE-A370-940A094B9F10}.Debug|ARM.Build.0 = Debug|ARM
		{70CB94DD-DA45-47AE-A370-940A094B9F10}.Debug|ARM.Deploy.0 = Debug|ARM
		{70CB94DD-DA45-47AE-A370-940A094B9F10}.Debug|Mixed Platforms.ActiveCfg = Debug|x86
		{70CB94DD-DA45-47AE-A370-940A094B9F10}.Debug|Mixed Platforms.Build.0 = Debug|x86
		{70CB94DD-DA45-47AE-A370-940A094B9F10}.Debug|Mixed Platforms.Deploy.0 = Debug|x86
		{70CB94DD-DA45-47AE-A370-940A094B9F10}.Debug|x64.ActiveCfg = Debug|x86
		{70CB94DD-DA45-47AE-A370-940A094B9F10}.Debug|x86.ActiveCfg = Debug|x86
		{70CB94DD-DA45-47AE-A370-940A094B9F10}.Debug|x86.Build.0 = Debug|x86
		{70CB94DD-DA45-47AE-A370-940A094B9F10}.Debug|x86.Deploy.0 = Debug|x86
		{70CB94DD-DA45-47AE-A370-940A094B9F10}.PerformanceTest|Any CPU.ActiveCfg = Release|x86
		{70CB94DD-DA45-47AE-A370-940A094B9F10}.PerformanceTest|ARM.ActiveCfg = Release|ARM
		{70CB94DD-DA45-47AE-A370-940A094B9F10}.PerformanceTest|ARM.Build.0 = Release|ARM
		{70CB94DD-DA45-47AE-A370-940A094B9F10}.PerformanceTest|ARM.Deploy.0 = Release|ARM
		{70CB94DD-DA45-47AE-A370-940A094B9F10}.PerformanceTest|Mixed Platforms.ActiveCfg = Release|x86
		{70CB94DD-DA45-47AE-A370-940A094B9F10}.PerformanceTest|Mixed Platforms.Deploy.0 = Release|x86
		{70CB94DD-DA45-47AE-A370-940A094B9F10}.PerformanceTest|x64.ActiveCfg = Release|x86
		{70CB94DD-DA45-47AE-A370-940A094B9F10}.PerformanceTest|x86.ActiveCfg = Release|x86
		{70CB94DD-DA45-47AE-A370-940A094B9F10}.PerformanceTest|x86.Build.0 = Release|x86
		{70CB94DD-DA45-47AE-A370-940A094B9F10}.PerformanceTest|x86.Deploy.0 = Release|x86
		{70CB94DD-DA45-47AE-A370-940A094B9F10}.Release|Any CPU.ActiveCfg = Release|x86
		{70CB94DD-DA45-47AE-A370-940A094B9F10}.Release|ARM.ActiveCfg = Release|ARM
		{70CB94DD-DA45-47AE-A370-940A094B9F10}.Release|ARM.Build.0 = Release|ARM
		{70CB94DD-DA45-47AE-A370-940A094B9F10}.Release|ARM.Deploy.0 = Release|ARM
		{70CB94DD-DA45-47AE-A370-940A094B9F10}.Release|Mixed Platforms.ActiveCfg = Release|x86
		{70CB94DD-DA45-47AE-A370-940A094B9F10}.Release|Mixed Platforms.Deploy.0 = Release|x86
		{70CB94DD-DA45-47AE-A370-940A094B9F10}.Release|x64.ActiveCfg = Release|x86
		{70CB94DD-DA45-47AE-A370-940A094B9F10}.Release|x86.ActiveCfg = Release|x86
		{70CB94DD-DA45-47AE-A370-940A094B9F10}.Release|x86.Build.0 = Release|x86
		{70CB94DD-DA45-47AE-A370-940A094B9F10}.Release|x86.Deploy.0 = Release|x86
	EndGlobalSection
	GlobalSection(SolutionProperties) = preSolution
		HideSolutionNode = FALSE
	EndGlobalSection
	GlobalSection(NestedProjects) = preSolution
		{72B56E2A-4E66-424E-A5A1-B3C282FE1A57} = {1BD5D488-707E-4030-8AE8-80D93D04963F}
		{17266A11-2C3B-4DAA-B87E-CF84A502D0CD} = {1BD5D488-707E-4030-8AE8-80D93D04963F}
		{FC521316-EBCD-4EF1-8235-C976B2A31EB0} = {EACF1BF1-CB21-4D62-942C-3488F60B8D70}
		{EC65EFFC-1D7B-4805-BCCB-3E8FCA99F8E8} = {634F640E-5D18-4421-9ACB-B3D56B79A2E3}
		{F9477829-6A6D-4540-9F0D-68F8C6D8E18B} = {17266A11-2C3B-4DAA-B87E-CF84A502D0CD}
		{D6D0FB24-529F-4E22-9305-607F705B35B5} = {634F640E-5D18-4421-9ACB-B3D56B79A2E3}
		{E2817364-F217-465F-BE3B-A5F85E2F8667} = {72B56E2A-4E66-424E-A5A1-B3C282FE1A57}
		{336AC996-060D-4109-B99B-854CCEEEA695} = {17266A11-2C3B-4DAA-B87E-CF84A502D0CD}
		{288171D8-50E5-4DA2-9802-55D23D5A2307} = {9600C37E-439F-43D7-9D12-3AB0BEF7D906}
		{9600C37E-439F-43D7-9D12-3AB0BEF7D906} = {87A17015-9338-431E-B338-57BDA03984C1}
		{634F640E-5D18-4421-9ACB-B3D56B79A2E3} = {87A17015-9338-431E-B338-57BDA03984C1}
		{EACF1BF1-CB21-4D62-942C-3488F60B8D70} = {87A17015-9338-431E-B338-57BDA03984C1}
		{70CB94DD-DA45-47AE-A370-940A094B9F10} = {634F640E-5D18-4421-9ACB-B3D56B79A2E3}
	EndGlobalSection
EndGlobal
