
Microsoft Visual Studio Solution File, Format Version 11.00
# Visual Studio 2010
Project("{2150E333-8FDC-42A3-9474-1A3956D46DE8}") = "common", "common", "{60EC42E9-D79B-4ADF-8F80-4DCD580061FD}"
	ProjectSection(SolutionItems) = preProject
		src\CommonAssemblyInfo.cs = src\CommonAssemblyInfo.cs
		src\CommonAssemblyInfo.Pack.cs = src\CommonAssemblyInfo.Pack.cs
	EndProjectSection
EndProject
Project("{2150E333-8FDC-42A3-9474-1A3956D46DE8}") = "src", "src", "{1BD5D488-707E-4030-8AE8-80D93D04963F}"
EndProject
Project("{2150E333-8FDC-42A3-9474-1A3956D46DE8}") = "test", "test", "{87A17015-9338-431E-B338-57BDA03984C1}"
EndProject
Project("{FAE04EC0-301F-11D3-BF4B-00C04F79EFBC}") = "MsgPack", "src\MsgPack\MsgPack.csproj", "{5BCEC32E-990E-4DE5-945F-BD27326A7418}"
EndProject
Project("{FAE04EC0-301F-11D3-BF4B-00C04F79EFBC}") = "MsgPack.UnitTest", "test\MsgPack.UnitTest\MsgPack.UnitTest.csproj", "{3889C9BE-0473-4B41-80E8-C4C923E837E7}"
EndProject
Project("{FAE04EC0-301F-11D3-BF4B-00C04F79EFBC}") = "MsgPack.Silverlight.4", "src\MsgPack.Silverlight.4\MsgPack.Silverlight.4.csproj", "{8E1A7F0A-85E6-4BB7-AAF6-BBFD46775796}"
EndProject
Project("{2150E333-8FDC-42A3-9474-1A3956D46DE8}") = ".NET4", ".NET4", "{DDA4827C-7960-4CA6-AE41-8C1544DCFBE9}"
EndProject
Project("{2150E333-8FDC-42A3-9474-1A3956D46DE8}") = "SL4", "SL4", "{6EAE43C8-397B-4223-8C28-98BC63CBC076}"
EndProject
Project("{2150E333-8FDC-42A3-9474-1A3956D46DE8}") = "WP7.1", "WP7.1", "{8C48237E-FEB8-45D4-9DF9-B214481B09CD}"
EndProject
Project("{FAE04EC0-301F-11D3-BF4B-00C04F79EFBC}") = "MsgPack.Serialization.Silverlight.4", "src\MsgPack.Serialization.Silverlight.4\MsgPack.Serialization.Silverlight.4.csproj", "{B1CE3A0C-BC12-4394-8F67-622C5448BBCE}"
EndProject
Project("{FAE04EC0-301F-11D3-BF4B-00C04F79EFBC}") = "MsgPack.WindowsPhone.7.1", "src\MsgPack.WindowsPhone.7.1\MsgPack.WindowsPhone.7.1.csproj", "{FFD952F7-DAB0-41CF-9A5D-4038A747CA8A}"
EndProject
Project("{FAE04EC0-301F-11D3-BF4B-00C04F79EFBC}") = "MsgPack.Serialization.WindowsPhone.7.1", "src\MsgPack.Serialization.WindowsPhone.7.1\MsgPack.Serialization.WindowsPhone.7.1.csproj", "{4BA9703C-3F84-4F96-9B79-4934C0EFFC97}"
EndProject
Project("{2150E333-8FDC-42A3-9474-1A3956D46DE8}") = ".nuget", ".nuget", "{DB9CF5EC-73DA-4AEB-BC6B-AF4260009E8B}"
	ProjectSection(SolutionItems) = preProject
		.nuget\NuGet.exe = .nuget\NuGet.exe
		.nuget\NuGet.targets = .nuget\NuGet.targets
	EndProjectSection
EndProject
Project("{2150E333-8FDC-42A3-9474-1A3956D46DE8}") = "SL5", "SL5", "{EC1E789C-BB93-4270-90C2-46070ED771CD}"
EndProject
Project("{FAE04EC0-301F-11D3-BF4B-00C04F79EFBC}") = "MsgPack.Serialization.Silverlight.5", "src\MsgPack.Serialization.Silverlight.5\MsgPack.Serialization.Silverlight.5.csproj", "{ED528211-4985-4428-B381-8F474CFB8C6F}"
EndProject
Project("{FAE04EC0-301F-11D3-BF4B-00C04F79EFBC}") = "MsgPack.Silverlight.5", "src\MsgPack.Silverlight.5\MsgPack.Silverlight.5.csproj", "{F9477829-6A6D-4540-9F0D-68F8C6D8E18B}"
EndProject
Global
	GlobalSection(SolutionConfigurationPlatforms) = preSolution
		CodeAnalysis|Any CPU = CodeAnalysis|Any CPU
		CoreProfile|Any CPU = CoreProfile|Any CPU
		Debug|Any CPU = Debug|Any CPU
		Instrument|Any CPU = Instrument|Any CPU
		PerformanceTest|Any CPU = PerformanceTest|Any CPU
		Release|Any CPU = Release|Any CPU
	EndGlobalSection
	GlobalSection(ProjectConfigurationPlatforms) = postSolution
		{5BCEC32E-990E-4DE5-945F-BD27326A7418}.CodeAnalysis|Any CPU.ActiveCfg = CodeAnalysis|Any CPU
		{5BCEC32E-990E-4DE5-945F-BD27326A7418}.CodeAnalysis|Any CPU.Build.0 = CodeAnalysis|Any CPU
		{5BCEC32E-990E-4DE5-945F-BD27326A7418}.CoreProfile|Any CPU.ActiveCfg = CoreProfile|Any CPU
		{5BCEC32E-990E-4DE5-945F-BD27326A7418}.CoreProfile|Any CPU.Build.0 = CoreProfile|Any CPU
		{5BCEC32E-990E-4DE5-945F-BD27326A7418}.Debug|Any CPU.ActiveCfg = Debug|Any CPU
		{5BCEC32E-990E-4DE5-945F-BD27326A7418}.Debug|Any CPU.Build.0 = Debug|Any CPU
		{5BCEC32E-990E-4DE5-945F-BD27326A7418}.Instrument|Any CPU.ActiveCfg = Instrument|Any CPU
		{5BCEC32E-990E-4DE5-945F-BD27326A7418}.Instrument|Any CPU.Build.0 = Instrument|Any CPU
		{5BCEC32E-990E-4DE5-945F-BD27326A7418}.PerformanceTest|Any CPU.ActiveCfg = PerformanceTest|Any CPU
		{5BCEC32E-990E-4DE5-945F-BD27326A7418}.PerformanceTest|Any CPU.Build.0 = PerformanceTest|Any CPU
		{5BCEC32E-990E-4DE5-945F-BD27326A7418}.Release|Any CPU.ActiveCfg = Release|Any CPU
		{5BCEC32E-990E-4DE5-945F-BD27326A7418}.Release|Any CPU.Build.0 = Release|Any CPU
		{3889C9BE-0473-4B41-80E8-C4C923E837E7}.CodeAnalysis|Any CPU.ActiveCfg = CodeAnalysis|Any CPU
		{3889C9BE-0473-4B41-80E8-C4C923E837E7}.CoreProfile|Any CPU.ActiveCfg = CoreProfile|Any CPU
		{3889C9BE-0473-4B41-80E8-C4C923E837E7}.Debug|Any CPU.ActiveCfg = Debug|Any CPU
		{3889C9BE-0473-4B41-80E8-C4C923E837E7}.Debug|Any CPU.Build.0 = Debug|Any CPU
		{3889C9BE-0473-4B41-80E8-C4C923E837E7}.Instrument|Any CPU.ActiveCfg = Instrument|Any CPU
		{3889C9BE-0473-4B41-80E8-C4C923E837E7}.PerformanceTest|Any CPU.ActiveCfg = PerformanceTest|Any CPU
		{3889C9BE-0473-4B41-80E8-C4C923E837E7}.PerformanceTest|Any CPU.Build.0 = PerformanceTest|Any CPU
		{3889C9BE-0473-4B41-80E8-C4C923E837E7}.Release|Any CPU.ActiveCfg = Release|Any CPU
		{8E1A7F0A-85E6-4BB7-AAF6-BBFD46775796}.CodeAnalysis|Any CPU.ActiveCfg = CodeAnalysis|Any CPU
		{8E1A7F0A-85E6-4BB7-AAF6-BBFD46775796}.CodeAnalysis|Any CPU.Build.0 = CodeAnalysis|Any CPU
		{8E1A7F0A-85E6-4BB7-AAF6-BBFD46775796}.CoreProfile|Any CPU.ActiveCfg = CoreProfile|Any CPU
		{8E1A7F0A-85E6-4BB7-AAF6-BBFD46775796}.CoreProfile|Any CPU.Build.0 = CoreProfile|Any CPU
		{8E1A7F0A-85E6-4BB7-AAF6-BBFD46775796}.Debug|Any CPU.ActiveCfg = Debug|Any CPU
		{8E1A7F0A-85E6-4BB7-AAF6-BBFD46775796}.Debug|Any CPU.Build.0 = Debug|Any CPU
		{8E1A7F0A-85E6-4BB7-AAF6-BBFD46775796}.Instrument|Any CPU.ActiveCfg = Instrument|Any CPU
		{8E1A7F0A-85E6-4BB7-AAF6-BBFD46775796}.Instrument|Any CPU.Build.0 = Instrument|Any CPU
		{8E1A7F0A-85E6-4BB7-AAF6-BBFD46775796}.PerformanceTest|Any CPU.ActiveCfg = CoreProfile|Any CPU
		{8E1A7F0A-85E6-4BB7-AAF6-BBFD46775796}.PerformanceTest|Any CPU.Build.0 = CoreProfile|Any CPU
		{8E1A7F0A-85E6-4BB7-AAF6-BBFD46775796}.Release|Any CPU.ActiveCfg = Release|Any CPU
		{8E1A7F0A-85E6-4BB7-AAF6-BBFD46775796}.Release|Any CPU.Build.0 = Release|Any CPU
		{B1CE3A0C-BC12-4394-8F67-622C5448BBCE}.CodeAnalysis|Any CPU.ActiveCfg = Release|Any CPU
		{B1CE3A0C-BC12-4394-8F67-622C5448BBCE}.CodeAnalysis|Any CPU.Build.0 = Release|Any CPU
		{B1CE3A0C-BC12-4394-8F67-622C5448BBCE}.CoreProfile|Any CPU.ActiveCfg = Release|Any CPU
		{B1CE3A0C-BC12-4394-8F67-622C5448BBCE}.CoreProfile|Any CPU.Build.0 = Release|Any CPU
		{B1CE3A0C-BC12-4394-8F67-622C5448BBCE}.Debug|Any CPU.ActiveCfg = Debug|Any CPU
		{B1CE3A0C-BC12-4394-8F67-622C5448BBCE}.Debug|Any CPU.Build.0 = Debug|Any CPU
		{B1CE3A0C-BC12-4394-8F67-622C5448BBCE}.Instrument|Any CPU.ActiveCfg = Release|Any CPU
		{B1CE3A0C-BC12-4394-8F67-622C5448BBCE}.Instrument|Any CPU.Build.0 = Release|Any CPU
		{B1CE3A0C-BC12-4394-8F67-622C5448BBCE}.PerformanceTest|Any CPU.ActiveCfg = Release|Any CPU
		{B1CE3A0C-BC12-4394-8F67-622C5448BBCE}.PerformanceTest|Any CPU.Build.0 = Release|Any CPU
		{B1CE3A0C-BC12-4394-8F67-622C5448BBCE}.Release|Any CPU.ActiveCfg = Release|Any CPU
		{B1CE3A0C-BC12-4394-8F67-622C5448BBCE}.Release|Any CPU.Build.0 = Release|Any CPU
		{FFD952F7-DAB0-41CF-9A5D-4038A747CA8A}.CodeAnalysis|Any CPU.ActiveCfg = Release|Any CPU
		{FFD952F7-DAB0-41CF-9A5D-4038A747CA8A}.CodeAnalysis|Any CPU.Build.0 = Release|Any CPU
		{FFD952F7-DAB0-41CF-9A5D-4038A747CA8A}.CoreProfile|Any CPU.ActiveCfg = Release|Any CPU
		{FFD952F7-DAB0-41CF-9A5D-4038A747CA8A}.CoreProfile|Any CPU.Build.0 = Release|Any CPU
		{FFD952F7-DAB0-41CF-9A5D-4038A747CA8A}.Debug|Any CPU.ActiveCfg = Debug|Any CPU
		{FFD952F7-DAB0-41CF-9A5D-4038A747CA8A}.Debug|Any CPU.Build.0 = Debug|Any CPU
		{FFD952F7-DAB0-41CF-9A5D-4038A747CA8A}.Instrument|Any CPU.ActiveCfg = Release|Any CPU
		{FFD952F7-DAB0-41CF-9A5D-4038A747CA8A}.Instrument|Any CPU.Build.0 = Release|Any CPU
		{FFD952F7-DAB0-41CF-9A5D-4038A747CA8A}.PerformanceTest|Any CPU.ActiveCfg = Release|Any CPU
		{FFD952F7-DAB0-41CF-9A5D-4038A747CA8A}.PerformanceTest|Any CPU.Build.0 = Release|Any CPU
		{FFD952F7-DAB0-41CF-9A5D-4038A747CA8A}.Release|Any CPU.ActiveCfg = Release|Any CPU
		{FFD952F7-DAB0-41CF-9A5D-4038A747CA8A}.Release|Any CPU.Build.0 = Release|Any CPU
		{4BA9703C-3F84-4F96-9B79-4934C0EFFC97}.CodeAnalysis|Any CPU.ActiveCfg = Release|Any CPU
		{4BA9703C-3F84-4F96-9B79-4934C0EFFC97}.CodeAnalysis|Any CPU.Build.0 = Release|Any CPU
		{4BA9703C-3F84-4F96-9B79-4934C0EFFC97}.CoreProfile|Any CPU.ActiveCfg = Release|Any CPU
		{4BA9703C-3F84-4F96-9B79-4934C0EFFC97}.CoreProfile|Any CPU.Build.0 = Release|Any CPU
		{4BA9703C-3F84-4F96-9B79-4934C0EFFC97}.Debug|Any CPU.ActiveCfg = Debug|Any CPU
		{4BA9703C-3F84-4F96-9B79-4934C0EFFC97}.Debug|Any CPU.Build.0 = Debug|Any CPU
		{4BA9703C-3F84-4F96-9B79-4934C0EFFC97}.Instrument|Any CPU.ActiveCfg = Release|Any CPU
		{4BA9703C-3F84-4F96-9B79-4934C0EFFC97}.Instrument|Any CPU.Build.0 = Release|Any CPU
		{4BA9703C-3F84-4F96-9B79-4934C0EFFC97}.PerformanceTest|Any CPU.ActiveCfg = Release|Any CPU
		{4BA9703C-3F84-4F96-9B79-4934C0EFFC97}.PerformanceTest|Any CPU.Build.0 = Release|Any CPU
		{4BA9703C-3F84-4F96-9B79-4934C0EFFC97}.Release|Any CPU.ActiveCfg = Release|Any CPU
		{4BA9703C-3F84-4F96-9B79-4934C0EFFC97}.Release|Any CPU.Build.0 = Release|Any CPU
		{ED528211-4985-4428-B381-8F474CFB8C6F}.CodeAnalysis|Any CPU.ActiveCfg = Release|Any CPU
		{ED528211-4985-4428-B381-8F474CFB8C6F}.CodeAnalysis|Any CPU.Build.0 = Release|Any CPU
		{ED528211-4985-4428-B381-8F474CFB8C6F}.CoreProfile|Any CPU.ActiveCfg = Release|Any CPU
		{ED528211-4985-4428-B381-8F474CFB8C6F}.CoreProfile|Any CPU.Build.0 = Release|Any CPU
		{ED528211-4985-4428-B381-8F474CFB8C6F}.Debug|Any CPU.ActiveCfg = Debug|Any CPU
		{ED528211-4985-4428-B381-8F474CFB8C6F}.Debug|Any CPU.Build.0 = Debug|Any CPU
		{ED528211-4985-4428-B381-8F474CFB8C6F}.Instrument|Any CPU.ActiveCfg = Release|Any CPU
		{ED528211-4985-4428-B381-8F474CFB8C6F}.Instrument|Any CPU.Build.0 = Release|Any CPU
		{ED528211-4985-4428-B381-8F474CFB8C6F}.PerformanceTest|Any CPU.ActiveCfg = Release|Any CPU
		{ED528211-4985-4428-B381-8F474CFB8C6F}.PerformanceTest|Any CPU.Build.0 = Release|Any CPU
		{ED528211-4985-4428-B381-8F474CFB8C6F}.Release|Any CPU.ActiveCfg = Release|Any CPU
		{ED528211-4985-4428-B381-8F474CFB8C6F}.Release|Any CPU.Build.0 = Release|Any CPU
		{F9477829-6A6D-4540-9F0D-68F8C6D8E18B}.CodeAnalysis|Any CPU.ActiveCfg = Release|Any CPU
		{F9477829-6A6D-4540-9F0D-68F8C6D8E18B}.CodeAnalysis|Any CPU.Build.0 = Release|Any CPU
		{F9477829-6A6D-4540-9F0D-68F8C6D8E18B}.CoreProfile|Any CPU.ActiveCfg = Release|Any CPU
		{F9477829-6A6D-4540-9F0D-68F8C6D8E18B}.CoreProfile|Any CPU.Build.0 = Release|Any CPU
		{F9477829-6A6D-4540-9F0D-68F8C6D8E18B}.Debug|Any CPU.ActiveCfg = Debug|Any CPU
		{F9477829-6A6D-4540-9F0D-68F8C6D8E18B}.Debug|Any CPU.Build.0 = Debug|Any CPU
		{F9477829-6A6D-4540-9F0D-68F8C6D8E18B}.Instrument|Any CPU.ActiveCfg = Release|Any CPU
		{F9477829-6A6D-4540-9F0D-68F8C6D8E18B}.Instrument|Any CPU.Build.0 = Release|Any CPU
		{F9477829-6A6D-4540-9F0D-68F8C6D8E18B}.PerformanceTest|Any CPU.ActiveCfg = Release|Any CPU
		{F9477829-6A6D-4540-9F0D-68F8C6D8E18B}.PerformanceTest|Any CPU.Build.0 = Release|Any CPU
		{F9477829-6A6D-4540-9F0D-68F8C6D8E18B}.Release|Any CPU.ActiveCfg = Release|Any CPU
		{F9477829-6A6D-4540-9F0D-68F8C6D8E18B}.Release|Any CPU.Build.0 = Release|Any CPU
	EndGlobalSection
	GlobalSection(SolutionProperties) = preSolution
		HideSolutionNode = FALSE
	EndGlobalSection
	GlobalSection(NestedProjects) = preSolution
		{DDA4827C-7960-4CA6-AE41-8C1544DCFBE9} = {1BD5D488-707E-4030-8AE8-80D93D04963F}
		{6EAE43C8-397B-4223-8C28-98BC63CBC076} = {1BD5D488-707E-4030-8AE8-80D93D04963F}
		{8C48237E-FEB8-45D4-9DF9-B214481B09CD} = {1BD5D488-707E-4030-8AE8-80D93D04963F}
		{EC1E789C-BB93-4270-90C2-46070ED771CD} = {1BD5D488-707E-4030-8AE8-80D93D04963F}
		{3889C9BE-0473-4B41-80E8-C4C923E837E7} = {87A17015-9338-431E-B338-57BDA03984C1}
		{5BCEC32E-990E-4DE5-945F-BD27326A7418} = {DDA4827C-7960-4CA6-AE41-8C1544DCFBE9}
		{8E1A7F0A-85E6-4BB7-AAF6-BBFD46775796} = {6EAE43C8-397B-4223-8C28-98BC63CBC076}
		{B1CE3A0C-BC12-4394-8F67-622C5448BBCE} = {6EAE43C8-397B-4223-8C28-98BC63CBC076}
		{FFD952F7-DAB0-41CF-9A5D-4038A747CA8A} = {8C48237E-FEB8-45D4-9DF9-B214481B09CD}
		{4BA9703C-3F84-4F96-9B79-4934C0EFFC97} = {8C48237E-FEB8-45D4-9DF9-B214481B09CD}
		{ED528211-4985-4428-B381-8F474CFB8C6F} = {EC1E789C-BB93-4270-90C2-46070ED771CD}
		{F9477829-6A6D-4540-9F0D-68F8C6D8E18B} = {EC1E789C-BB93-4270-90C2-46070ED771CD}
	EndGlobalSection
EndGlobal
